
Microsoft Visual Studio Solution File, Format Version 12.00
# Visual Studio 14
VisualStudioVersion = 14.0.25123.0
MinimumVisualStudioVersion = 10.0.40219.1
Project("{FAE04EC0-301F-11D3-BF4B-00C04F79EFBC}") = "PostueRiteApp.Droid", "PostueRiteApp\PostueRiteApp.Droid\PostueRiteApp.Droid.csproj", "{B92397D2-DE8B-48C4-BA11-18EE130C5C63}"
EndProject
Project("{FAE04EC0-301F-11D3-BF4B-00C04F79EFBC}") = "PostueRiteApp.iOS", "PostueRiteApp\PostueRiteApp.iOS\PostueRiteApp.iOS.csproj", "{E8386600-6255-4586-97D3-A51EFFA690D9}"
EndProject
Project("{FAE04EC0-301F-11D3-BF4B-00C04F79EFBC}") = "PostueRiteApp.WinPhone", "PostueRiteApp\PostueRiteApp.WinPhone\PostueRiteApp.WinPhone.csproj", "{D811A254-D396-4F9B-838B-3CF7FAEDD33C}"
EndProject
Project("{FAE04EC0-301F-11D3-BF4B-00C04F79EFBC}") = "PostueRiteApp.Windows", "PostueRiteApp\PostueRiteApp.Windows\PostueRiteApp.Windows.csproj", "{5CE1D84F-38F8-4EFE-B6F5-FAC273370F77}"
EndProject
Project("{FAE04EC0-301F-11D3-BF4B-00C04F79EFBC}") = "PostueRiteApp", "PostueRiteApp\PostueRiteApp\PostueRiteApp.csproj", "{6861CE25-FCB1-42B2-A3E1-32BBCB145214}"
EndProject
Global
	GlobalSection(SolutionConfigurationPlatforms) = preSolution
		Ad-Hoc|Any CPU = Ad-Hoc|Any CPU
		Ad-Hoc|ARM = Ad-Hoc|ARM
		Ad-Hoc|iPhone = Ad-Hoc|iPhone
		Ad-Hoc|iPhoneSimulator = Ad-Hoc|iPhoneSimulator
		Ad-Hoc|x64 = Ad-Hoc|x64
		Ad-Hoc|x86 = Ad-Hoc|x86
		AppStore|Any CPU = AppStore|Any CPU
		AppStore|ARM = AppStore|ARM
		AppStore|iPhone = AppStore|iPhone
		AppStore|iPhoneSimulator = AppStore|iPhoneSimulator
		AppStore|x64 = AppStore|x64
		AppStore|x86 = AppStore|x86
		Debug|Any CPU = Debug|Any CPU
		Debug|ARM = Debug|ARM
		Debug|iPhone = Debug|iPhone
		Debug|iPhoneSimulator = Debug|iPhoneSimulator
		Debug|x64 = Debug|x64
		Debug|x86 = Debug|x86
		Release|Any CPU = Release|Any CPU
		Release|ARM = Release|ARM
		Release|iPhone = Release|iPhone
		Release|iPhoneSimulator = Release|iPhoneSimulator
		Release|x64 = Release|x64
		Release|x86 = Release|x86
	EndGlobalSection
	GlobalSection(ProjectConfigurationPlatforms) = postSolution
		{B92397D2-DE8B-48C4-BA11-18EE130C5C63}.Ad-Hoc|Any CPU.ActiveCfg = Release|Any CPU
		{B92397D2-DE8B-48C4-BA11-18EE130C5C63}.Ad-Hoc|Any CPU.Build.0 = Release|Any CPU
		{B92397D2-DE8B-48C4-BA11-18EE130C5C63}.Ad-Hoc|Any CPU.Deploy.0 = Release|Any CPU
		{B92397D2-DE8B-48C4-BA11-18EE130C5C63}.Ad-Hoc|ARM.ActiveCfg = Release|Any CPU
		{B92397D2-DE8B-48C4-BA11-18EE130C5C63}.Ad-Hoc|ARM.Build.0 = Release|Any CPU
		{B92397D2-DE8B-48C4-BA11-18EE130C5C63}.Ad-Hoc|ARM.Deploy.0 = Release|Any CPU
		{B92397D2-DE8B-48C4-BA11-18EE130C5C63}.Ad-Hoc|iPhone.ActiveCfg = Release|Any CPU
		{B92397D2-DE8B-48C4-BA11-18EE130C5C63}.Ad-Hoc|iPhone.Build.0 = Release|Any CPU
		{B92397D2-DE8B-48C4-BA11-18EE130C5C63}.Ad-Hoc|iPhone.Deploy.0 = Release|Any CPU
		{B92397D2-DE8B-48C4-BA11-18EE130C5C63}.Ad-Hoc|iPhoneSimulator.ActiveCfg = Release|Any CPU
		{B92397D2-DE8B-48C4-BA11-18EE130C5C63}.Ad-Hoc|iPhoneSimulator.Build.0 = Release|Any CPU
		{B92397D2-DE8B-48C4-BA11-18EE130C5C63}.Ad-Hoc|iPhoneSimulator.Deploy.0 = Release|Any CPU
		{B92397D2-DE8B-48C4-BA11-18EE130C5C63}.Ad-Hoc|x64.ActiveCfg = Release|Any CPU
		{B92397D2-DE8B-48C4-BA11-18EE130C5C63}.Ad-Hoc|x64.Build.0 = Release|Any CPU
		{B92397D2-DE8B-48C4-BA11-18EE130C5C63}.Ad-Hoc|x64.Deploy.0 = Release|Any CPU
		{B92397D2-DE8B-48C4-BA11-18EE130C5C63}.Ad-Hoc|x86.ActiveCfg = Release|Any CPU
		{B92397D2-DE8B-48C4-BA11-18EE130C5C63}.Ad-Hoc|x86.Build.0 = Release|Any CPU
		{B92397D2-DE8B-48C4-BA11-18EE130C5C63}.Ad-Hoc|x86.Deploy.0 = Release|Any CPU
		{B92397D2-DE8B-48C4-BA11-18EE130C5C63}.AppStore|Any CPU.ActiveCfg = Release|Any CPU
		{B92397D2-DE8B-48C4-BA11-18EE130C5C63}.AppStore|Any CPU.Build.0 = Release|Any CPU
		{B92397D2-DE8B-48C4-BA11-18EE130C5C63}.AppStore|Any CPU.Deploy.0 = Release|Any CPU
		{B92397D2-DE8B-48C4-BA11-18EE130C5C63}.AppStore|ARM.ActiveCfg = Release|Any CPU
		{B92397D2-DE8B-48C4-BA11-18EE130C5C63}.AppStore|ARM.Build.0 = Release|Any CPU
		{B92397D2-DE8B-48C4-BA11-18EE130C5C63}.AppStore|ARM.Deploy.0 = Release|Any CPU
		{B92397D2-DE8B-48C4-BA11-18EE130C5C63}.AppStore|iPhone.ActiveCfg = Release|Any CPU
		{B92397D2-DE8B-48C4-BA11-18EE130C5C63}.AppStore|iPhone.Build.0 = Release|Any CPU
		{B92397D2-DE8B-48C4-BA11-18EE130C5C63}.AppStore|iPhone.Deploy.0 = Release|Any CPU
		{B92397D2-DE8B-48C4-BA11-18EE130C5C63}.AppStore|iPhoneSimulator.ActiveCfg = Release|Any CPU
		{B92397D2-DE8B-48C4-BA11-18EE130C5C63}.AppStore|iPhoneSimulator.Build.0 = Release|Any CPU
		{B92397D2-DE8B-48C4-BA11-18EE130C5C63}.AppStore|iPhoneSimulator.Deploy.0 = Release|Any CPU
		{B92397D2-DE8B-48C4-BA11-18EE130C5C63}.AppStore|x64.ActiveCfg = Release|Any CPU
		{B92397D2-DE8B-48C4-BA11-18EE130C5C63}.AppStore|x64.Build.0 = Release|Any CPU
		{B92397D2-DE8B-48C4-BA11-18EE130C5C63}.AppStore|x64.Deploy.0 = Release|Any CPU
		{B92397D2-DE8B-48C4-BA11-18EE130C5C63}.AppStore|x86.ActiveCfg = Release|Any CPU
		{B92397D2-DE8B-48C4-BA11-18EE130C5C63}.AppStore|x86.Build.0 = Release|Any CPU
		{B92397D2-DE8B-48C4-BA11-18EE130C5C63}.AppStore|x86.Deploy.0 = Release|Any CPU
		{B92397D2-DE8B-48C4-BA11-18EE130C5C63}.Debug|Any CPU.ActiveCfg = Debug|Any CPU
		{B92397D2-DE8B-48C4-BA11-18EE130C5C63}.Debug|Any CPU.Build.0 = Debug|Any CPU
		{B92397D2-DE8B-48C4-BA11-18EE130C5C63}.Debug|Any CPU.Deploy.0 = Debug|Any CPU
		{B92397D2-DE8B-48C4-BA11-18EE130C5C63}.Debug|ARM.ActiveCfg = Debug|Any CPU
		{B92397D2-DE8B-48C4-BA11-18EE130C5C63}.Debug|ARM.Build.0 = Debug|Any CPU
		{B92397D2-DE8B-48C4-BA11-18EE130C5C63}.Debug|ARM.Deploy.0 = Debug|Any CPU
		{B92397D2-DE8B-48C4-BA11-18EE130C5C63}.Debug|iPhone.ActiveCfg = Debug|Any CPU
		{B92397D2-DE8B-48C4-BA11-18EE130C5C63}.Debug|iPhone.Build.0 = Debug|Any CPU
		{B92397D2-DE8B-48C4-BA11-18EE130C5C63}.Debug|iPhone.Deploy.0 = Debug|Any CPU
		{B92397D2-DE8B-48C4-BA11-18EE130C5C63}.Debug|iPhoneSimulator.ActiveCfg = Debug|Any CPU
		{B92397D2-DE8B-48C4-BA11-18EE130C5C63}.Debug|iPhoneSimulator.Build.0 = Debug|Any CPU
		{B92397D2-DE8B-48C4-BA11-18EE130C5C63}.Debug|iPhoneSimulator.Deploy.0 = Debug|Any CPU
		{B92397D2-DE8B-48C4-BA11-18EE130C5C63}.Debug|x64.ActiveCfg = Debug|Any CPU
		{B92397D2-DE8B-48C4-BA11-18EE130C5C63}.Debug|x64.Build.0 = Debug|Any CPU
		{B92397D2-DE8B-48C4-BA11-18EE130C5C63}.Debug|x64.Deploy.0 = Debug|Any CPU
		{B92397D2-DE8B-48C4-BA11-18EE130C5C63}.Debug|x86.ActiveCfg = Debug|Any CPU
		{B92397D2-DE8B-48C4-BA11-18EE130C5C63}.Debug|x86.Build.0 = Debug|Any CPU
		{B92397D2-DE8B-48C4-BA11-18EE130C5C63}.Debug|x86.Deploy.0 = Debug|Any CPU
		{B92397D2-DE8B-48C4-BA11-18EE130C5C63}.Release|Any CPU.ActiveCfg = Release|Any CPU
		{B92397D2-DE8B-48C4-BA11-18EE130C5C63}.Release|Any CPU.Build.0 = Release|Any CPU
		{B92397D2-DE8B-48C4-BA11-18EE130C5C63}.Release|Any CPU.Deploy.0 = Release|Any CPU
		{B92397D2-DE8B-48C4-BA11-18EE130C5C63}.Release|ARM.ActiveCfg = Release|Any CPU
		{B92397D2-DE8B-48C4-BA11-18EE130C5C63}.Release|ARM.Build.0 = Release|Any CPU
		{B92397D2-DE8B-48C4-BA11-18EE130C5C63}.Release|ARM.Deploy.0 = Release|Any CPU
		{B92397D2-DE8B-48C4-BA11-18EE130C5C63}.Release|iPhone.ActiveCfg = Release|Any CPU
		{B92397D2-DE8B-48C4-BA11-18EE130C5C63}.Release|iPhone.Build.0 = Release|Any CPU
		{B92397D2-DE8B-48C4-BA11-18EE130C5C63}.Release|iPhone.Deploy.0 = Release|Any CPU
		{B92397D2-DE8B-48C4-BA11-18EE130C5C63}.Release|iPhoneSimulator.ActiveCfg = Release|Any CPU
		{B92397D2-DE8B-48C4-BA11-18EE130C5C63}.Release|iPhoneSimulator.Build.0 = Release|Any CPU
		{B92397D2-DE8B-48C4-BA11-18EE130C5C63}.Release|iPhoneSimulator.Deploy.0 = Release|Any CPU
		{B92397D2-DE8B-48C4-BA11-18EE130C5C63}.Release|x64.ActiveCfg = Release|Any CPU
		{B92397D2-DE8B-48C4-BA11-18EE130C5C63}.Release|x64.Build.0 = Release|Any CPU
		{B92397D2-DE8B-48C4-BA11-18EE130C5C63}.Release|x64.Deploy.0 = Release|Any CPU
		{B92397D2-DE8B-48C4-BA11-18EE130C5C63}.Release|x86.ActiveCfg = Release|Any CPU
		{B92397D2-DE8B-48C4-BA11-18EE130C5C63}.Release|x86.Build.0 = Release|Any CPU
		{B92397D2-DE8B-48C4-BA11-18EE130C5C63}.Release|x86.Deploy.0 = Release|Any CPU
		{E8386600-6255-4586-97D3-A51EFFA690D9}.Ad-Hoc|Any CPU.ActiveCfg = Ad-Hoc|iPhone
		{E8386600-6255-4586-97D3-A51EFFA690D9}.Ad-Hoc|ARM.ActiveCfg = Ad-Hoc|iPhone
		{E8386600-6255-4586-97D3-A51EFFA690D9}.Ad-Hoc|iPhone.ActiveCfg = Ad-Hoc|iPhone
		{E8386600-6255-4586-97D3-A51EFFA690D9}.Ad-Hoc|iPhone.Build.0 = Ad-Hoc|iPhone
		{E8386600-6255-4586-97D3-A51EFFA690D9}.Ad-Hoc|iPhoneSimulator.ActiveCfg = Ad-Hoc|iPhoneSimulator
		{E8386600-6255-4586-97D3-A51EFFA690D9}.Ad-Hoc|iPhoneSimulator.Build.0 = Ad-Hoc|iPhoneSimulator
		{E8386600-6255-4586-97D3-A51EFFA690D9}.Ad-Hoc|x64.ActiveCfg = Ad-Hoc|iPhone
		{E8386600-6255-4586-97D3-A51EFFA690D9}.Ad-Hoc|x86.ActiveCfg = Ad-Hoc|iPhone
		{E8386600-6255-4586-97D3-A51EFFA690D9}.AppStore|Any CPU.ActiveCfg = AppStore|iPhone
		{E8386600-6255-4586-97D3-A51EFFA690D9}.AppStore|ARM.ActiveCfg = AppStore|iPhone
		{E8386600-6255-4586-97D3-A51EFFA690D9}.AppStore|iPhone.ActiveCfg = AppStore|iPhone
		{E8386600-6255-4586-97D3-A51EFFA690D9}.AppStore|iPhone.Build.0 = AppStore|iPhone
		{E8386600-6255-4586-97D3-A51EFFA690D9}.AppStore|iPhoneSimulator.ActiveCfg = AppStore|iPhoneSimulator
		{E8386600-6255-4586-97D3-A51EFFA690D9}.AppStore|iPhoneSimulator.Build.0 = AppStore|iPhoneSimulator
		{E8386600-6255-4586-97D3-A51EFFA690D9}.AppStore|x64.ActiveCfg = AppStore|iPhone
		{E8386600-6255-4586-97D3-A51EFFA690D9}.AppStore|x86.ActiveCfg = AppStore|iPhone
		{E8386600-6255-4586-97D3-A51EFFA690D9}.Debug|Any CPU.ActiveCfg = Debug|iPhone
		{E8386600-6255-4586-97D3-A51EFFA690D9}.Debug|ARM.ActiveCfg = Debug|iPhone
		{E8386600-6255-4586-97D3-A51EFFA690D9}.Debug|iPhone.ActiveCfg = Debug|iPhone
		{E8386600-6255-4586-97D3-A51EFFA690D9}.Debug|iPhone.Build.0 = Debug|iPhone
		{E8386600-6255-4586-97D3-A51EFFA690D9}.Debug|iPhoneSimulator.ActiveCfg = Debug|iPhoneSimulator
		{E8386600-6255-4586-97D3-A51EFFA690D9}.Debug|iPhoneSimulator.Build.0 = Debug|iPhoneSimulator
		{E8386600-6255-4586-97D3-A51EFFA690D9}.Debug|x64.ActiveCfg = Debug|iPhone
		{E8386600-6255-4586-97D3-A51EFFA690D9}.Debug|x86.ActiveCfg = Debug|iPhone
		{E8386600-6255-4586-97D3-A51EFFA690D9}.Release|Any CPU.ActiveCfg = Release|iPhone
		{E8386600-6255-4586-97D3-A51EFFA690D9}.Release|ARM.ActiveCfg = Release|iPhone
		{E8386600-6255-4586-97D3-A51EFFA690D9}.Release|iPhone.ActiveCfg = Release|iPhone
		{E8386600-6255-4586-97D3-A51EFFA690D9}.Release|iPhone.Build.0 = Release|iPhone
		{E8386600-6255-4586-97D3-A51EFFA690D9}.Release|iPhoneSimulator.ActiveCfg = Release|iPhoneSimulator
		{E8386600-6255-4586-97D3-A51EFFA690D9}.Release|iPhoneSimulator.Build.0 = Release|iPhoneSimulator
		{E8386600-6255-4586-97D3-A51EFFA690D9}.Release|x64.ActiveCfg = Release|iPhone
		{E8386600-6255-4586-97D3-A51EFFA690D9}.Release|x86.ActiveCfg = Release|iPhone
		{D811A254-D396-4F9B-838B-3CF7FAEDD33C}.Ad-Hoc|Any CPU.ActiveCfg = Release|Any CPU
		{D811A254-D396-4F9B-838B-3CF7FAEDD33C}.Ad-Hoc|Any CPU.Build.0 = Release|Any CPU
		{D811A254-D396-4F9B-838B-3CF7FAEDD33C}.Ad-Hoc|Any CPU.Deploy.0 = Release|Any CPU
		{D811A254-D396-4F9B-838B-3CF7FAEDD33C}.Ad-Hoc|ARM.ActiveCfg = Release|ARM
		{D811A254-D396-4F9B-838B-3CF7FAEDD33C}.Ad-Hoc|ARM.Build.0 = Release|ARM
		{D811A254-D396-4F9B-838B-3CF7FAEDD33C}.Ad-Hoc|ARM.Deploy.0 = Release|ARM
		{D811A254-D396-4F9B-838B-3CF7FAEDD33C}.Ad-Hoc|iPhone.ActiveCfg = Release|Any CPU
		{D811A254-D396-4F9B-838B-3CF7FAEDD33C}.Ad-Hoc|iPhone.Build.0 = Release|Any CPU
		{D811A254-D396-4F9B-838B-3CF7FAEDD33C}.Ad-Hoc|iPhone.Deploy.0 = Release|Any CPU
		{D811A254-D396-4F9B-838B-3CF7FAEDD33C}.Ad-Hoc|iPhoneSimulator.ActiveCfg = Release|Any CPU
		{D811A254-D396-4F9B-838B-3CF7FAEDD33C}.Ad-Hoc|iPhoneSimulator.Build.0 = Release|Any CPU
		{D811A254-D396-4F9B-838B-3CF7FAEDD33C}.Ad-Hoc|iPhoneSimulator.Deploy.0 = Release|Any CPU
		{D811A254-D396-4F9B-838B-3CF7FAEDD33C}.Ad-Hoc|x64.ActiveCfg = Release|Any CPU
		{D811A254-D396-4F9B-838B-3CF7FAEDD33C}.Ad-Hoc|x64.Build.0 = Release|Any CPU
		{D811A254-D396-4F9B-838B-3CF7FAEDD33C}.Ad-Hoc|x64.Deploy.0 = Release|Any CPU
		{D811A254-D396-4F9B-838B-3CF7FAEDD33C}.Ad-Hoc|x86.ActiveCfg = Release|x86
		{D811A254-D396-4F9B-838B-3CF7FAEDD33C}.Ad-Hoc|x86.Build.0 = Release|x86
		{D811A254-D396-4F9B-838B-3CF7FAEDD33C}.Ad-Hoc|x86.Deploy.0 = Release|x86
		{D811A254-D396-4F9B-838B-3CF7FAEDD33C}.AppStore|Any CPU.ActiveCfg = Release|Any CPU
		{D811A254-D396-4F9B-838B-3CF7FAEDD33C}.AppStore|Any CPU.Build.0 = Release|Any CPU
		{D811A254-D396-4F9B-838B-3CF7FAEDD33C}.AppStore|Any CPU.Deploy.0 = Release|Any CPU
		{D811A254-D396-4F9B-838B-3CF7FAEDD33C}.AppStore|ARM.ActiveCfg = Release|ARM
		{D811A254-D396-4F9B-838B-3CF7FAEDD33C}.AppStore|ARM.Build.0 = Release|ARM
		{D811A254-D396-4F9B-838B-3CF7FAEDD33C}.AppStore|ARM.Deploy.0 = Release|ARM
		{D811A254-D396-4F9B-838B-3CF7FAEDD33C}.AppStore|iPhone.ActiveCfg = Release|Any CPU
		{D811A254-D396-4F9B-838B-3CF7FAEDD33C}.AppStore|iPhone.Build.0 = Release|Any CPU
		{D811A254-D396-4F9B-838B-3CF7FAEDD33C}.AppStore|iPhone.Deploy.0 = Release|Any CPU
		{D811A254-D396-4F9B-838B-3CF7FAEDD33C}.AppStore|iPhoneSimulator.ActiveCfg = Release|Any CPU
		{D811A254-D396-4F9B-838B-3CF7FAEDD33C}.AppStore|iPhoneSimulator.Build.0 = Release|Any CPU
		{D811A254-D396-4F9B-838B-3CF7FAEDD33C}.AppStore|iPhoneSimulator.Deploy.0 = Release|Any CPU
		{D811A254-D396-4F9B-838B-3CF7FAEDD33C}.AppStore|x64.ActiveCfg = Release|Any CPU
		{D811A254-D396-4F9B-838B-3CF7FAEDD33C}.AppStore|x64.Build.0 = Release|Any CPU
		{D811A254-D396-4F9B-838B-3CF7FAEDD33C}.AppStore|x64.Deploy.0 = Release|Any CPU
		{D811A254-D396-4F9B-838B-3CF7FAEDD33C}.AppStore|x86.ActiveCfg = Release|x86
		{D811A254-D396-4F9B-838B-3CF7FAEDD33C}.AppStore|x86.Build.0 = Release|x86
		{D811A254-D396-4F9B-838B-3CF7FAEDD33C}.AppStore|x86.Deploy.0 = Release|x86
		{D811A254-D396-4F9B-838B-3CF7FAEDD33C}.Debug|Any CPU.ActiveCfg = Debug|Any CPU
		{D811A254-D396-4F9B-838B-3CF7FAEDD33C}.Debug|Any CPU.Build.0 = Debug|Any CPU
		{D811A254-D396-4F9B-838B-3CF7FAEDD33C}.Debug|Any CPU.Deploy.0 = Debug|Any CPU
		{D811A254-D396-4F9B-838B-3CF7FAEDD33C}.Debug|ARM.ActiveCfg = Debug|ARM
		{D811A254-D396-4F9B-838B-3CF7FAEDD33C}.Debug|ARM.Build.0 = Debug|ARM
		{D811A254-D396-4F9B-838B-3CF7FAEDD33C}.Debug|ARM.Deploy.0 = Debug|ARM
		{D811A254-D396-4F9B-838B-3CF7FAEDD33C}.Debug|iPhone.ActiveCfg = Debug|Any CPU
		{D811A254-D396-4F9B-838B-3CF7FAEDD33C}.Debug|iPhone.Build.0 = Debug|Any CPU
		{D811A254-D396-4F9B-838B-3CF7FAEDD33C}.Debug|iPhone.Deploy.0 = Debug|Any CPU
		{D811A254-D396-4F9B-838B-3CF7FAEDD33C}.Debug|iPhoneSimulator.ActiveCfg = Debug|Any CPU
		{D811A254-D396-4F9B-838B-3CF7FAEDD33C}.Debug|iPhoneSimulator.Build.0 = Debug|Any CPU
		{D811A254-D396-4F9B-838B-3CF7FAEDD33C}.Debug|iPhoneSimulator.Deploy.0 = Debug|Any CPU
		{D811A254-D396-4F9B-838B-3CF7FAEDD33C}.Debug|x64.ActiveCfg = Debug|Any CPU
		{D811A254-D396-4F9B-838B-3CF7FAEDD33C}.Debug|x64.Build.0 = Debug|Any CPU
		{D811A254-D396-4F9B-838B-3CF7FAEDD33C}.Debug|x64.Deploy.0 = Debug|Any CPU
		{D811A254-D396-4F9B-838B-3CF7FAEDD33C}.Debug|x86.ActiveCfg = Debug|x86
		{D811A254-D396-4F9B-838B-3CF7FAEDD33C}.Debug|x86.Build.0 = Debug|x86
		{D811A254-D396-4F9B-838B-3CF7FAEDD33C}.Debug|x86.Deploy.0 = Debug|x86
		{D811A254-D396-4F9B-838B-3CF7FAEDD33C}.Release|Any CPU.ActiveCfg = Release|Any CPU
		{D811A254-D396-4F9B-838B-3CF7FAEDD33C}.Release|Any CPU.Build.0 = Release|Any CPU
		{D811A254-D396-4F9B-838B-3CF7FAEDD33C}.Release|Any CPU.Deploy.0 = Release|Any CPU
		{D811A254-D396-4F9B-838B-3CF7FAEDD33C}.Release|ARM.ActiveCfg = Release|ARM
		{D811A254-D396-4F9B-838B-3CF7FAEDD33C}.Release|ARM.Build.0 = Release|ARM
		{D811A254-D396-4F9B-838B-3CF7FAEDD33C}.Release|ARM.Deploy.0 = Release|ARM
		{D811A254-D396-4F9B-838B-3CF7FAEDD33C}.Release|iPhone.ActiveCfg = Release|Any CPU
		{D811A254-D396-4F9B-838B-3CF7FAEDD33C}.Release|iPhone.Build.0 = Release|Any CPU
		{D811A254-D396-4F9B-838B-3CF7FAEDD33C}.Release|iPhone.Deploy.0 = Release|Any CPU
		{D811A254-D396-4F9B-838B-3CF7FAEDD33C}.Release|iPhoneSimulator.ActiveCfg = Release|Any CPU
		{D811A254-D396-4F9B-838B-3CF7FAEDD33C}.Release|iPhoneSimulator.Build.0 = Release|Any CPU
		{D811A254-D396-4F9B-838B-3CF7FAEDD33C}.Release|iPhoneSimulator.Deploy.0 = Release|Any CPU
		{D811A254-D396-4F9B-838B-3CF7FAEDD33C}.Release|x64.ActiveCfg = Release|Any CPU
		{D811A254-D396-4F9B-838B-3CF7FAEDD33C}.Release|x64.Build.0 = Release|Any CPU
		{D811A254-D396-4F9B-838B-3CF7FAEDD33C}.Release|x64.Deploy.0 = Release|Any CPU
		{D811A254-D396-4F9B-838B-3CF7FAEDD33C}.Release|x86.ActiveCfg = Release|x86
		{D811A254-D396-4F9B-838B-3CF7FAEDD33C}.Release|x86.Build.0 = Release|x86
		{D811A254-D396-4F9B-838B-3CF7FAEDD33C}.Release|x86.Deploy.0 = Release|x86
		{5CE1D84F-38F8-4EFE-B6F5-FAC273370F77}.Ad-Hoc|Any CPU.ActiveCfg = Release|Any CPU
		{5CE1D84F-38F8-4EFE-B6F5-FAC273370F77}.Ad-Hoc|Any CPU.Build.0 = Release|Any CPU
		{5CE1D84F-38F8-4EFE-B6F5-FAC273370F77}.Ad-Hoc|Any CPU.Deploy.0 = Release|Any CPU
		{5CE1D84F-38F8-4EFE-B6F5-FAC273370F77}.Ad-Hoc|ARM.ActiveCfg = Release|ARM
		{5CE1D84F-38F8-4EFE-B6F5-FAC273370F77}.Ad-Hoc|ARM.Build.0 = Release|ARM
		{5CE1D84F-38F8-4EFE-B6F5-FAC273370F77}.Ad-Hoc|ARM.Deploy.0 = Release|ARM
		{5CE1D84F-38F8-4EFE-B6F5-FAC273370F77}.Ad-Hoc|iPhone.ActiveCfg = Release|Any CPU
		{5CE1D84F-38F8-4EFE-B6F5-FAC273370F77}.Ad-Hoc|iPhone.Build.0 = Release|Any CPU
		{5CE1D84F-38F8-4EFE-B6F5-FAC273370F77}.Ad-Hoc|iPhone.Deploy.0 = Release|Any CPU
		{5CE1D84F-38F8-4EFE-B6F5-FAC273370F77}.Ad-Hoc|iPhoneSimulator.ActiveCfg = Release|Any CPU
		{5CE1D84F-38F8-4EFE-B6F5-FAC273370F77}.Ad-Hoc|iPhoneSimulator.Build.0 = Release|Any CPU
		{5CE1D84F-38F8-4EFE-B6F5-FAC273370F77}.Ad-Hoc|iPhoneSimulator.Deploy.0 = Release|Any CPU
		{5CE1D84F-38F8-4EFE-B6F5-FAC273370F77}.Ad-Hoc|x64.ActiveCfg = Release|x64
		{5CE1D84F-38F8-4EFE-B6F5-FAC273370F77}.Ad-Hoc|x64.Build.0 = Release|x64
		{5CE1D84F-38F8-4EFE-B6F5-FAC273370F77}.Ad-Hoc|x64.Deploy.0 = Release|x64
		{5CE1D84F-38F8-4EFE-B6F5-FAC273370F77}.Ad-Hoc|x86.ActiveCfg = Release|x86
		{5CE1D84F-38F8-4EFE-B6F5-FAC273370F77}.Ad-Hoc|x86.Build.0 = Release|x86
		{5CE1D84F-38F8-4EFE-B6F5-FAC273370F77}.Ad-Hoc|x86.Deploy.0 = Release|x86
		{5CE1D84F-38F8-4EFE-B6F5-FAC273370F77}.AppStore|Any CPU.ActiveCfg = Release|Any CPU
		{5CE1D84F-38F8-4EFE-B6F5-FAC273370F77}.AppStore|Any CPU.Build.0 = Release|Any CPU
		{5CE1D84F-38F8-4EFE-B6F5-FAC273370F77}.AppStore|Any CPU.Deploy.0 = Release|Any CPU
		{5CE1D84F-38F8-4EFE-B6F5-FAC273370F77}.AppStore|ARM.ActiveCfg = Release|ARM
		{5CE1D84F-38F8-4EFE-B6F5-FAC273370F77}.AppStore|ARM.Build.0 = Release|ARM
		{5CE1D84F-38F8-4EFE-B6F5-FAC273370F77}.AppStore|ARM.Deploy.0 = Release|ARM
		{5CE1D84F-38F8-4EFE-B6F5-FAC273370F77}.AppStore|iPhone.ActiveCfg = Release|Any CPU
		{5CE1D84F-38F8-4EFE-B6F5-FAC273370F77}.AppStore|iPhone.Build.0 = Release|Any CPU
		{5CE1D84F-38F8-4EFE-B6F5-FAC273370F77}.AppStore|iPhone.Deploy.0 = Release|Any CPU
		{5CE1D84F-38F8-4EFE-B6F5-FAC273370F77}.AppStore|iPhoneSimulator.ActiveCfg = Release|Any CPU
		{5CE1D84F-38F8-4EFE-B6F5-FAC273370F77}.AppStore|iPhoneSimulator.Build.0 = Release|Any CPU
		{5CE1D84F-38F8-4EFE-B6F5-FAC273370F77}.AppStore|iPhoneSimulator.Deploy.0 = Release|Any CPU
		{5CE1D84F-38F8-4EFE-B6F5-FAC273370F77}.AppStore|x64.ActiveCfg = Release|x64
		{5CE1D84F-38F8-4EFE-B6F5-FAC273370F77}.AppStore|x64.Build.0 = Release|x64
		{5CE1D84F-38F8-4EFE-B6F5-FAC273370F77}.AppStore|x64.Deploy.0 = Release|x64
		{5CE1D84F-38F8-4EFE-B6F5-FAC273370F77}.AppStore|x86.ActiveCfg = Release|x86
		{5CE1D84F-38F8-4EFE-B6F5-FAC273370F77}.AppStore|x86.Build.0 = Release|x86
		{5CE1D84F-38F8-4EFE-B6F5-FAC273370F77}.AppStore|x86.Deploy.0 = Release|x86
		{5CE1D84F-38F8-4EFE-B6F5-FAC273370F77}.Debug|Any CPU.ActiveCfg = Debug|Any CPU
		{5CE1D84F-38F8-4EFE-B6F5-FAC273370F77}.Debug|Any CPU.Build.0 = Debug|Any CPU
		{5CE1D84F-38F8-4EFE-B6F5-FAC273370F77}.Debug|Any CPU.Deploy.0 = Debug|Any CPU
		{5CE1D84F-38F8-4EFE-B6F5-FAC273370F77}.Debug|ARM.ActiveCfg = Debug|ARM
		{5CE1D84F-38F8-4EFE-B6F5-FAC273370F77}.Debug|ARM.Build.0 = Debug|ARM
		{5CE1D84F-38F8-4EFE-B6F5-FAC273370F77}.Debug|ARM.Deploy.0 = Debug|ARM
		{5CE1D84F-38F8-4EFE-B6F5-FAC273370F77}.Debug|iPhone.ActiveCfg = Debug|Any CPU
		{5CE1D84F-38F8-4EFE-B6F5-FAC273370F77}.Debug|iPhone.Build.0 = Debug|Any CPU
		{5CE1D84F-38F8-4EFE-B6F5-FAC273370F77}.Debug|iPhone.Deploy.0 = Debug|Any CPU
		{5CE1D84F-38F8-4EFE-B6F5-FAC273370F77}.Debug|iPhoneSimulator.ActiveCfg = Debug|Any CPU
		{5CE1D84F-38F8-4EFE-B6F5-FAC273370F77}.Debug|iPhoneSimulator.Build.0 = Debug|Any CPU
		{5CE1D84F-38F8-4EFE-B6F5-FAC273370F77}.Debug|iPhoneSimulator.Deploy.0 = Debug|Any CPU
		{5CE1D84F-38F8-4EFE-B6F5-FAC273370F77}.Debug|x64.ActiveCfg = Debug|x64
		{5CE1D84F-38F8-4EFE-B6F5-FAC273370F77}.Debug|x64.Build.0 = Debug|x64
		{5CE1D84F-38F8-4EFE-B6F5-FAC273370F77}.Debug|x64.Deploy.0 = Debug|x64
		{5CE1D84F-38F8-4EFE-B6F5-FAC273370F77}.Debug|x86.ActiveCfg = Debug|x86
		{5CE1D84F-38F8-4EFE-B6F5-FAC273370F77}.Debug|x86.Build.0 = Debug|x86
		{5CE1D84F-38F8-4EFE-B6F5-FAC273370F77}.Debug|x86.Deploy.0 = Debug|x86
		{5CE1D84F-38F8-4EFE-B6F5-FAC273370F77}.Release|Any CPU.ActiveCfg = Release|Any CPU
		{5CE1D84F-38F8-4EFE-B6F5-FAC273370F77}.Release|Any CPU.Build.0 = Release|Any CPU
		{5CE1D84F-38F8-4EFE-B6F5-FAC273370F77}.Release|Any CPU.Deploy.0 = Release|Any CPU
		{5CE1D84F-38F8-4EFE-B6F5-FAC273370F77}.Release|ARM.ActiveCfg = Release|ARM
		{5CE1D84F-38F8-4EFE-B6F5-FAC273370F77}.Release|ARM.Build.0 = Release|ARM
		{5CE1D84F-38F8-4EFE-B6F5-FAC273370F77}.Release|ARM.Deploy.0 = Release|ARM
		{5CE1D84F-38F8-4EFE-B6F5-FAC273370F77}.Release|iPhone.ActiveCfg = Release|Any CPU
		{5CE1D84F-38F8-4EFE-B6F5-FAC273370F77}.Release|iPhone.Build.0 = Release|Any CPU
		{5CE1D84F-38F8-4EFE-B6F5-FAC273370F77}.Release|iPhone.Deploy.0 = Release|Any CPU
		{5CE1D84F-38F8-4EFE-B6F5-FAC273370F77}.Release|iPhoneSimulator.ActiveCfg = Release|Any CPU
		{5CE1D84F-38F8-4EFE-B6F5-FAC273370F77}.Release|iPhoneSimulator.Build.0 = Release|Any CPU
		{5CE1D84F-38F8-4EFE-B6F5-FAC273370F77}.Release|iPhoneSimulator.Deploy.0 = Release|Any CPU
		{5CE1D84F-38F8-4EFE-B6F5-FAC273370F77}.Release|x64.ActiveCfg = Release|x64
		{5CE1D84F-38F8-4EFE-B6F5-FAC273370F77}.Release|x64.Build.0 = Release|x64
		{5CE1D84F-38F8-4EFE-B6F5-FAC273370F77}.Release|x64.Deploy.0 = Release|x64
		{5CE1D84F-38F8-4EFE-B6F5-FAC273370F77}.Release|x86.ActiveCfg = Release|x86
		{5CE1D84F-38F8-4EFE-B6F5-FAC273370F77}.Release|x86.Build.0 = Release|x86
		{5CE1D84F-38F8-4EFE-B6F5-FAC273370F77}.Release|x86.Deploy.0 = Release|x86
		{6861CE25-FCB1-42B2-A3E1-32BBCB145214}.Ad-Hoc|Any CPU.ActiveCfg = Release|Any CPU
		{6861CE25-FCB1-42B2-A3E1-32BBCB145214}.Ad-Hoc|Any CPU.Build.0 = Release|Any CPU
		{6861CE25-FCB1-42B2-A3E1-32BBCB145214}.Ad-Hoc|ARM.ActiveCfg = Release|Any CPU
		{6861CE25-FCB1-42B2-A3E1-32BBCB145214}.Ad-Hoc|ARM.Build.0 = Release|Any CPU
		{6861CE25-FCB1-42B2-A3E1-32BBCB145214}.Ad-Hoc|iPhone.ActiveCfg = Release|Any CPU
		{6861CE25-FCB1-42B2-A3E1-32BBCB145214}.Ad-Hoc|iPhone.Build.0 = Release|Any CPU
		{6861CE25-FCB1-42B2-A3E1-32BBCB145214}.Ad-Hoc|iPhoneSimulator.ActiveCfg = Release|Any CPU
		{6861CE25-FCB1-42B2-A3E1-32BBCB145214}.Ad-Hoc|iPhoneSimulator.Build.0 = Release|Any CPU
		{6861CE25-FCB1-42B2-A3E1-32BBCB145214}.Ad-Hoc|x64.ActiveCfg = Release|Any CPU
		{6861CE25-FCB1-42B2-A3E1-32BBCB145214}.Ad-Hoc|x64.Build.0 = Release|Any CPU
		{6861CE25-FCB1-42B2-A3E1-32BBCB145214}.Ad-Hoc|x86.ActiveCfg = Release|Any CPU
		{6861CE25-FCB1-42B2-A3E1-32BBCB145214}.Ad-Hoc|x86.Build.0 = Release|Any CPU
		{6861CE25-FCB1-42B2-A3E1-32BBCB145214}.AppStore|Any CPU.ActiveCfg = Release|Any CPU
		{6861CE25-FCB1-42B2-A3E1-32BBCB145214}.AppStore|Any CPU.Build.0 = Release|Any CPU
		{6861CE25-FCB1-42B2-A3E1-32BBCB145214}.AppStore|ARM.ActiveCfg = Release|Any CPU
		{6861CE25-FCB1-42B2-A3E1-32BBCB145214}.AppStore|ARM.Build.0 = Release|Any CPU
		{6861CE25-FCB1-42B2-A3E1-32BBCB145214}.AppStore|iPhone.ActiveCfg = Release|Any CPU
		{6861CE25-FCB1-42B2-A3E1-32BBCB145214}.AppStore|iPhone.Build.0 = Release|Any CPU
		{6861CE25-FCB1-42B2-A3E1-32BBCB145214}.AppStore|iPhoneSimulator.ActiveCfg = Release|Any CPU
		{6861CE25-FCB1-42B2-A3E1-32BBCB145214}.AppStore|iPhoneSimulator.Build.0 = Release|Any CPU
		{6861CE25-FCB1-42B2-A3E1-32BBCB145214}.AppStore|x64.ActiveCfg = Release|Any CPU
		{6861CE25-FCB1-42B2-A3E1-32BBCB145214}.AppStore|x64.Build.0 = Release|Any CPU
		{6861CE25-FCB1-42B2-A3E1-32BBCB145214}.AppStore|x86.ActiveCfg = Release|Any CPU
		{6861CE25-FCB1-42B2-A3E1-32BBCB145214}.AppStore|x86.Build.0 = Release|Any CPU
		{6861CE25-FCB1-42B2-A3E1-32BBCB145214}.Debug|Any CPU.ActiveCfg = Debug|Any CPU
		{6861CE25-FCB1-42B2-A3E1-32BBCB145214}.Debug|Any CPU.Build.0 = Debug|Any CPU
		{6861CE25-FCB1-42B2-A3E1-32BBCB145214}.Debug|ARM.ActiveCfg = Debug|Any CPU
		{6861CE25-FCB1-42B2-A3E1-32BBCB145214}.Debug|ARM.Build.0 = Debug|Any CPU
		{6861CE25-FCB1-42B2-A3E1-32BBCB145214}.Debug|iPhone.ActiveCfg = Debug|Any CPU
		{6861CE25-FCB1-42B2-A3E1-32BBCB145214}.Debug|iPhone.Build.0 = Debug|Any CPU
		{6861CE25-FCB1-42B2-A3E1-32BBCB145214}.Debug|iPhoneSimulator.ActiveCfg = Debug|Any CPU
		{6861CE25-FCB1-42B2-A3E1-32BBCB145214}.Debug|iPhoneSimulator.Build.0 = Debug|Any CPU
		{6861CE25-FCB1-42B2-A3E1-32BBCB145214}.Debug|x64.ActiveCfg = Debug|Any CPU
		{6861CE25-FCB1-42B2-A3E1-32BBCB145214}.Debug|x64.Build.0 = Debug|Any CPU
		{6861CE25-FCB1-42B2-A3E1-32BBCB145214}.Debug|x86.ActiveCfg = Debug|Any CPU
		{6861CE25-FCB1-42B2-A3E1-32BBCB145214}.Debug|x86.Build.0 = Debug|Any CPU
		{6861CE25-FCB1-42B2-A3E1-32BBCB145214}.Release|Any CPU.ActiveCfg = Release|Any CPU
		{6861CE25-FCB1-42B2-A3E1-32BBCB145214}.Release|Any CPU.Build.0 = Release|Any CPU
		{6861CE25-FCB1-42B2-A3E1-32BBCB145214}.Release|ARM.ActiveCfg = Release|Any CPU
		{6861CE25-FCB1-42B2-A3E1-32BBCB145214}.Release|ARM.Build.0 = Release|Any CPU
		{6861CE25-FCB1-42B2-A3E1-32BBCB145214}.Release|iPhone.ActiveCfg = Release|Any CPU
		{6861CE25-FCB1-42B2-A3E1-32BBCB145214}.Release|iPhone.Build.0 = Release|Any CPU
		{6861CE25-FCB1-42B2-A3E1-32BBCB145214}.Release|iPhoneSimulator.ActiveCfg = Release|Any CPU
		{6861CE25-FCB1-42B2-A3E1-32BBCB145214}.Release|iPhoneSimulator.Build.0 = Release|Any CPU
		{6861CE25-FCB1-42B2-A3E1-32BBCB145214}.Release|x64.ActiveCfg = Release|Any CPU
		{6861CE25-FCB1-42B2-A3E1-32BBCB145214}.Release|x64.Build.0 = Release|Any CPU
		{6861CE25-FCB1-42B2-A3E1-32BBCB145214}.Release|x86.ActiveCfg = Release|Any CPU
		{6861CE25-FCB1-42B2-A3E1-32BBCB145214}.Release|x86.Build.0 = Release|Any CPU
	EndGlobalSection
	GlobalSection(SolutionProperties) = preSolution
		HideSolutionNode = FALSE
	EndGlobalSection
EndGlobal
