
Microsoft Visual Studio Solution File, Format Version 12.00
# Visual Studio 14
VisualStudioVersion = 14.0.25123.0
MinimumVisualStudioVersion = 10.0.40219.1
Project("{FAE04EC0-301F-11D3-BF4B-00C04F79EFBC}") = "App1.Droid", "App1\App1.Droid\App1.Droid.csproj", "{AB9352AB-3AD6-40CC-8182-555A23ADFD05}"
EndProject
Project("{FAE04EC0-301F-11D3-BF4B-00C04F79EFBC}") = "App1.iOS", "App1\App1.iOS\App1.iOS.csproj", "{517EF934-1D03-4D48-88CB-840F1322DDE2}"
EndProject
Project("{FAE04EC0-301F-11D3-BF4B-00C04F79EFBC}") = "App1.WinPhone", "App1\App1.WinPhone\App1.WinPhone.csproj", "{089F0E0A-2B7E-400D-B494-83B2820935FF}"
EndProject
Project("{FAE04EC0-301F-11D3-BF4B-00C04F79EFBC}") = "App1.UWP", "App1\App1.UWP\App1.UWP.csproj", "{2363BAA4-C0E6-4208-8F45-B2A8F4AA3640}"
EndProject
Project("{FAE04EC0-301F-11D3-BF4B-00C04F79EFBC}") = "App1.Windows", "App1\App1.Windows\App1.Windows.csproj", "{79E9D094-FB23-4CB2-A678-4FDD8C1148A7}"
EndProject
Project("{FAE04EC0-301F-11D3-BF4B-00C04F79EFBC}") = "App1", "App1\App1\App1.csproj", "{A6621A18-708E-4D40-BE8C-8503282D8904}"
EndProject
Global
	GlobalSection(SolutionConfigurationPlatforms) = preSolution
		Ad-Hoc|Any CPU = Ad-Hoc|Any CPU
		Ad-Hoc|ARM = Ad-Hoc|ARM
		Ad-Hoc|iPhone = Ad-Hoc|iPhone
		Ad-Hoc|iPhoneSimulator = Ad-Hoc|iPhoneSimulator
		Ad-Hoc|x64 = Ad-Hoc|x64
		Ad-Hoc|x86 = Ad-Hoc|x86
		AppStore|Any CPU = AppStore|Any CPU
		AppStore|ARM = AppStore|ARM
		AppStore|iPhone = AppStore|iPhone
		AppStore|iPhoneSimulator = AppStore|iPhoneSimulator
		AppStore|x64 = AppStore|x64
		AppStore|x86 = AppStore|x86
		Debug|Any CPU = Debug|Any CPU
		Debug|ARM = Debug|ARM
		Debug|iPhone = Debug|iPhone
		Debug|iPhoneSimulator = Debug|iPhoneSimulator
		Debug|x64 = Debug|x64
		Debug|x86 = Debug|x86
		Release|Any CPU = Release|Any CPU
		Release|ARM = Release|ARM
		Release|iPhone = Release|iPhone
		Release|iPhoneSimulator = Release|iPhoneSimulator
		Release|x64 = Release|x64
		Release|x86 = Release|x86
	EndGlobalSection
	GlobalSection(ProjectConfigurationPlatforms) = postSolution
		{AB9352AB-3AD6-40CC-8182-555A23ADFD05}.Ad-Hoc|Any CPU.ActiveCfg = Release|Any CPU
		{AB9352AB-3AD6-40CC-8182-555A23ADFD05}.Ad-Hoc|Any CPU.Build.0 = Release|Any CPU
		{AB9352AB-3AD6-40CC-8182-555A23ADFD05}.Ad-Hoc|Any CPU.Deploy.0 = Release|Any CPU
		{AB9352AB-3AD6-40CC-8182-555A23ADFD05}.Ad-Hoc|ARM.ActiveCfg = Release|Any CPU
		{AB9352AB-3AD6-40CC-8182-555A23ADFD05}.Ad-Hoc|ARM.Build.0 = Release|Any CPU
		{AB9352AB-3AD6-40CC-8182-555A23ADFD05}.Ad-Hoc|ARM.Deploy.0 = Release|Any CPU
		{AB9352AB-3AD6-40CC-8182-555A23ADFD05}.Ad-Hoc|iPhone.ActiveCfg = Release|Any CPU
		{AB9352AB-3AD6-40CC-8182-555A23ADFD05}.Ad-Hoc|iPhone.Build.0 = Release|Any CPU
		{AB9352AB-3AD6-40CC-8182-555A23ADFD05}.Ad-Hoc|iPhone.Deploy.0 = Release|Any CPU
		{AB9352AB-3AD6-40CC-8182-555A23ADFD05}.Ad-Hoc|iPhoneSimulator.ActiveCfg = Release|Any CPU
		{AB9352AB-3AD6-40CC-8182-555A23ADFD05}.Ad-Hoc|iPhoneSimulator.Build.0 = Release|Any CPU
		{AB9352AB-3AD6-40CC-8182-555A23ADFD05}.Ad-Hoc|iPhoneSimulator.Deploy.0 = Release|Any CPU
		{AB9352AB-3AD6-40CC-8182-555A23ADFD05}.Ad-Hoc|x64.ActiveCfg = Release|Any CPU
		{AB9352AB-3AD6-40CC-8182-555A23ADFD05}.Ad-Hoc|x64.Build.0 = Release|Any CPU
		{AB9352AB-3AD6-40CC-8182-555A23ADFD05}.Ad-Hoc|x64.Deploy.0 = Release|Any CPU
		{AB9352AB-3AD6-40CC-8182-555A23ADFD05}.Ad-Hoc|x86.ActiveCfg = Release|Any CPU
		{AB9352AB-3AD6-40CC-8182-555A23ADFD05}.Ad-Hoc|x86.Build.0 = Release|Any CPU
		{AB9352AB-3AD6-40CC-8182-555A23ADFD05}.Ad-Hoc|x86.Deploy.0 = Release|Any CPU
		{AB9352AB-3AD6-40CC-8182-555A23ADFD05}.AppStore|Any CPU.ActiveCfg = Release|Any CPU
		{AB9352AB-3AD6-40CC-8182-555A23ADFD05}.AppStore|Any CPU.Build.0 = Release|Any CPU
		{AB9352AB-3AD6-40CC-8182-555A23ADFD05}.AppStore|Any CPU.Deploy.0 = Release|Any CPU
		{AB9352AB-3AD6-40CC-8182-555A23ADFD05}.AppStore|ARM.ActiveCfg = Release|Any CPU
		{AB9352AB-3AD6-40CC-8182-555A23ADFD05}.AppStore|ARM.Build.0 = Release|Any CPU
		{AB9352AB-3AD6-40CC-8182-555A23ADFD05}.AppStore|ARM.Deploy.0 = Release|Any CPU
		{AB9352AB-3AD6-40CC-8182-555A23ADFD05}.AppStore|iPhone.ActiveCfg = Release|Any CPU
		{AB9352AB-3AD6-40CC-8182-555A23ADFD05}.AppStore|iPhone.Build.0 = Release|Any CPU
		{AB9352AB-3AD6-40CC-8182-555A23ADFD05}.AppStore|iPhone.Deploy.0 = Release|Any CPU
		{AB9352AB-3AD6-40CC-8182-555A23ADFD05}.AppStore|iPhoneSimulator.ActiveCfg = Release|Any CPU
		{AB9352AB-3AD6-40CC-8182-555A23ADFD05}.AppStore|iPhoneSimulator.Build.0 = Release|Any CPU
		{AB9352AB-3AD6-40CC-8182-555A23ADFD05}.AppStore|iPhoneSimulator.Deploy.0 = Release|Any CPU
		{AB9352AB-3AD6-40CC-8182-555A23ADFD05}.AppStore|x64.ActiveCfg = Release|Any CPU
		{AB9352AB-3AD6-40CC-8182-555A23ADFD05}.AppStore|x64.Build.0 = Release|Any CPU
		{AB9352AB-3AD6-40CC-8182-555A23ADFD05}.AppStore|x64.Deploy.0 = Release|Any CPU
		{AB9352AB-3AD6-40CC-8182-555A23ADFD05}.AppStore|x86.ActiveCfg = Release|Any CPU
		{AB9352AB-3AD6-40CC-8182-555A23ADFD05}.AppStore|x86.Build.0 = Release|Any CPU
		{AB9352AB-3AD6-40CC-8182-555A23ADFD05}.AppStore|x86.Deploy.0 = Release|Any CPU
		{AB9352AB-3AD6-40CC-8182-555A23ADFD05}.Debug|Any CPU.ActiveCfg = Debug|Any CPU
		{AB9352AB-3AD6-40CC-8182-555A23ADFD05}.Debug|Any CPU.Build.0 = Debug|Any CPU
		{AB9352AB-3AD6-40CC-8182-555A23ADFD05}.Debug|Any CPU.Deploy.0 = Debug|Any CPU
		{AB9352AB-3AD6-40CC-8182-555A23ADFD05}.Debug|ARM.ActiveCfg = Debug|Any CPU
		{AB9352AB-3AD6-40CC-8182-555A23ADFD05}.Debug|ARM.Build.0 = Debug|Any CPU
		{AB9352AB-3AD6-40CC-8182-555A23ADFD05}.Debug|ARM.Deploy.0 = Debug|Any CPU
		{AB9352AB-3AD6-40CC-8182-555A23ADFD05}.Debug|iPhone.ActiveCfg = Debug|Any CPU
		{AB9352AB-3AD6-40CC-8182-555A23ADFD05}.Debug|iPhone.Build.0 = Debug|Any CPU
		{AB9352AB-3AD6-40CC-8182-555A23ADFD05}.Debug|iPhone.Deploy.0 = Debug|Any CPU
		{AB9352AB-3AD6-40CC-8182-555A23ADFD05}.Debug|iPhoneSimulator.ActiveCfg = Debug|Any CPU
		{AB9352AB-3AD6-40CC-8182-555A23ADFD05}.Debug|iPhoneSimulator.Build.0 = Debug|Any CPU
		{AB9352AB-3AD6-40CC-8182-555A23ADFD05}.Debug|iPhoneSimulator.Deploy.0 = Debug|Any CPU
		{AB9352AB-3AD6-40CC-8182-555A23ADFD05}.Debug|x64.ActiveCfg = Debug|Any CPU
		{AB9352AB-3AD6-40CC-8182-555A23ADFD05}.Debug|x64.Build.0 = Debug|Any CPU
		{AB9352AB-3AD6-40CC-8182-555A23ADFD05}.Debug|x64.Deploy.0 = Debug|Any CPU
		{AB9352AB-3AD6-40CC-8182-555A23ADFD05}.Debug|x86.ActiveCfg = Debug|Any CPU
		{AB9352AB-3AD6-40CC-8182-555A23ADFD05}.Debug|x86.Build.0 = Debug|Any CPU
		{AB9352AB-3AD6-40CC-8182-555A23ADFD05}.Debug|x86.Deploy.0 = Debug|Any CPU
		{AB9352AB-3AD6-40CC-8182-555A23ADFD05}.Release|Any CPU.ActiveCfg = Release|Any CPU
		{AB9352AB-3AD6-40CC-8182-555A23ADFD05}.Release|Any CPU.Build.0 = Release|Any CPU
		{AB9352AB-3AD6-40CC-8182-555A23ADFD05}.Release|Any CPU.Deploy.0 = Release|Any CPU
		{AB9352AB-3AD6-40CC-8182-555A23ADFD05}.Release|ARM.ActiveCfg = Release|Any CPU
		{AB9352AB-3AD6-40CC-8182-555A23ADFD05}.Release|ARM.Build.0 = Release|Any CPU
		{AB9352AB-3AD6-40CC-8182-555A23ADFD05}.Release|ARM.Deploy.0 = Release|Any CPU
		{AB9352AB-3AD6-40CC-8182-555A23ADFD05}.Release|iPhone.ActiveCfg = Release|Any CPU
		{AB9352AB-3AD6-40CC-8182-555A23ADFD05}.Release|iPhone.Build.0 = Release|Any CPU
		{AB9352AB-3AD6-40CC-8182-555A23ADFD05}.Release|iPhone.Deploy.0 = Release|Any CPU
		{AB9352AB-3AD6-40CC-8182-555A23ADFD05}.Release|iPhoneSimulator.ActiveCfg = Release|Any CPU
		{AB9352AB-3AD6-40CC-8182-555A23ADFD05}.Release|iPhoneSimulator.Build.0 = Release|Any CPU
		{AB9352AB-3AD6-40CC-8182-555A23ADFD05}.Release|iPhoneSimulator.Deploy.0 = Release|Any CPU
		{AB9352AB-3AD6-40CC-8182-555A23ADFD05}.Release|x64.ActiveCfg = Release|Any CPU
		{AB9352AB-3AD6-40CC-8182-555A23ADFD05}.Release|x64.Build.0 = Release|Any CPU
		{AB9352AB-3AD6-40CC-8182-555A23ADFD05}.Release|x64.Deploy.0 = Release|Any CPU
		{AB9352AB-3AD6-40CC-8182-555A23ADFD05}.Release|x86.ActiveCfg = Release|Any CPU
		{AB9352AB-3AD6-40CC-8182-555A23ADFD05}.Release|x86.Build.0 = Release|Any CPU
		{AB9352AB-3AD6-40CC-8182-555A23ADFD05}.Release|x86.Deploy.0 = Release|Any CPU
		{517EF934-1D03-4D48-88CB-840F1322DDE2}.Ad-Hoc|Any CPU.ActiveCfg = Ad-Hoc|iPhone
		{517EF934-1D03-4D48-88CB-840F1322DDE2}.Ad-Hoc|ARM.ActiveCfg = Ad-Hoc|iPhone
		{517EF934-1D03-4D48-88CB-840F1322DDE2}.Ad-Hoc|iPhone.ActiveCfg = Ad-Hoc|iPhone
		{517EF934-1D03-4D48-88CB-840F1322DDE2}.Ad-Hoc|iPhone.Build.0 = Ad-Hoc|iPhone
		{517EF934-1D03-4D48-88CB-840F1322DDE2}.Ad-Hoc|iPhoneSimulator.ActiveCfg = Ad-Hoc|iPhoneSimulator
		{517EF934-1D03-4D48-88CB-840F1322DDE2}.Ad-Hoc|iPhoneSimulator.Build.0 = Ad-Hoc|iPhoneSimulator
		{517EF934-1D03-4D48-88CB-840F1322DDE2}.Ad-Hoc|x64.ActiveCfg = Ad-Hoc|iPhone
		{517EF934-1D03-4D48-88CB-840F1322DDE2}.Ad-Hoc|x86.ActiveCfg = Ad-Hoc|iPhone
		{517EF934-1D03-4D48-88CB-840F1322DDE2}.AppStore|Any CPU.ActiveCfg = AppStore|iPhone
		{517EF934-1D03-4D48-88CB-840F1322DDE2}.AppStore|ARM.ActiveCfg = AppStore|iPhone
		{517EF934-1D03-4D48-88CB-840F1322DDE2}.AppStore|iPhone.ActiveCfg = AppStore|iPhone
		{517EF934-1D03-4D48-88CB-840F1322DDE2}.AppStore|iPhone.Build.0 = AppStore|iPhone
		{517EF934-1D03-4D48-88CB-840F1322DDE2}.AppStore|iPhoneSimulator.ActiveCfg = AppStore|iPhoneSimulator
		{517EF934-1D03-4D48-88CB-840F1322DDE2}.AppStore|iPhoneSimulator.Build.0 = AppStore|iPhoneSimulator
		{517EF934-1D03-4D48-88CB-840F1322DDE2}.AppStore|x64.ActiveCfg = AppStore|iPhone
		{517EF934-1D03-4D48-88CB-840F1322DDE2}.AppStore|x86.ActiveCfg = AppStore|iPhone
		{517EF934-1D03-4D48-88CB-840F1322DDE2}.Debug|Any CPU.ActiveCfg = Debug|iPhone
		{517EF934-1D03-4D48-88CB-840F1322DDE2}.Debug|ARM.ActiveCfg = Debug|iPhone
		{517EF934-1D03-4D48-88CB-840F1322DDE2}.Debug|iPhone.ActiveCfg = Debug|iPhone
		{517EF934-1D03-4D48-88CB-840F1322DDE2}.Debug|iPhone.Build.0 = Debug|iPhone
		{517EF934-1D03-4D48-88CB-840F1322DDE2}.Debug|iPhoneSimulator.ActiveCfg = Debug|iPhoneSimulator
		{517EF934-1D03-4D48-88CB-840F1322DDE2}.Debug|iPhoneSimulator.Build.0 = Debug|iPhoneSimulator
		{517EF934-1D03-4D48-88CB-840F1322DDE2}.Debug|x64.ActiveCfg = Debug|iPhone
		{517EF934-1D03-4D48-88CB-840F1322DDE2}.Debug|x86.ActiveCfg = Debug|iPhone
		{517EF934-1D03-4D48-88CB-840F1322DDE2}.Release|Any CPU.ActiveCfg = Release|iPhone
		{517EF934-1D03-4D48-88CB-840F1322DDE2}.Release|ARM.ActiveCfg = Release|iPhone
		{517EF934-1D03-4D48-88CB-840F1322DDE2}.Release|iPhone.ActiveCfg = Release|iPhone
		{517EF934-1D03-4D48-88CB-840F1322DDE2}.Release|iPhone.Build.0 = Release|iPhone
		{517EF934-1D03-4D48-88CB-840F1322DDE2}.Release|iPhoneSimulator.ActiveCfg = Release|iPhoneSimulator
		{517EF934-1D03-4D48-88CB-840F1322DDE2}.Release|iPhoneSimulator.Build.0 = Release|iPhoneSimulator
		{517EF934-1D03-4D48-88CB-840F1322DDE2}.Release|x64.ActiveCfg = Release|iPhone
		{517EF934-1D03-4D48-88CB-840F1322DDE2}.Release|x86.ActiveCfg = Release|iPhone
		{089F0E0A-2B7E-400D-B494-83B2820935FF}.Ad-Hoc|Any CPU.ActiveCfg = Release|Any CPU
		{089F0E0A-2B7E-400D-B494-83B2820935FF}.Ad-Hoc|Any CPU.Build.0 = Release|Any CPU
		{089F0E0A-2B7E-400D-B494-83B2820935FF}.Ad-Hoc|Any CPU.Deploy.0 = Release|Any CPU
		{089F0E0A-2B7E-400D-B494-83B2820935FF}.Ad-Hoc|ARM.ActiveCfg = Release|ARM
		{089F0E0A-2B7E-400D-B494-83B2820935FF}.Ad-Hoc|ARM.Build.0 = Release|ARM
		{089F0E0A-2B7E-400D-B494-83B2820935FF}.Ad-Hoc|ARM.Deploy.0 = Release|ARM
		{089F0E0A-2B7E-400D-B494-83B2820935FF}.Ad-Hoc|iPhone.ActiveCfg = Release|Any CPU
		{089F0E0A-2B7E-400D-B494-83B2820935FF}.Ad-Hoc|iPhone.Build.0 = Release|Any CPU
		{089F0E0A-2B7E-400D-B494-83B2820935FF}.Ad-Hoc|iPhone.Deploy.0 = Release|Any CPU
		{089F0E0A-2B7E-400D-B494-83B2820935FF}.Ad-Hoc|iPhoneSimulator.ActiveCfg = Release|Any CPU
		{089F0E0A-2B7E-400D-B494-83B2820935FF}.Ad-Hoc|iPhoneSimulator.Build.0 = Release|Any CPU
		{089F0E0A-2B7E-400D-B494-83B2820935FF}.Ad-Hoc|iPhoneSimulator.Deploy.0 = Release|Any CPU
		{089F0E0A-2B7E-400D-B494-83B2820935FF}.Ad-Hoc|x64.ActiveCfg = Release|Any CPU
		{089F0E0A-2B7E-400D-B494-83B2820935FF}.Ad-Hoc|x64.Build.0 = Release|Any CPU
		{089F0E0A-2B7E-400D-B494-83B2820935FF}.Ad-Hoc|x64.Deploy.0 = Release|Any CPU
		{089F0E0A-2B7E-400D-B494-83B2820935FF}.Ad-Hoc|x86.ActiveCfg = Release|x86
		{089F0E0A-2B7E-400D-B494-83B2820935FF}.Ad-Hoc|x86.Build.0 = Release|x86
		{089F0E0A-2B7E-400D-B494-83B2820935FF}.Ad-Hoc|x86.Deploy.0 = Release|x86
		{089F0E0A-2B7E-400D-B494-83B2820935FF}.AppStore|Any CPU.ActiveCfg = Release|Any CPU
		{089F0E0A-2B7E-400D-B494-83B2820935FF}.AppStore|Any CPU.Build.0 = Release|Any CPU
		{089F0E0A-2B7E-400D-B494-83B2820935FF}.AppStore|Any CPU.Deploy.0 = Release|Any CPU
		{089F0E0A-2B7E-400D-B494-83B2820935FF}.AppStore|ARM.ActiveCfg = Release|ARM
		{089F0E0A-2B7E-400D-B494-83B2820935FF}.AppStore|ARM.Build.0 = Release|ARM
		{089F0E0A-2B7E-400D-B494-83B2820935FF}.AppStore|ARM.Deploy.0 = Release|ARM
		{089F0E0A-2B7E-400D-B494-83B2820935FF}.AppStore|iPhone.ActiveCfg = Release|Any CPU
		{089F0E0A-2B7E-400D-B494-83B2820935FF}.AppStore|iPhone.Build.0 = Release|Any CPU
		{089F0E0A-2B7E-400D-B494-83B2820935FF}.AppStore|iPhone.Deploy.0 = Release|Any CPU
		{089F0E0A-2B7E-400D-B494-83B2820935FF}.AppStore|iPhoneSimulator.ActiveCfg = Release|Any CPU
		{089F0E0A-2B7E-400D-B494-83B2820935FF}.AppStore|iPhoneSimulator.Build.0 = Release|Any CPU
		{089F0E0A-2B7E-400D-B494-83B2820935FF}.AppStore|iPhoneSimulator.Deploy.0 = Release|Any CPU
		{089F0E0A-2B7E-400D-B494-83B2820935FF}.AppStore|x64.ActiveCfg = Release|Any CPU
		{089F0E0A-2B7E-400D-B494-83B2820935FF}.AppStore|x64.Build.0 = Release|Any CPU
		{089F0E0A-2B7E-400D-B494-83B2820935FF}.AppStore|x64.Deploy.0 = Release|Any CPU
		{089F0E0A-2B7E-400D-B494-83B2820935FF}.AppStore|x86.ActiveCfg = Release|x86
		{089F0E0A-2B7E-400D-B494-83B2820935FF}.AppStore|x86.Build.0 = Release|x86
		{089F0E0A-2B7E-400D-B494-83B2820935FF}.AppStore|x86.Deploy.0 = Release|x86
		{089F0E0A-2B7E-400D-B494-83B2820935FF}.Debug|Any CPU.ActiveCfg = Debug|Any CPU
		{089F0E0A-2B7E-400D-B494-83B2820935FF}.Debug|Any CPU.Build.0 = Debug|Any CPU
		{089F0E0A-2B7E-400D-B494-83B2820935FF}.Debug|Any CPU.Deploy.0 = Debug|Any CPU
		{089F0E0A-2B7E-400D-B494-83B2820935FF}.Debug|ARM.ActiveCfg = Debug|ARM
		{089F0E0A-2B7E-400D-B494-83B2820935FF}.Debug|ARM.Build.0 = Debug|ARM
		{089F0E0A-2B7E-400D-B494-83B2820935FF}.Debug|ARM.Deploy.0 = Debug|ARM
		{089F0E0A-2B7E-400D-B494-83B2820935FF}.Debug|iPhone.ActiveCfg = Debug|Any CPU
		{089F0E0A-2B7E-400D-B494-83B2820935FF}.Debug|iPhone.Build.0 = Debug|Any CPU
		{089F0E0A-2B7E-400D-B494-83B2820935FF}.Debug|iPhone.Deploy.0 = Debug|Any CPU
		{089F0E0A-2B7E-400D-B494-83B2820935FF}.Debug|iPhoneSimulator.ActiveCfg = Debug|Any CPU
		{089F0E0A-2B7E-400D-B494-83B2820935FF}.Debug|iPhoneSimulator.Build.0 = Debug|Any CPU
		{089F0E0A-2B7E-400D-B494-83B2820935FF}.Debug|iPhoneSimulator.Deploy.0 = Debug|Any CPU
		{089F0E0A-2B7E-400D-B494-83B2820935FF}.Debug|x64.ActiveCfg = Debug|Any CPU
		{089F0E0A-2B7E-400D-B494-83B2820935FF}.Debug|x64.Build.0 = Debug|Any CPU
		{089F0E0A-2B7E-400D-B494-83B2820935FF}.Debug|x64.Deploy.0 = Debug|Any CPU
		{089F0E0A-2B7E-400D-B494-83B2820935FF}.Debug|x86.ActiveCfg = Debug|x86
		{089F0E0A-2B7E-400D-B494-83B2820935FF}.Debug|x86.Build.0 = Debug|x86
		{089F0E0A-2B7E-400D-B494-83B2820935FF}.Debug|x86.Deploy.0 = Debug|x86
		{089F0E0A-2B7E-400D-B494-83B2820935FF}.Release|Any CPU.ActiveCfg = Release|Any CPU
		{089F0E0A-2B7E-400D-B494-83B2820935FF}.Release|Any CPU.Build.0 = Release|Any CPU
		{089F0E0A-2B7E-400D-B494-83B2820935FF}.Release|Any CPU.Deploy.0 = Release|Any CPU
		{089F0E0A-2B7E-400D-B494-83B2820935FF}.Release|ARM.ActiveCfg = Release|ARM
		{089F0E0A-2B7E-400D-B494-83B2820935FF}.Release|ARM.Build.0 = Release|ARM
		{089F0E0A-2B7E-400D-B494-83B2820935FF}.Release|ARM.Deploy.0 = Release|ARM
		{089F0E0A-2B7E-400D-B494-83B2820935FF}.Release|iPhone.ActiveCfg = Release|Any CPU
		{089F0E0A-2B7E-400D-B494-83B2820935FF}.Release|iPhone.Build.0 = Release|Any CPU
		{089F0E0A-2B7E-400D-B494-83B2820935FF}.Release|iPhone.Deploy.0 = Release|Any CPU
		{089F0E0A-2B7E-400D-B494-83B2820935FF}.Release|iPhoneSimulator.ActiveCfg = Release|Any CPU
		{089F0E0A-2B7E-400D-B494-83B2820935FF}.Release|iPhoneSimulator.Build.0 = Release|Any CPU
		{089F0E0A-2B7E-400D-B494-83B2820935FF}.Release|iPhoneSimulator.Deploy.0 = Release|Any CPU
		{089F0E0A-2B7E-400D-B494-83B2820935FF}.Release|x64.ActiveCfg = Release|Any CPU
		{089F0E0A-2B7E-400D-B494-83B2820935FF}.Release|x64.Build.0 = Release|Any CPU
		{089F0E0A-2B7E-400D-B494-83B2820935FF}.Release|x64.Deploy.0 = Release|Any CPU
		{089F0E0A-2B7E-400D-B494-83B2820935FF}.Release|x86.ActiveCfg = Release|x86
		{089F0E0A-2B7E-400D-B494-83B2820935FF}.Release|x86.Build.0 = Release|x86
		{089F0E0A-2B7E-400D-B494-83B2820935FF}.Release|x86.Deploy.0 = Release|x86
		{2363BAA4-C0E6-4208-8F45-B2A8F4AA3640}.Ad-Hoc|Any CPU.ActiveCfg = Release|x86
		{2363BAA4-C0E6-4208-8F45-B2A8F4AA3640}.Ad-Hoc|Any CPU.Build.0 = Release|x86
		{2363BAA4-C0E6-4208-8F45-B2A8F4AA3640}.Ad-Hoc|Any CPU.Deploy.0 = Release|x86
		{2363BAA4-C0E6-4208-8F45-B2A8F4AA3640}.Ad-Hoc|ARM.ActiveCfg = Release|ARM
		{2363BAA4-C0E6-4208-8F45-B2A8F4AA3640}.Ad-Hoc|ARM.Build.0 = Release|ARM
		{2363BAA4-C0E6-4208-8F45-B2A8F4AA3640}.Ad-Hoc|ARM.Deploy.0 = Release|ARM
		{2363BAA4-C0E6-4208-8F45-B2A8F4AA3640}.Ad-Hoc|iPhone.ActiveCfg = Release|x86
		{2363BAA4-C0E6-4208-8F45-B2A8F4AA3640}.Ad-Hoc|iPhone.Build.0 = Release|x86
		{2363BAA4-C0E6-4208-8F45-B2A8F4AA3640}.Ad-Hoc|iPhone.Deploy.0 = Release|x86
		{2363BAA4-C0E6-4208-8F45-B2A8F4AA3640}.Ad-Hoc|iPhoneSimulator.ActiveCfg = Release|x86
		{2363BAA4-C0E6-4208-8F45-B2A8F4AA3640}.Ad-Hoc|iPhoneSimulator.Build.0 = Release|x86
		{2363BAA4-C0E6-4208-8F45-B2A8F4AA3640}.Ad-Hoc|iPhoneSimulator.Deploy.0 = Release|x86
		{2363BAA4-C0E6-4208-8F45-B2A8F4AA3640}.Ad-Hoc|x64.ActiveCfg = Release|x64
		{2363BAA4-C0E6-4208-8F45-B2A8F4AA3640}.Ad-Hoc|x64.Build.0 = Release|x64
		{2363BAA4-C0E6-4208-8F45-B2A8F4AA3640}.Ad-Hoc|x64.Deploy.0 = Release|x64
		{2363BAA4-C0E6-4208-8F45-B2A8F4AA3640}.Ad-Hoc|x86.ActiveCfg = Release|x86
		{2363BAA4-C0E6-4208-8F45-B2A8F4AA3640}.Ad-Hoc|x86.Build.0 = Release|x86
		{2363BAA4-C0E6-4208-8F45-B2A8F4AA3640}.Ad-Hoc|x86.Deploy.0 = Release|x86
		{2363BAA4-C0E6-4208-8F45-B2A8F4AA3640}.AppStore|Any CPU.ActiveCfg = Release|x86
		{2363BAA4-C0E6-4208-8F45-B2A8F4AA3640}.AppStore|Any CPU.Build.0 = Release|x86
		{2363BAA4-C0E6-4208-8F45-B2A8F4AA3640}.AppStore|Any CPU.Deploy.0 = Release|x86
		{2363BAA4-C0E6-4208-8F45-B2A8F4AA3640}.AppStore|ARM.ActiveCfg = Release|ARM
		{2363BAA4-C0E6-4208-8F45-B2A8F4AA3640}.AppStore|ARM.Build.0 = Release|ARM
		{2363BAA4-C0E6-4208-8F45-B2A8F4AA3640}.AppStore|ARM.Deploy.0 = Release|ARM
		{2363BAA4-C0E6-4208-8F45-B2A8F4AA3640}.AppStore|iPhone.ActiveCfg = Release|x86
		{2363BAA4-C0E6-4208-8F45-B2A8F4AA3640}.AppStore|iPhone.Build.0 = Release|x86
		{2363BAA4-C0E6-4208-8F45-B2A8F4AA3640}.AppStore|iPhone.Deploy.0 = Release|x86
		{2363BAA4-C0E6-4208-8F45-B2A8F4AA3640}.AppStore|iPhoneSimulator.ActiveCfg = Release|x86
		{2363BAA4-C0E6-4208-8F45-B2A8F4AA3640}.AppStore|iPhoneSimulator.Build.0 = Release|x86
		{2363BAA4-C0E6-4208-8F45-B2A8F4AA3640}.AppStore|iPhoneSimulator.Deploy.0 = Release|x86
		{2363BAA4-C0E6-4208-8F45-B2A8F4AA3640}.AppStore|x64.ActiveCfg = Release|x64
		{2363BAA4-C0E6-4208-8F45-B2A8F4AA3640}.AppStore|x64.Build.0 = Release|x64
		{2363BAA4-C0E6-4208-8F45-B2A8F4AA3640}.AppStore|x64.Deploy.0 = Release|x64
		{2363BAA4-C0E6-4208-8F45-B2A8F4AA3640}.AppStore|x86.ActiveCfg = Release|x86
		{2363BAA4-C0E6-4208-8F45-B2A8F4AA3640}.AppStore|x86.Build.0 = Release|x86
		{2363BAA4-C0E6-4208-8F45-B2A8F4AA3640}.AppStore|x86.Deploy.0 = Release|x86
		{2363BAA4-C0E6-4208-8F45-B2A8F4AA3640}.Debug|Any CPU.ActiveCfg = Debug|x86
		{2363BAA4-C0E6-4208-8F45-B2A8F4AA3640}.Debug|ARM.ActiveCfg = Debug|ARM
		{2363BAA4-C0E6-4208-8F45-B2A8F4AA3640}.Debug|ARM.Build.0 = Debug|ARM
		{2363BAA4-C0E6-4208-8F45-B2A8F4AA3640}.Debug|ARM.Deploy.0 = Debug|ARM
		{2363BAA4-C0E6-4208-8F45-B2A8F4AA3640}.Debug|iPhone.ActiveCfg = Debug|x86
		{2363BAA4-C0E6-4208-8F45-B2A8F4AA3640}.Debug|iPhoneSimulator.ActiveCfg = Debug|x86
		{2363BAA4-C0E6-4208-8F45-B2A8F4AA3640}.Debug|x64.ActiveCfg = Debug|x64
		{2363BAA4-C0E6-4208-8F45-B2A8F4AA3640}.Debug|x64.Build.0 = Debug|x64
		{2363BAA4-C0E6-4208-8F45-B2A8F4AA3640}.Debug|x64.Deploy.0 = Debug|x64
		{2363BAA4-C0E6-4208-8F45-B2A8F4AA3640}.Debug|x86.ActiveCfg = Debug|x86
		{2363BAA4-C0E6-4208-8F45-B2A8F4AA3640}.Debug|x86.Build.0 = Debug|x86
		{2363BAA4-C0E6-4208-8F45-B2A8F4AA3640}.Debug|x86.Deploy.0 = Debug|x86
		{2363BAA4-C0E6-4208-8F45-B2A8F4AA3640}.Release|Any CPU.ActiveCfg = Release|x86
		{2363BAA4-C0E6-4208-8F45-B2A8F4AA3640}.Release|ARM.ActiveCfg = Release|ARM
		{2363BAA4-C0E6-4208-8F45-B2A8F4AA3640}.Release|ARM.Build.0 = Release|ARM
		{2363BAA4-C0E6-4208-8F45-B2A8F4AA3640}.Release|ARM.Deploy.0 = Release|ARM
		{2363BAA4-C0E6-4208-8F45-B2A8F4AA3640}.Release|iPhone.ActiveCfg = Release|x86
		{2363BAA4-C0E6-4208-8F45-B2A8F4AA3640}.Release|iPhoneSimulator.ActiveCfg = Release|x86
		{2363BAA4-C0E6-4208-8F45-B2A8F4AA3640}.Release|x64.ActiveCfg = Release|x64
		{2363BAA4-C0E6-4208-8F45-B2A8F4AA3640}.Release|x64.Build.0 = Release|x64
		{2363BAA4-C0E6-4208-8F45-B2A8F4AA3640}.Release|x64.Deploy.0 = Release|x64
		{2363BAA4-C0E6-4208-8F45-B2A8F4AA3640}.Release|x86.ActiveCfg = Release|x86
		{2363BAA4-C0E6-4208-8F45-B2A8F4AA3640}.Release|x86.Build.0 = Release|x86
		{2363BAA4-C0E6-4208-8F45-B2A8F4AA3640}.Release|x86.Deploy.0 = Release|x86
		{79E9D094-FB23-4CB2-A678-4FDD8C1148A7}.Ad-Hoc|Any CPU.ActiveCfg = Release|Any CPU
		{79E9D094-FB23-4CB2-A678-4FDD8C1148A7}.Ad-Hoc|Any CPU.Build.0 = Release|Any CPU
		{79E9D094-FB23-4CB2-A678-4FDD8C1148A7}.Ad-Hoc|Any CPU.Deploy.0 = Release|Any CPU
		{79E9D094-FB23-4CB2-A678-4FDD8C1148A7}.Ad-Hoc|ARM.ActiveCfg = Release|ARM
		{79E9D094-FB23-4CB2-A678-4FDD8C1148A7}.Ad-Hoc|ARM.Build.0 = Release|ARM
		{79E9D094-FB23-4CB2-A678-4FDD8C1148A7}.Ad-Hoc|ARM.Deploy.0 = Release|ARM
		{79E9D094-FB23-4CB2-A678-4FDD8C1148A7}.Ad-Hoc|iPhone.ActiveCfg = Release|Any CPU
		{79E9D094-FB23-4CB2-A678-4FDD8C1148A7}.Ad-Hoc|iPhone.Build.0 = Release|Any CPU
		{79E9D094-FB23-4CB2-A678-4FDD8C1148A7}.Ad-Hoc|iPhone.Deploy.0 = Release|Any CPU
		{79E9D094-FB23-4CB2-A678-4FDD8C1148A7}.Ad-Hoc|iPhoneSimulator.ActiveCfg = Release|Any CPU
		{79E9D094-FB23-4CB2-A678-4FDD8C1148A7}.Ad-Hoc|iPhoneSimulator.Build.0 = Release|Any CPU
		{79E9D094-FB23-4CB2-A678-4FDD8C1148A7}.Ad-Hoc|iPhoneSimulator.Deploy.0 = Release|Any CPU
		{79E9D094-FB23-4CB2-A678-4FDD8C1148A7}.Ad-Hoc|x64.ActiveCfg = Release|x64
		{79E9D094-FB23-4CB2-A678-4FDD8C1148A7}.Ad-Hoc|x64.Build.0 = Release|x64
		{79E9D094-FB23-4CB2-A678-4FDD8C1148A7}.Ad-Hoc|x64.Deploy.0 = Release|x64
		{79E9D094-FB23-4CB2-A678-4FDD8C1148A7}.Ad-Hoc|x86.ActiveCfg = Release|x86
		{79E9D094-FB23-4CB2-A678-4FDD8C1148A7}.Ad-Hoc|x86.Build.0 = Release|x86
		{79E9D094-FB23-4CB2-A678-4FDD8C1148A7}.Ad-Hoc|x86.Deploy.0 = Release|x86
		{79E9D094-FB23-4CB2-A678-4FDD8C1148A7}.AppStore|Any CPU.ActiveCfg = Release|Any CPU
		{79E9D094-FB23-4CB2-A678-4FDD8C1148A7}.AppStore|Any CPU.Build.0 = Release|Any CPU
		{79E9D094-FB23-4CB2-A678-4FDD8C1148A7}.AppStore|Any CPU.Deploy.0 = Release|Any CPU
		{79E9D094-FB23-4CB2-A678-4FDD8C1148A7}.AppStore|ARM.ActiveCfg = Release|ARM
		{79E9D094-FB23-4CB2-A678-4FDD8C1148A7}.AppStore|ARM.Build.0 = Release|ARM
		{79E9D094-FB23-4CB2-A678-4FDD8C1148A7}.AppStore|ARM.Deploy.0 = Release|ARM
		{79E9D094-FB23-4CB2-A678-4FDD8C1148A7}.AppStore|iPhone.ActiveCfg = Release|Any CPU
		{79E9D094-FB23-4CB2-A678-4FDD8C1148A7}.AppStore|iPhone.Build.0 = Release|Any CPU
		{79E9D094-FB23-4CB2-A678-4FDD8C1148A7}.AppStore|iPhone.Deploy.0 = Release|Any CPU
		{79E9D094-FB23-4CB2-A678-4FDD8C1148A7}.AppStore|iPhoneSimulator.ActiveCfg = Release|Any CPU
		{79E9D094-FB23-4CB2-A678-4FDD8C1148A7}.AppStore|iPhoneSimulator.Build.0 = Release|Any CPU
		{79E9D094-FB23-4CB2-A678-4FDD8C1148A7}.AppStore|iPhoneSimulator.Deploy.0 = Release|Any CPU
		{79E9D094-FB23-4CB2-A678-4FDD8C1148A7}.AppStore|x64.ActiveCfg = Release|x64
		{79E9D094-FB23-4CB2-A678-4FDD8C1148A7}.AppStore|x64.Build.0 = Release|x64
		{79E9D094-FB23-4CB2-A678-4FDD8C1148A7}.AppStore|x64.Deploy.0 = Release|x64
		{79E9D094-FB23-4CB2-A678-4FDD8C1148A7}.AppStore|x86.ActiveCfg = Release|x86
		{79E9D094-FB23-4CB2-A678-4FDD8C1148A7}.AppStore|x86.Build.0 = Release|x86
		{79E9D094-FB23-4CB2-A678-4FDD8C1148A7}.AppStore|x86.Deploy.0 = Release|x86
		{79E9D094-FB23-4CB2-A678-4FDD8C1148A7}.Debug|Any CPU.ActiveCfg = Debug|Any CPU
		{79E9D094-FB23-4CB2-A678-4FDD8C1148A7}.Debug|Any CPU.Build.0 = Debug|Any CPU
		{79E9D094-FB23-4CB2-A678-4FDD8C1148A7}.Debug|Any CPU.Deploy.0 = Debug|Any CPU
		{79E9D094-FB23-4CB2-A678-4FDD8C1148A7}.Debug|ARM.ActiveCfg = Debug|ARM
		{79E9D094-FB23-4CB2-A678-4FDD8C1148A7}.Debug|ARM.Build.0 = Debug|ARM
		{79E9D094-FB23-4CB2-A678-4FDD8C1148A7}.Debug|ARM.Deploy.0 = Debug|ARM
		{79E9D094-FB23-4CB2-A678-4FDD8C1148A7}.Debug|iPhone.ActiveCfg = Debug|Any CPU
		{79E9D094-FB23-4CB2-A678-4FDD8C1148A7}.Debug|iPhone.Build.0 = Debug|Any CPU
		{79E9D094-FB23-4CB2-A678-4FDD8C1148A7}.Debug|iPhone.Deploy.0 = Debug|Any CPU
		{79E9D094-FB23-4CB2-A678-4FDD8C1148A7}.Debug|iPhoneSimulator.ActiveCfg = Debug|Any CPU
		{79E9D094-FB23-4CB2-A678-4FDD8C1148A7}.Debug|iPhoneSimulator.Build.0 = Debug|Any CPU
		{79E9D094-FB23-4CB2-A678-4FDD8C1148A7}.Debug|iPhoneSimulator.Deploy.0 = Debug|Any CPU
		{79E9D094-FB23-4CB2-A678-4FDD8C1148A7}.Debug|x64.ActiveCfg = Debug|x64
		{79E9D094-FB23-4CB2-A678-4FDD8C1148A7}.Debug|x64.Build.0 = Debug|x64
		{79E9D094-FB23-4CB2-A678-4FDD8C1148A7}.Debug|x64.Deploy.0 = Debug|x64
		{79E9D094-FB23-4CB2-A678-4FDD8C1148A7}.Debug|x86.ActiveCfg = Debug|x86
		{79E9D094-FB23-4CB2-A678-4FDD8C1148A7}.Debug|x86.Build.0 = Debug|x86
		{79E9D094-FB23-4CB2-A678-4FDD8C1148A7}.Debug|x86.Deploy.0 = Debug|x86
		{79E9D094-FB23-4CB2-A678-4FDD8C1148A7}.Release|Any CPU.ActiveCfg = Release|Any CPU
		{79E9D094-FB23-4CB2-A678-4FDD8C1148A7}.Release|Any CPU.Build.0 = Release|Any CPU
		{79E9D094-FB23-4CB2-A678-4FDD8C1148A7}.Release|Any CPU.Deploy.0 = Release|Any CPU
		{79E9D094-FB23-4CB2-A678-4FDD8C1148A7}.Release|ARM.ActiveCfg = Release|ARM
		{79E9D094-FB23-4CB2-A678-4FDD8C1148A7}.Release|ARM.Build.0 = Release|ARM
		{79E9D094-FB23-4CB2-A678-4FDD8C1148A7}.Release|ARM.Deploy.0 = Release|ARM
		{79E9D094-FB23-4CB2-A678-4FDD8C1148A7}.Release|iPhone.ActiveCfg = Release|Any CPU
		{79E9D094-FB23-4CB2-A678-4FDD8C1148A7}.Release|iPhone.Build.0 = Release|Any CPU
		{79E9D094-FB23-4CB2-A678-4FDD8C1148A7}.Release|iPhone.Deploy.0 = Release|Any CPU
		{79E9D094-FB23-4CB2-A678-4FDD8C1148A7}.Release|iPhoneSimulator.ActiveCfg = Release|Any CPU
		{79E9D094-FB23-4CB2-A678-4FDD8C1148A7}.Release|iPhoneSimulator.Build.0 = Release|Any CPU
		{79E9D094-FB23-4CB2-A678-4FDD8C1148A7}.Release|iPhoneSimulator.Deploy.0 = Release|Any CPU
		{79E9D094-FB23-4CB2-A678-4FDD8C1148A7}.Release|x64.ActiveCfg = Release|x64
		{79E9D094-FB23-4CB2-A678-4FDD8C1148A7}.Release|x64.Build.0 = Release|x64
		{79E9D094-FB23-4CB2-A678-4FDD8C1148A7}.Release|x64.Deploy.0 = Release|x64
		{79E9D094-FB23-4CB2-A678-4FDD8C1148A7}.Release|x86.ActiveCfg = Release|x86
		{79E9D094-FB23-4CB2-A678-4FDD8C1148A7}.Release|x86.Build.0 = Release|x86
		{79E9D094-FB23-4CB2-A678-4FDD8C1148A7}.Release|x86.Deploy.0 = Release|x86
		{A6621A18-708E-4D40-BE8C-8503282D8904}.Ad-Hoc|Any CPU.ActiveCfg = Release|Any CPU
		{A6621A18-708E-4D40-BE8C-8503282D8904}.Ad-Hoc|Any CPU.Build.0 = Release|Any CPU
		{A6621A18-708E-4D40-BE8C-8503282D8904}.Ad-Hoc|ARM.ActiveCfg = Release|Any CPU
		{A6621A18-708E-4D40-BE8C-8503282D8904}.Ad-Hoc|ARM.Build.0 = Release|Any CPU
		{A6621A18-708E-4D40-BE8C-8503282D8904}.Ad-Hoc|iPhone.ActiveCfg = Release|Any CPU
		{A6621A18-708E-4D40-BE8C-8503282D8904}.Ad-Hoc|iPhone.Build.0 = Release|Any CPU
		{A6621A18-708E-4D40-BE8C-8503282D8904}.Ad-Hoc|iPhoneSimulator.ActiveCfg = Release|Any CPU
		{A6621A18-708E-4D40-BE8C-8503282D8904}.Ad-Hoc|iPhoneSimulator.Build.0 = Release|Any CPU
		{A6621A18-708E-4D40-BE8C-8503282D8904}.Ad-Hoc|x64.ActiveCfg = Release|Any CPU
		{A6621A18-708E-4D40-BE8C-8503282D8904}.Ad-Hoc|x64.Build.0 = Release|Any CPU
		{A6621A18-708E-4D40-BE8C-8503282D8904}.Ad-Hoc|x86.ActiveCfg = Release|Any CPU
		{A6621A18-708E-4D40-BE8C-8503282D8904}.Ad-Hoc|x86.Build.0 = Release|Any CPU
		{A6621A18-708E-4D40-BE8C-8503282D8904}.AppStore|Any CPU.ActiveCfg = Release|Any CPU
		{A6621A18-708E-4D40-BE8C-8503282D8904}.AppStore|Any CPU.Build.0 = Release|Any CPU
		{A6621A18-708E-4D40-BE8C-8503282D8904}.AppStore|ARM.ActiveCfg = Release|Any CPU
		{A6621A18-708E-4D40-BE8C-8503282D8904}.AppStore|ARM.Build.0 = Release|Any CPU
		{A6621A18-708E-4D40-BE8C-8503282D8904}.AppStore|iPhone.ActiveCfg = Release|Any CPU
		{A6621A18-708E-4D40-BE8C-8503282D8904}.AppStore|iPhone.Build.0 = Release|Any CPU
		{A6621A18-708E-4D40-BE8C-8503282D8904}.AppStore|iPhoneSimulator.ActiveCfg = Release|Any CPU
		{A6621A18-708E-4D40-BE8C-8503282D8904}.AppStore|iPhoneSimulator.Build.0 = Release|Any CPU
		{A6621A18-708E-4D40-BE8C-8503282D8904}.AppStore|x64.ActiveCfg = Release|Any CPU
		{A6621A18-708E-4D40-BE8C-8503282D8904}.AppStore|x64.Build.0 = Release|Any CPU
		{A6621A18-708E-4D40-BE8C-8503282D8904}.AppStore|x86.ActiveCfg = Release|Any CPU
		{A6621A18-708E-4D40-BE8C-8503282D8904}.AppStore|x86.Build.0 = Release|Any CPU
		{A6621A18-708E-4D40-BE8C-8503282D8904}.Debug|Any CPU.ActiveCfg = Debug|Any CPU
		{A6621A18-708E-4D40-BE8C-8503282D8904}.Debug|Any CPU.Build.0 = Debug|Any CPU
		{A6621A18-708E-4D40-BE8C-8503282D8904}.Debug|ARM.ActiveCfg = Debug|Any CPU
		{A6621A18-708E-4D40-BE8C-8503282D8904}.Debug|ARM.Build.0 = Debug|Any CPU
		{A6621A18-708E-4D40-BE8C-8503282D8904}.Debug|iPhone.ActiveCfg = Debug|Any CPU
		{A6621A18-708E-4D40-BE8C-8503282D8904}.Debug|iPhone.Build.0 = Debug|Any CPU
		{A6621A18-708E-4D40-BE8C-8503282D8904}.Debug|iPhoneSimulator.ActiveCfg = Debug|Any CPU
		{A6621A18-708E-4D40-BE8C-8503282D8904}.Debug|iPhoneSimulator.Build.0 = Debug|Any CPU
		{A6621A18-708E-4D40-BE8C-8503282D8904}.Debug|x64.ActiveCfg = Debug|Any CPU
		{A6621A18-708E-4D40-BE8C-8503282D8904}.Debug|x64.Build.0 = Debug|Any CPU
		{A6621A18-708E-4D40-BE8C-8503282D8904}.Debug|x86.ActiveCfg = Debug|Any CPU
		{A6621A18-708E-4D40-BE8C-8503282D8904}.Debug|x86.Build.0 = Debug|Any CPU
		{A6621A18-708E-4D40-BE8C-8503282D8904}.Release|Any CPU.ActiveCfg = Release|Any CPU
		{A6621A18-708E-4D40-BE8C-8503282D8904}.Release|Any CPU.Build.0 = Release|Any CPU
		{A6621A18-708E-4D40-BE8C-8503282D8904}.Release|ARM.ActiveCfg = Release|Any CPU
		{A6621A18-708E-4D40-BE8C-8503282D8904}.Release|ARM.Build.0 = Release|Any CPU
		{A6621A18-708E-4D40-BE8C-8503282D8904}.Release|iPhone.ActiveCfg = Release|Any CPU
		{A6621A18-708E-4D40-BE8C-8503282D8904}.Release|iPhone.Build.0 = Release|Any CPU
		{A6621A18-708E-4D40-BE8C-8503282D8904}.Release|iPhoneSimulator.ActiveCfg = Release|Any CPU
		{A6621A18-708E-4D40-BE8C-8503282D8904}.Release|iPhoneSimulator.Build.0 = Release|Any CPU
		{A6621A18-708E-4D40-BE8C-8503282D8904}.Release|x64.ActiveCfg = Release|Any CPU
		{A6621A18-708E-4D40-BE8C-8503282D8904}.Release|x64.Build.0 = Release|Any CPU
		{A6621A18-708E-4D40-BE8C-8503282D8904}.Release|x86.ActiveCfg = Release|Any CPU
		{A6621A18-708E-4D40-BE8C-8503282D8904}.Release|x86.Build.0 = Release|Any CPU
	EndGlobalSection
	GlobalSection(SolutionProperties) = preSolution
		HideSolutionNode = FALSE
	EndGlobalSection
EndGlobal
