
Microsoft Visual Studio Solution File, Format Version 12.00
# Visual Studio 14
VisualStudioVersion = 14.0.25123.0
MinimumVisualStudioVersion = 10.0.40219.1
Project("{FAE04EC0-301F-11D3-BF4B-00C04F79EFBC}") = "ListViewList.Droid", "ListViewList\ListViewList.Droid\ListViewList.Droid.csproj", "{69D244C3-96D3-4A66-8AFA-66CD3C864933}"
EndProject
Project("{FAE04EC0-301F-11D3-BF4B-00C04F79EFBC}") = "ListViewList.iOS", "ListViewList\ListViewList.iOS\ListViewList.iOS.csproj", "{77618318-B9CF-46AA-834F-D7179EB78075}"
EndProject
Project("{FAE04EC0-301F-11D3-BF4B-00C04F79EFBC}") = "ListViewList.WinPhone", "ListViewList\ListViewList.WinPhone\ListViewList.WinPhone.csproj", "{224786AD-8776-4D06-BCCC-8DE22B33EEAC}"
EndProject
Project("{FAE04EC0-301F-11D3-BF4B-00C04F79EFBC}") = "ListViewList.Windows", "ListViewList\ListViewList.Windows\ListViewList.Windows.csproj", "{6AB89BBD-6526-4301-A134-7B3DCEC17FDE}"
EndProject
Project("{FAE04EC0-301F-11D3-BF4B-00C04F79EFBC}") = "ListViewList", "ListViewList\ListViewList\ListViewList.csproj", "{704F59E9-2FAC-48D2-A7FD-FCE4F63E00D4}"
EndProject
Global
	GlobalSection(SolutionConfigurationPlatforms) = preSolution
		Ad-Hoc|Any CPU = Ad-Hoc|Any CPU
		Ad-Hoc|ARM = Ad-Hoc|ARM
		Ad-Hoc|iPhone = Ad-Hoc|iPhone
		Ad-Hoc|iPhoneSimulator = Ad-Hoc|iPhoneSimulator
		Ad-Hoc|x64 = Ad-Hoc|x64
		Ad-Hoc|x86 = Ad-Hoc|x86
		AppStore|Any CPU = AppStore|Any CPU
		AppStore|ARM = AppStore|ARM
		AppStore|iPhone = AppStore|iPhone
		AppStore|iPhoneSimulator = AppStore|iPhoneSimulator
		AppStore|x64 = AppStore|x64
		AppStore|x86 = AppStore|x86
		Debug|Any CPU = Debug|Any CPU
		Debug|ARM = Debug|ARM
		Debug|iPhone = Debug|iPhone
		Debug|iPhoneSimulator = Debug|iPhoneSimulator
		Debug|x64 = Debug|x64
		Debug|x86 = Debug|x86
		Release|Any CPU = Release|Any CPU
		Release|ARM = Release|ARM
		Release|iPhone = Release|iPhone
		Release|iPhoneSimulator = Release|iPhoneSimulator
		Release|x64 = Release|x64
		Release|x86 = Release|x86
	EndGlobalSection
	GlobalSection(ProjectConfigurationPlatforms) = postSolution
		{69D244C3-96D3-4A66-8AFA-66CD3C864933}.Ad-Hoc|Any CPU.ActiveCfg = Release|Any CPU
		{69D244C3-96D3-4A66-8AFA-66CD3C864933}.Ad-Hoc|Any CPU.Build.0 = Release|Any CPU
		{69D244C3-96D3-4A66-8AFA-66CD3C864933}.Ad-Hoc|Any CPU.Deploy.0 = Release|Any CPU
		{69D244C3-96D3-4A66-8AFA-66CD3C864933}.Ad-Hoc|ARM.ActiveCfg = Release|Any CPU
		{69D244C3-96D3-4A66-8AFA-66CD3C864933}.Ad-Hoc|ARM.Build.0 = Release|Any CPU
		{69D244C3-96D3-4A66-8AFA-66CD3C864933}.Ad-Hoc|ARM.Deploy.0 = Release|Any CPU
		{69D244C3-96D3-4A66-8AFA-66CD3C864933}.Ad-Hoc|iPhone.ActiveCfg = Release|Any CPU
		{69D244C3-96D3-4A66-8AFA-66CD3C864933}.Ad-Hoc|iPhone.Build.0 = Release|Any CPU
		{69D244C3-96D3-4A66-8AFA-66CD3C864933}.Ad-Hoc|iPhone.Deploy.0 = Release|Any CPU
		{69D244C3-96D3-4A66-8AFA-66CD3C864933}.Ad-Hoc|iPhoneSimulator.ActiveCfg = Release|Any CPU
		{69D244C3-96D3-4A66-8AFA-66CD3C864933}.Ad-Hoc|iPhoneSimulator.Build.0 = Release|Any CPU
		{69D244C3-96D3-4A66-8AFA-66CD3C864933}.Ad-Hoc|iPhoneSimulator.Deploy.0 = Release|Any CPU
		{69D244C3-96D3-4A66-8AFA-66CD3C864933}.Ad-Hoc|x64.ActiveCfg = Release|Any CPU
		{69D244C3-96D3-4A66-8AFA-66CD3C864933}.Ad-Hoc|x64.Build.0 = Release|Any CPU
		{69D244C3-96D3-4A66-8AFA-66CD3C864933}.Ad-Hoc|x64.Deploy.0 = Release|Any CPU
		{69D244C3-96D3-4A66-8AFA-66CD3C864933}.Ad-Hoc|x86.ActiveCfg = Release|Any CPU
		{69D244C3-96D3-4A66-8AFA-66CD3C864933}.Ad-Hoc|x86.Build.0 = Release|Any CPU
		{69D244C3-96D3-4A66-8AFA-66CD3C864933}.Ad-Hoc|x86.Deploy.0 = Release|Any CPU
		{69D244C3-96D3-4A66-8AFA-66CD3C864933}.AppStore|Any CPU.ActiveCfg = Release|Any CPU
		{69D244C3-96D3-4A66-8AFA-66CD3C864933}.AppStore|Any CPU.Build.0 = Release|Any CPU
		{69D244C3-96D3-4A66-8AFA-66CD3C864933}.AppStore|Any CPU.Deploy.0 = Release|Any CPU
		{69D244C3-96D3-4A66-8AFA-66CD3C864933}.AppStore|ARM.ActiveCfg = Release|Any CPU
		{69D244C3-96D3-4A66-8AFA-66CD3C864933}.AppStore|ARM.Build.0 = Release|Any CPU
		{69D244C3-96D3-4A66-8AFA-66CD3C864933}.AppStore|ARM.Deploy.0 = Release|Any CPU
		{69D244C3-96D3-4A66-8AFA-66CD3C864933}.AppStore|iPhone.ActiveCfg = Release|Any CPU
		{69D244C3-96D3-4A66-8AFA-66CD3C864933}.AppStore|iPhone.Build.0 = Release|Any CPU
		{69D244C3-96D3-4A66-8AFA-66CD3C864933}.AppStore|iPhone.Deploy.0 = Release|Any CPU
		{69D244C3-96D3-4A66-8AFA-66CD3C864933}.AppStore|iPhoneSimulator.ActiveCfg = Release|Any CPU
		{69D244C3-96D3-4A66-8AFA-66CD3C864933}.AppStore|iPhoneSimulator.Build.0 = Release|Any CPU
		{69D244C3-96D3-4A66-8AFA-66CD3C864933}.AppStore|iPhoneSimulator.Deploy.0 = Release|Any CPU
		{69D244C3-96D3-4A66-8AFA-66CD3C864933}.AppStore|x64.ActiveCfg = Release|Any CPU
		{69D244C3-96D3-4A66-8AFA-66CD3C864933}.AppStore|x64.Build.0 = Release|Any CPU
		{69D244C3-96D3-4A66-8AFA-66CD3C864933}.AppStore|x64.Deploy.0 = Release|Any CPU
		{69D244C3-96D3-4A66-8AFA-66CD3C864933}.AppStore|x86.ActiveCfg = Release|Any CPU
		{69D244C3-96D3-4A66-8AFA-66CD3C864933}.AppStore|x86.Build.0 = Release|Any CPU
		{69D244C3-96D3-4A66-8AFA-66CD3C864933}.AppStore|x86.Deploy.0 = Release|Any CPU
		{69D244C3-96D3-4A66-8AFA-66CD3C864933}.Debug|Any CPU.ActiveCfg = Debug|Any CPU
		{69D244C3-96D3-4A66-8AFA-66CD3C864933}.Debug|Any CPU.Build.0 = Debug|Any CPU
		{69D244C3-96D3-4A66-8AFA-66CD3C864933}.Debug|Any CPU.Deploy.0 = Debug|Any CPU
		{69D244C3-96D3-4A66-8AFA-66CD3C864933}.Debug|ARM.ActiveCfg = Debug|Any CPU
		{69D244C3-96D3-4A66-8AFA-66CD3C864933}.Debug|ARM.Build.0 = Debug|Any CPU
		{69D244C3-96D3-4A66-8AFA-66CD3C864933}.Debug|ARM.Deploy.0 = Debug|Any CPU
		{69D244C3-96D3-4A66-8AFA-66CD3C864933}.Debug|iPhone.ActiveCfg = Debug|Any CPU
		{69D244C3-96D3-4A66-8AFA-66CD3C864933}.Debug|iPhone.Build.0 = Debug|Any CPU
		{69D244C3-96D3-4A66-8AFA-66CD3C864933}.Debug|iPhone.Deploy.0 = Debug|Any CPU
		{69D244C3-96D3-4A66-8AFA-66CD3C864933}.Debug|iPhoneSimulator.ActiveCfg = Debug|Any CPU
		{69D244C3-96D3-4A66-8AFA-66CD3C864933}.Debug|iPhoneSimulator.Build.0 = Debug|Any CPU
		{69D244C3-96D3-4A66-8AFA-66CD3C864933}.Debug|iPhoneSimulator.Deploy.0 = Debug|Any CPU
		{69D244C3-96D3-4A66-8AFA-66CD3C864933}.Debug|x64.ActiveCfg = Debug|Any CPU
		{69D244C3-96D3-4A66-8AFA-66CD3C864933}.Debug|x64.Build.0 = Debug|Any CPU
		{69D244C3-96D3-4A66-8AFA-66CD3C864933}.Debug|x64.Deploy.0 = Debug|Any CPU
		{69D244C3-96D3-4A66-8AFA-66CD3C864933}.Debug|x86.ActiveCfg = Debug|Any CPU
		{69D244C3-96D3-4A66-8AFA-66CD3C864933}.Debug|x86.Build.0 = Debug|Any CPU
		{69D244C3-96D3-4A66-8AFA-66CD3C864933}.Debug|x86.Deploy.0 = Debug|Any CPU
		{69D244C3-96D3-4A66-8AFA-66CD3C864933}.Release|Any CPU.ActiveCfg = Release|Any CPU
		{69D244C3-96D3-4A66-8AFA-66CD3C864933}.Release|Any CPU.Build.0 = Release|Any CPU
		{69D244C3-96D3-4A66-8AFA-66CD3C864933}.Release|Any CPU.Deploy.0 = Release|Any CPU
		{69D244C3-96D3-4A66-8AFA-66CD3C864933}.Release|ARM.ActiveCfg = Release|Any CPU
		{69D244C3-96D3-4A66-8AFA-66CD3C864933}.Release|ARM.Build.0 = Release|Any CPU
		{69D244C3-96D3-4A66-8AFA-66CD3C864933}.Release|ARM.Deploy.0 = Release|Any CPU
		{69D244C3-96D3-4A66-8AFA-66CD3C864933}.Release|iPhone.ActiveCfg = Release|Any CPU
		{69D244C3-96D3-4A66-8AFA-66CD3C864933}.Release|iPhone.Build.0 = Release|Any CPU
		{69D244C3-96D3-4A66-8AFA-66CD3C864933}.Release|iPhone.Deploy.0 = Release|Any CPU
		{69D244C3-96D3-4A66-8AFA-66CD3C864933}.Release|iPhoneSimulator.ActiveCfg = Release|Any CPU
		{69D244C3-96D3-4A66-8AFA-66CD3C864933}.Release|iPhoneSimulator.Build.0 = Release|Any CPU
		{69D244C3-96D3-4A66-8AFA-66CD3C864933}.Release|iPhoneSimulator.Deploy.0 = Release|Any CPU
		{69D244C3-96D3-4A66-8AFA-66CD3C864933}.Release|x64.ActiveCfg = Release|Any CPU
		{69D244C3-96D3-4A66-8AFA-66CD3C864933}.Release|x64.Build.0 = Release|Any CPU
		{69D244C3-96D3-4A66-8AFA-66CD3C864933}.Release|x64.Deploy.0 = Release|Any CPU
		{69D244C3-96D3-4A66-8AFA-66CD3C864933}.Release|x86.ActiveCfg = Release|Any CPU
		{69D244C3-96D3-4A66-8AFA-66CD3C864933}.Release|x86.Build.0 = Release|Any CPU
		{69D244C3-96D3-4A66-8AFA-66CD3C864933}.Release|x86.Deploy.0 = Release|Any CPU
		{77618318-B9CF-46AA-834F-D7179EB78075}.Ad-Hoc|Any CPU.ActiveCfg = Ad-Hoc|iPhone
		{77618318-B9CF-46AA-834F-D7179EB78075}.Ad-Hoc|ARM.ActiveCfg = Ad-Hoc|iPhone
		{77618318-B9CF-46AA-834F-D7179EB78075}.Ad-Hoc|iPhone.ActiveCfg = Ad-Hoc|iPhone
		{77618318-B9CF-46AA-834F-D7179EB78075}.Ad-Hoc|iPhone.Build.0 = Ad-Hoc|iPhone
		{77618318-B9CF-46AA-834F-D7179EB78075}.Ad-Hoc|iPhoneSimulator.ActiveCfg = Ad-Hoc|iPhoneSimulator
		{77618318-B9CF-46AA-834F-D7179EB78075}.Ad-Hoc|iPhoneSimulator.Build.0 = Ad-Hoc|iPhoneSimulator
		{77618318-B9CF-46AA-834F-D7179EB78075}.Ad-Hoc|x64.ActiveCfg = Ad-Hoc|iPhone
		{77618318-B9CF-46AA-834F-D7179EB78075}.Ad-Hoc|x86.ActiveCfg = Ad-Hoc|iPhone
		{77618318-B9CF-46AA-834F-D7179EB78075}.AppStore|Any CPU.ActiveCfg = AppStore|iPhone
		{77618318-B9CF-46AA-834F-D7179EB78075}.AppStore|ARM.ActiveCfg = AppStore|iPhone
		{77618318-B9CF-46AA-834F-D7179EB78075}.AppStore|iPhone.ActiveCfg = AppStore|iPhone
		{77618318-B9CF-46AA-834F-D7179EB78075}.AppStore|iPhone.Build.0 = AppStore|iPhone
		{77618318-B9CF-46AA-834F-D7179EB78075}.AppStore|iPhoneSimulator.ActiveCfg = AppStore|iPhoneSimulator
		{77618318-B9CF-46AA-834F-D7179EB78075}.AppStore|iPhoneSimulator.Build.0 = AppStore|iPhoneSimulator
		{77618318-B9CF-46AA-834F-D7179EB78075}.AppStore|x64.ActiveCfg = AppStore|iPhone
		{77618318-B9CF-46AA-834F-D7179EB78075}.AppStore|x86.ActiveCfg = AppStore|iPhone
		{77618318-B9CF-46AA-834F-D7179EB78075}.Debug|Any CPU.ActiveCfg = Debug|iPhone
		{77618318-B9CF-46AA-834F-D7179EB78075}.Debug|ARM.ActiveCfg = Debug|iPhone
		{77618318-B9CF-46AA-834F-D7179EB78075}.Debug|iPhone.ActiveCfg = Debug|iPhone
		{77618318-B9CF-46AA-834F-D7179EB78075}.Debug|iPhone.Build.0 = Debug|iPhone
		{77618318-B9CF-46AA-834F-D7179EB78075}.Debug|iPhoneSimulator.ActiveCfg = Debug|iPhoneSimulator
		{77618318-B9CF-46AA-834F-D7179EB78075}.Debug|iPhoneSimulator.Build.0 = Debug|iPhoneSimulator
		{77618318-B9CF-46AA-834F-D7179EB78075}.Debug|x64.ActiveCfg = Debug|iPhone
		{77618318-B9CF-46AA-834F-D7179EB78075}.Debug|x86.ActiveCfg = Debug|iPhone
		{77618318-B9CF-46AA-834F-D7179EB78075}.Release|Any CPU.ActiveCfg = Release|iPhone
		{77618318-B9CF-46AA-834F-D7179EB78075}.Release|ARM.ActiveCfg = Release|iPhone
		{77618318-B9CF-46AA-834F-D7179EB78075}.Release|iPhone.ActiveCfg = Release|iPhone
		{77618318-B9CF-46AA-834F-D7179EB78075}.Release|iPhone.Build.0 = Release|iPhone
		{77618318-B9CF-46AA-834F-D7179EB78075}.Release|iPhoneSimulator.ActiveCfg = Release|iPhoneSimulator
		{77618318-B9CF-46AA-834F-D7179EB78075}.Release|iPhoneSimulator.Build.0 = Release|iPhoneSimulator
		{77618318-B9CF-46AA-834F-D7179EB78075}.Release|x64.ActiveCfg = Release|iPhone
		{77618318-B9CF-46AA-834F-D7179EB78075}.Release|x86.ActiveCfg = Release|iPhone
		{224786AD-8776-4D06-BCCC-8DE22B33EEAC}.Ad-Hoc|Any CPU.ActiveCfg = Release|Any CPU
		{224786AD-8776-4D06-BCCC-8DE22B33EEAC}.Ad-Hoc|Any CPU.Build.0 = Release|Any CPU
		{224786AD-8776-4D06-BCCC-8DE22B33EEAC}.Ad-Hoc|Any CPU.Deploy.0 = Release|Any CPU
		{224786AD-8776-4D06-BCCC-8DE22B33EEAC}.Ad-Hoc|ARM.ActiveCfg = Release|ARM
		{224786AD-8776-4D06-BCCC-8DE22B33EEAC}.Ad-Hoc|ARM.Build.0 = Release|ARM
		{224786AD-8776-4D06-BCCC-8DE22B33EEAC}.Ad-Hoc|ARM.Deploy.0 = Release|ARM
		{224786AD-8776-4D06-BCCC-8DE22B33EEAC}.Ad-Hoc|iPhone.ActiveCfg = Release|Any CPU
		{224786AD-8776-4D06-BCCC-8DE22B33EEAC}.Ad-Hoc|iPhone.Build.0 = Release|Any CPU
		{224786AD-8776-4D06-BCCC-8DE22B33EEAC}.Ad-Hoc|iPhone.Deploy.0 = Release|Any CPU
		{224786AD-8776-4D06-BCCC-8DE22B33EEAC}.Ad-Hoc|iPhoneSimulator.ActiveCfg = Release|Any CPU
		{224786AD-8776-4D06-BCCC-8DE22B33EEAC}.Ad-Hoc|iPhoneSimulator.Build.0 = Release|Any CPU
		{224786AD-8776-4D06-BCCC-8DE22B33EEAC}.Ad-Hoc|iPhoneSimulator.Deploy.0 = Release|Any CPU
		{224786AD-8776-4D06-BCCC-8DE22B33EEAC}.Ad-Hoc|x64.ActiveCfg = Release|Any CPU
		{224786AD-8776-4D06-BCCC-8DE22B33EEAC}.Ad-Hoc|x64.Build.0 = Release|Any CPU
		{224786AD-8776-4D06-BCCC-8DE22B33EEAC}.Ad-Hoc|x64.Deploy.0 = Release|Any CPU
		{224786AD-8776-4D06-BCCC-8DE22B33EEAC}.Ad-Hoc|x86.ActiveCfg = Release|x86
		{224786AD-8776-4D06-BCCC-8DE22B33EEAC}.Ad-Hoc|x86.Build.0 = Release|x86
		{224786AD-8776-4D06-BCCC-8DE22B33EEAC}.Ad-Hoc|x86.Deploy.0 = Release|x86
		{224786AD-8776-4D06-BCCC-8DE22B33EEAC}.AppStore|Any CPU.ActiveCfg = Release|Any CPU
		{224786AD-8776-4D06-BCCC-8DE22B33EEAC}.AppStore|Any CPU.Build.0 = Release|Any CPU
		{224786AD-8776-4D06-BCCC-8DE22B33EEAC}.AppStore|Any CPU.Deploy.0 = Release|Any CPU
		{224786AD-8776-4D06-BCCC-8DE22B33EEAC}.AppStore|ARM.ActiveCfg = Release|ARM
		{224786AD-8776-4D06-BCCC-8DE22B33EEAC}.AppStore|ARM.Build.0 = Release|ARM
		{224786AD-8776-4D06-BCCC-8DE22B33EEAC}.AppStore|ARM.Deploy.0 = Release|ARM
		{224786AD-8776-4D06-BCCC-8DE22B33EEAC}.AppStore|iPhone.ActiveCfg = Release|Any CPU
		{224786AD-8776-4D06-BCCC-8DE22B33EEAC}.AppStore|iPhone.Build.0 = Release|Any CPU
		{224786AD-8776-4D06-BCCC-8DE22B33EEAC}.AppStore|iPhone.Deploy.0 = Release|Any CPU
		{224786AD-8776-4D06-BCCC-8DE22B33EEAC}.AppStore|iPhoneSimulator.ActiveCfg = Release|Any CPU
		{224786AD-8776-4D06-BCCC-8DE22B33EEAC}.AppStore|iPhoneSimulator.Build.0 = Release|Any CPU
		{224786AD-8776-4D06-BCCC-8DE22B33EEAC}.AppStore|iPhoneSimulator.Deploy.0 = Release|Any CPU
		{224786AD-8776-4D06-BCCC-8DE22B33EEAC}.AppStore|x64.ActiveCfg = Release|Any CPU
		{224786AD-8776-4D06-BCCC-8DE22B33EEAC}.AppStore|x64.Build.0 = Release|Any CPU
		{224786AD-8776-4D06-BCCC-8DE22B33EEAC}.AppStore|x64.Deploy.0 = Release|Any CPU
		{224786AD-8776-4D06-BCCC-8DE22B33EEAC}.AppStore|x86.ActiveCfg = Release|x86
		{224786AD-8776-4D06-BCCC-8DE22B33EEAC}.AppStore|x86.Build.0 = Release|x86
		{224786AD-8776-4D06-BCCC-8DE22B33EEAC}.AppStore|x86.Deploy.0 = Release|x86
		{224786AD-8776-4D06-BCCC-8DE22B33EEAC}.Debug|Any CPU.ActiveCfg = Debug|Any CPU
		{224786AD-8776-4D06-BCCC-8DE22B33EEAC}.Debug|Any CPU.Build.0 = Debug|Any CPU
		{224786AD-8776-4D06-BCCC-8DE22B33EEAC}.Debug|Any CPU.Deploy.0 = Debug|Any CPU
		{224786AD-8776-4D06-BCCC-8DE22B33EEAC}.Debug|ARM.ActiveCfg = Debug|ARM
		{224786AD-8776-4D06-BCCC-8DE22B33EEAC}.Debug|ARM.Build.0 = Debug|ARM
		{224786AD-8776-4D06-BCCC-8DE22B33EEAC}.Debug|ARM.Deploy.0 = Debug|ARM
		{224786AD-8776-4D06-BCCC-8DE22B33EEAC}.Debug|iPhone.ActiveCfg = Debug|Any CPU
		{224786AD-8776-4D06-BCCC-8DE22B33EEAC}.Debug|iPhone.Build.0 = Debug|Any CPU
		{224786AD-8776-4D06-BCCC-8DE22B33EEAC}.Debug|iPhone.Deploy.0 = Debug|Any CPU
		{224786AD-8776-4D06-BCCC-8DE22B33EEAC}.Debug|iPhoneSimulator.ActiveCfg = Debug|Any CPU
		{224786AD-8776-4D06-BCCC-8DE22B33EEAC}.Debug|iPhoneSimulator.Build.0 = Debug|Any CPU
		{224786AD-8776-4D06-BCCC-8DE22B33EEAC}.Debug|iPhoneSimulator.Deploy.0 = Debug|Any CPU
		{224786AD-8776-4D06-BCCC-8DE22B33EEAC}.Debug|x64.ActiveCfg = Debug|Any CPU
		{224786AD-8776-4D06-BCCC-8DE22B33EEAC}.Debug|x64.Build.0 = Debug|Any CPU
		{224786AD-8776-4D06-BCCC-8DE22B33EEAC}.Debug|x64.Deploy.0 = Debug|Any CPU
		{224786AD-8776-4D06-BCCC-8DE22B33EEAC}.Debug|x86.ActiveCfg = Debug|x86
		{224786AD-8776-4D06-BCCC-8DE22B33EEAC}.Debug|x86.Build.0 = Debug|x86
		{224786AD-8776-4D06-BCCC-8DE22B33EEAC}.Debug|x86.Deploy.0 = Debug|x86
		{224786AD-8776-4D06-BCCC-8DE22B33EEAC}.Release|Any CPU.ActiveCfg = Release|Any CPU
		{224786AD-8776-4D06-BCCC-8DE22B33EEAC}.Release|Any CPU.Build.0 = Release|Any CPU
		{224786AD-8776-4D06-BCCC-8DE22B33EEAC}.Release|Any CPU.Deploy.0 = Release|Any CPU
		{224786AD-8776-4D06-BCCC-8DE22B33EEAC}.Release|ARM.ActiveCfg = Release|ARM
		{224786AD-8776-4D06-BCCC-8DE22B33EEAC}.Release|ARM.Build.0 = Release|ARM
		{224786AD-8776-4D06-BCCC-8DE22B33EEAC}.Release|ARM.Deploy.0 = Release|ARM
		{224786AD-8776-4D06-BCCC-8DE22B33EEAC}.Release|iPhone.ActiveCfg = Release|Any CPU
		{224786AD-8776-4D06-BCCC-8DE22B33EEAC}.Release|iPhone.Build.0 = Release|Any CPU
		{224786AD-8776-4D06-BCCC-8DE22B33EEAC}.Release|iPhone.Deploy.0 = Release|Any CPU
		{224786AD-8776-4D06-BCCC-8DE22B33EEAC}.Release|iPhoneSimulator.ActiveCfg = Release|Any CPU
		{224786AD-8776-4D06-BCCC-8DE22B33EEAC}.Release|iPhoneSimulator.Build.0 = Release|Any CPU
		{224786AD-8776-4D06-BCCC-8DE22B33EEAC}.Release|iPhoneSimulator.Deploy.0 = Release|Any CPU
		{224786AD-8776-4D06-BCCC-8DE22B33EEAC}.Release|x64.ActiveCfg = Release|Any CPU
		{224786AD-8776-4D06-BCCC-8DE22B33EEAC}.Release|x64.Build.0 = Release|Any CPU
		{224786AD-8776-4D06-BCCC-8DE22B33EEAC}.Release|x64.Deploy.0 = Release|Any CPU
		{224786AD-8776-4D06-BCCC-8DE22B33EEAC}.Release|x86.ActiveCfg = Release|x86
		{224786AD-8776-4D06-BCCC-8DE22B33EEAC}.Release|x86.Build.0 = Release|x86
		{224786AD-8776-4D06-BCCC-8DE22B33EEAC}.Release|x86.Deploy.0 = Release|x86
		{6AB89BBD-6526-4301-A134-7B3DCEC17FDE}.Ad-Hoc|Any CPU.ActiveCfg = Release|Any CPU
		{6AB89BBD-6526-4301-A134-7B3DCEC17FDE}.Ad-Hoc|Any CPU.Build.0 = Release|Any CPU
		{6AB89BBD-6526-4301-A134-7B3DCEC17FDE}.Ad-Hoc|Any CPU.Deploy.0 = Release|Any CPU
		{6AB89BBD-6526-4301-A134-7B3DCEC17FDE}.Ad-Hoc|ARM.ActiveCfg = Release|ARM
		{6AB89BBD-6526-4301-A134-7B3DCEC17FDE}.Ad-Hoc|ARM.Build.0 = Release|ARM
		{6AB89BBD-6526-4301-A134-7B3DCEC17FDE}.Ad-Hoc|ARM.Deploy.0 = Release|ARM
		{6AB89BBD-6526-4301-A134-7B3DCEC17FDE}.Ad-Hoc|iPhone.ActiveCfg = Release|Any CPU
		{6AB89BBD-6526-4301-A134-7B3DCEC17FDE}.Ad-Hoc|iPhone.Build.0 = Release|Any CPU
		{6AB89BBD-6526-4301-A134-7B3DCEC17FDE}.Ad-Hoc|iPhone.Deploy.0 = Release|Any CPU
		{6AB89BBD-6526-4301-A134-7B3DCEC17FDE}.Ad-Hoc|iPhoneSimulator.ActiveCfg = Release|Any CPU
		{6AB89BBD-6526-4301-A134-7B3DCEC17FDE}.Ad-Hoc|iPhoneSimulator.Build.0 = Release|Any CPU
		{6AB89BBD-6526-4301-A134-7B3DCEC17FDE}.Ad-Hoc|iPhoneSimulator.Deploy.0 = Release|Any CPU
		{6AB89BBD-6526-4301-A134-7B3DCEC17FDE}.Ad-Hoc|x64.ActiveCfg = Release|x64
		{6AB89BBD-6526-4301-A134-7B3DCEC17FDE}.Ad-Hoc|x64.Build.0 = Release|x64
		{6AB89BBD-6526-4301-A134-7B3DCEC17FDE}.Ad-Hoc|x64.Deploy.0 = Release|x64
		{6AB89BBD-6526-4301-A134-7B3DCEC17FDE}.Ad-Hoc|x86.ActiveCfg = Release|x86
		{6AB89BBD-6526-4301-A134-7B3DCEC17FDE}.Ad-Hoc|x86.Build.0 = Release|x86
		{6AB89BBD-6526-4301-A134-7B3DCEC17FDE}.Ad-Hoc|x86.Deploy.0 = Release|x86
		{6AB89BBD-6526-4301-A134-7B3DCEC17FDE}.AppStore|Any CPU.ActiveCfg = Release|Any CPU
		{6AB89BBD-6526-4301-A134-7B3DCEC17FDE}.AppStore|Any CPU.Build.0 = Release|Any CPU
		{6AB89BBD-6526-4301-A134-7B3DCEC17FDE}.AppStore|Any CPU.Deploy.0 = Release|Any CPU
		{6AB89BBD-6526-4301-A134-7B3DCEC17FDE}.AppStore|ARM.ActiveCfg = Release|ARM
		{6AB89BBD-6526-4301-A134-7B3DCEC17FDE}.AppStore|ARM.Build.0 = Release|ARM
		{6AB89BBD-6526-4301-A134-7B3DCEC17FDE}.AppStore|ARM.Deploy.0 = Release|ARM
		{6AB89BBD-6526-4301-A134-7B3DCEC17FDE}.AppStore|iPhone.ActiveCfg = Release|Any CPU
		{6AB89BBD-6526-4301-A134-7B3DCEC17FDE}.AppStore|iPhone.Build.0 = Release|Any CPU
		{6AB89BBD-6526-4301-A134-7B3DCEC17FDE}.AppStore|iPhone.Deploy.0 = Release|Any CPU
		{6AB89BBD-6526-4301-A134-7B3DCEC17FDE}.AppStore|iPhoneSimulator.ActiveCfg = Release|Any CPU
		{6AB89BBD-6526-4301-A134-7B3DCEC17FDE}.AppStore|iPhoneSimulator.Build.0 = Release|Any CPU
		{6AB89BBD-6526-4301-A134-7B3DCEC17FDE}.AppStore|iPhoneSimulator.Deploy.0 = Release|Any CPU
		{6AB89BBD-6526-4301-A134-7B3DCEC17FDE}.AppStore|x64.ActiveCfg = Release|x64
		{6AB89BBD-6526-4301-A134-7B3DCEC17FDE}.AppStore|x64.Build.0 = Release|x64
		{6AB89BBD-6526-4301-A134-7B3DCEC17FDE}.AppStore|x64.Deploy.0 = Release|x64
		{6AB89BBD-6526-4301-A134-7B3DCEC17FDE}.AppStore|x86.ActiveCfg = Release|x86
		{6AB89BBD-6526-4301-A134-7B3DCEC17FDE}.AppStore|x86.Build.0 = Release|x86
		{6AB89BBD-6526-4301-A134-7B3DCEC17FDE}.AppStore|x86.Deploy.0 = Release|x86
		{6AB89BBD-6526-4301-A134-7B3DCEC17FDE}.Debug|Any CPU.ActiveCfg = Debug|Any CPU
		{6AB89BBD-6526-4301-A134-7B3DCEC17FDE}.Debug|Any CPU.Build.0 = Debug|Any CPU
		{6AB89BBD-6526-4301-A134-7B3DCEC17FDE}.Debug|Any CPU.Deploy.0 = Debug|Any CPU
		{6AB89BBD-6526-4301-A134-7B3DCEC17FDE}.Debug|ARM.ActiveCfg = Debug|ARM
		{6AB89BBD-6526-4301-A134-7B3DCEC17FDE}.Debug|ARM.Build.0 = Debug|ARM
		{6AB89BBD-6526-4301-A134-7B3DCEC17FDE}.Debug|ARM.Deploy.0 = Debug|ARM
		{6AB89BBD-6526-4301-A134-7B3DCEC17FDE}.Debug|iPhone.ActiveCfg = Debug|Any CPU
		{6AB89BBD-6526-4301-A134-7B3DCEC17FDE}.Debug|iPhone.Build.0 = Debug|Any CPU
		{6AB89BBD-6526-4301-A134-7B3DCEC17FDE}.Debug|iPhone.Deploy.0 = Debug|Any CPU
		{6AB89BBD-6526-4301-A134-7B3DCEC17FDE}.Debug|iPhoneSimulator.ActiveCfg = Debug|Any CPU
		{6AB89BBD-6526-4301-A134-7B3DCEC17FDE}.Debug|iPhoneSimulator.Build.0 = Debug|Any CPU
		{6AB89BBD-6526-4301-A134-7B3DCEC17FDE}.Debug|iPhoneSimulator.Deploy.0 = Debug|Any CPU
		{6AB89BBD-6526-4301-A134-7B3DCEC17FDE}.Debug|x64.ActiveCfg = Debug|x64
		{6AB89BBD-6526-4301-A134-7B3DCEC17FDE}.Debug|x64.Build.0 = Debug|x64
		{6AB89BBD-6526-4301-A134-7B3DCEC17FDE}.Debug|x64.Deploy.0 = Debug|x64
		{6AB89BBD-6526-4301-A134-7B3DCEC17FDE}.Debug|x86.ActiveCfg = Debug|x86
		{6AB89BBD-6526-4301-A134-7B3DCEC17FDE}.Debug|x86.Build.0 = Debug|x86
		{6AB89BBD-6526-4301-A134-7B3DCEC17FDE}.Debug|x86.Deploy.0 = Debug|x86
		{6AB89BBD-6526-4301-A134-7B3DCEC17FDE}.Release|Any CPU.ActiveCfg = Release|Any CPU
		{6AB89BBD-6526-4301-A134-7B3DCEC17FDE}.Release|Any CPU.Build.0 = Release|Any CPU
		{6AB89BBD-6526-4301-A134-7B3DCEC17FDE}.Release|Any CPU.Deploy.0 = Release|Any CPU
		{6AB89BBD-6526-4301-A134-7B3DCEC17FDE}.Release|ARM.ActiveCfg = Release|ARM
		{6AB89BBD-6526-4301-A134-7B3DCEC17FDE}.Release|ARM.Build.0 = Release|ARM
		{6AB89BBD-6526-4301-A134-7B3DCEC17FDE}.Release|ARM.Deploy.0 = Release|ARM
		{6AB89BBD-6526-4301-A134-7B3DCEC17FDE}.Release|iPhone.ActiveCfg = Release|Any CPU
		{6AB89BBD-6526-4301-A134-7B3DCEC17FDE}.Release|iPhone.Build.0 = Release|Any CPU
		{6AB89BBD-6526-4301-A134-7B3DCEC17FDE}.Release|iPhone.Deploy.0 = Release|Any CPU
		{6AB89BBD-6526-4301-A134-7B3DCEC17FDE}.Release|iPhoneSimulator.ActiveCfg = Release|Any CPU
		{6AB89BBD-6526-4301-A134-7B3DCEC17FDE}.Release|iPhoneSimulator.Build.0 = Release|Any CPU
		{6AB89BBD-6526-4301-A134-7B3DCEC17FDE}.Release|iPhoneSimulator.Deploy.0 = Release|Any CPU
		{6AB89BBD-6526-4301-A134-7B3DCEC17FDE}.Release|x64.ActiveCfg = Release|x64
		{6AB89BBD-6526-4301-A134-7B3DCEC17FDE}.Release|x64.Build.0 = Release|x64
		{6AB89BBD-6526-4301-A134-7B3DCEC17FDE}.Release|x64.Deploy.0 = Release|x64
		{6AB89BBD-6526-4301-A134-7B3DCEC17FDE}.Release|x86.ActiveCfg = Release|x86
		{6AB89BBD-6526-4301-A134-7B3DCEC17FDE}.Release|x86.Build.0 = Release|x86
		{6AB89BBD-6526-4301-A134-7B3DCEC17FDE}.Release|x86.Deploy.0 = Release|x86
		{704F59E9-2FAC-48D2-A7FD-FCE4F63E00D4}.Ad-Hoc|Any CPU.ActiveCfg = Release|Any CPU
		{704F59E9-2FAC-48D2-A7FD-FCE4F63E00D4}.Ad-Hoc|Any CPU.Build.0 = Release|Any CPU
		{704F59E9-2FAC-48D2-A7FD-FCE4F63E00D4}.Ad-Hoc|ARM.ActiveCfg = Release|Any CPU
		{704F59E9-2FAC-48D2-A7FD-FCE4F63E00D4}.Ad-Hoc|ARM.Build.0 = Release|Any CPU
		{704F59E9-2FAC-48D2-A7FD-FCE4F63E00D4}.Ad-Hoc|iPhone.ActiveCfg = Release|Any CPU
		{704F59E9-2FAC-48D2-A7FD-FCE4F63E00D4}.Ad-Hoc|iPhone.Build.0 = Release|Any CPU
		{704F59E9-2FAC-48D2-A7FD-FCE4F63E00D4}.Ad-Hoc|iPhoneSimulator.ActiveCfg = Release|Any CPU
		{704F59E9-2FAC-48D2-A7FD-FCE4F63E00D4}.Ad-Hoc|iPhoneSimulator.Build.0 = Release|Any CPU
		{704F59E9-2FAC-48D2-A7FD-FCE4F63E00D4}.Ad-Hoc|x64.ActiveCfg = Release|Any CPU
		{704F59E9-2FAC-48D2-A7FD-FCE4F63E00D4}.Ad-Hoc|x64.Build.0 = Release|Any CPU
		{704F59E9-2FAC-48D2-A7FD-FCE4F63E00D4}.Ad-Hoc|x86.ActiveCfg = Release|Any CPU
		{704F59E9-2FAC-48D2-A7FD-FCE4F63E00D4}.Ad-Hoc|x86.Build.0 = Release|Any CPU
		{704F59E9-2FAC-48D2-A7FD-FCE4F63E00D4}.AppStore|Any CPU.ActiveCfg = Release|Any CPU
		{704F59E9-2FAC-48D2-A7FD-FCE4F63E00D4}.AppStore|Any CPU.Build.0 = Release|Any CPU
		{704F59E9-2FAC-48D2-A7FD-FCE4F63E00D4}.AppStore|ARM.ActiveCfg = Release|Any CPU
		{704F59E9-2FAC-48D2-A7FD-FCE4F63E00D4}.AppStore|ARM.Build.0 = Release|Any CPU
		{704F59E9-2FAC-48D2-A7FD-FCE4F63E00D4}.AppStore|iPhone.ActiveCfg = Release|Any CPU
		{704F59E9-2FAC-48D2-A7FD-FCE4F63E00D4}.AppStore|iPhone.Build.0 = Release|Any CPU
		{704F59E9-2FAC-48D2-A7FD-FCE4F63E00D4}.AppStore|iPhoneSimulator.ActiveCfg = Release|Any CPU
		{704F59E9-2FAC-48D2-A7FD-FCE4F63E00D4}.AppStore|iPhoneSimulator.Build.0 = Release|Any CPU
		{704F59E9-2FAC-48D2-A7FD-FCE4F63E00D4}.AppStore|x64.ActiveCfg = Release|Any CPU
		{704F59E9-2FAC-48D2-A7FD-FCE4F63E00D4}.AppStore|x64.Build.0 = Release|Any CPU
		{704F59E9-2FAC-48D2-A7FD-FCE4F63E00D4}.AppStore|x86.ActiveCfg = Release|Any CPU
		{704F59E9-2FAC-48D2-A7FD-FCE4F63E00D4}.AppStore|x86.Build.0 = Release|Any CPU
		{704F59E9-2FAC-48D2-A7FD-FCE4F63E00D4}.Debug|Any CPU.ActiveCfg = Debug|Any CPU
		{704F59E9-2FAC-48D2-A7FD-FCE4F63E00D4}.Debug|Any CPU.Build.0 = Debug|Any CPU
		{704F59E9-2FAC-48D2-A7FD-FCE4F63E00D4}.Debug|ARM.ActiveCfg = Debug|Any CPU
		{704F59E9-2FAC-48D2-A7FD-FCE4F63E00D4}.Debug|ARM.Build.0 = Debug|Any CPU
		{704F59E9-2FAC-48D2-A7FD-FCE4F63E00D4}.Debug|iPhone.ActiveCfg = Debug|Any CPU
		{704F59E9-2FAC-48D2-A7FD-FCE4F63E00D4}.Debug|iPhone.Build.0 = Debug|Any CPU
		{704F59E9-2FAC-48D2-A7FD-FCE4F63E00D4}.Debug|iPhoneSimulator.ActiveCfg = Debug|Any CPU
		{704F59E9-2FAC-48D2-A7FD-FCE4F63E00D4}.Debug|iPhoneSimulator.Build.0 = Debug|Any CPU
		{704F59E9-2FAC-48D2-A7FD-FCE4F63E00D4}.Debug|x64.ActiveCfg = Debug|Any CPU
		{704F59E9-2FAC-48D2-A7FD-FCE4F63E00D4}.Debug|x64.Build.0 = Debug|Any CPU
		{704F59E9-2FAC-48D2-A7FD-FCE4F63E00D4}.Debug|x86.ActiveCfg = Debug|Any CPU
		{704F59E9-2FAC-48D2-A7FD-FCE4F63E00D4}.Debug|x86.Build.0 = Debug|Any CPU
		{704F59E9-2FAC-48D2-A7FD-FCE4F63E00D4}.Release|Any CPU.ActiveCfg = Release|Any CPU
		{704F59E9-2FAC-48D2-A7FD-FCE4F63E00D4}.Release|Any CPU.Build.0 = Release|Any CPU
		{704F59E9-2FAC-48D2-A7FD-FCE4F63E00D4}.Release|ARM.ActiveCfg = Release|Any CPU
		{704F59E9-2FAC-48D2-A7FD-FCE4F63E00D4}.Release|ARM.Build.0 = Release|Any CPU
		{704F59E9-2FAC-48D2-A7FD-FCE4F63E00D4}.Release|iPhone.ActiveCfg = Release|Any CPU
		{704F59E9-2FAC-48D2-A7FD-FCE4F63E00D4}.Release|iPhone.Build.0 = Release|Any CPU
		{704F59E9-2FAC-48D2-A7FD-FCE4F63E00D4}.Release|iPhoneSimulator.ActiveCfg = Release|Any CPU
		{704F59E9-2FAC-48D2-A7FD-FCE4F63E00D4}.Release|iPhoneSimulator.Build.0 = Release|Any CPU
		{704F59E9-2FAC-48D2-A7FD-FCE4F63E00D4}.Release|x64.ActiveCfg = Release|Any CPU
		{704F59E9-2FAC-48D2-A7FD-FCE4F63E00D4}.Release|x64.Build.0 = Release|Any CPU
		{704F59E9-2FAC-48D2-A7FD-FCE4F63E00D4}.Release|x86.ActiveCfg = Release|Any CPU
		{704F59E9-2FAC-48D2-A7FD-FCE4F63E00D4}.Release|x86.Build.0 = Release|Any CPU
	EndGlobalSection
	GlobalSection(SolutionProperties) = preSolution
		HideSolutionNode = FALSE
	EndGlobalSection
EndGlobal
