
Microsoft Visual Studio Solution File, Format Version 12.00
# Visual Studio 14
VisualStudioVersion = 14.0.25123.0
MinimumVisualStudioVersion = 10.0.40219.1
Project("{FAE04EC0-301F-11D3-BF4B-00C04F79EFBC}") = "XamarinTraining.Droid", "XamarinTraining\XamarinTraining.Droid\XamarinTraining.Droid.csproj", "{6DACD454-02C2-4409-A957-604B2C313F15}"
EndProject
Project("{FAE04EC0-301F-11D3-BF4B-00C04F79EFBC}") = "XamarinTraining.iOS", "XamarinTraining\XamarinTraining.iOS\XamarinTraining.iOS.csproj", "{8382FAE6-571B-4E82-B420-389FC43FA0DE}"
EndProject
Project("{FAE04EC0-301F-11D3-BF4B-00C04F79EFBC}") = "XamarinTraining.WinPhone", "XamarinTraining\XamarinTraining.WinPhone\XamarinTraining.WinPhone.csproj", "{234864B7-9FA8-4E4F-A31C-2B0C25BA6DF5}"
EndProject
Project("{FAE04EC0-301F-11D3-BF4B-00C04F79EFBC}") = "XamarinTraining.UWP", "XamarinTraining\XamarinTraining.UWP\XamarinTraining.UWP.csproj", "{023D88C7-2BB9-43C1-8CC1-A4402C7930E3}"
EndProject
Project("{FAE04EC0-301F-11D3-BF4B-00C04F79EFBC}") = "XamarinTraining.Windows", "XamarinTraining\XamarinTraining.Windows\XamarinTraining.Windows.csproj", "{A853482A-FFA6-4EA0-9C39-8A3D046AC88A}"
EndProject
Project("{FAE04EC0-301F-11D3-BF4B-00C04F79EFBC}") = "XamarinTraining", "XamarinTraining\XamarinTraining\XamarinTraining.csproj", "{988A1008-6D1E-43F2-920F-8EB11BACDCB5}"
EndProject
Project("{2150E333-8FDC-42A3-9474-1A3956D46DE8}") = "Cross_Platform", "Cross_Platform", "{C798527D-CCC1-4B88-9DE3-06251A5D6E81}"
EndProject
Global
	GlobalSection(SolutionConfigurationPlatforms) = preSolution
		Ad-Hoc|Any CPU = Ad-Hoc|Any CPU
		Ad-Hoc|ARM = Ad-Hoc|ARM
		Ad-Hoc|iPhone = Ad-Hoc|iPhone
		Ad-Hoc|iPhoneSimulator = Ad-Hoc|iPhoneSimulator
		Ad-Hoc|x64 = Ad-Hoc|x64
		Ad-Hoc|x86 = Ad-Hoc|x86
		AppStore|Any CPU = AppStore|Any CPU
		AppStore|ARM = AppStore|ARM
		AppStore|iPhone = AppStore|iPhone
		AppStore|iPhoneSimulator = AppStore|iPhoneSimulator
		AppStore|x64 = AppStore|x64
		AppStore|x86 = AppStore|x86
		Debug|Any CPU = Debug|Any CPU
		Debug|ARM = Debug|ARM
		Debug|iPhone = Debug|iPhone
		Debug|iPhoneSimulator = Debug|iPhoneSimulator
		Debug|x64 = Debug|x64
		Debug|x86 = Debug|x86
		Release|Any CPU = Release|Any CPU
		Release|ARM = Release|ARM
		Release|iPhone = Release|iPhone
		Release|iPhoneSimulator = Release|iPhoneSimulator
		Release|x64 = Release|x64
		Release|x86 = Release|x86
	EndGlobalSection
	GlobalSection(ProjectConfigurationPlatforms) = postSolution
		{6DACD454-02C2-4409-A957-604B2C313F15}.Ad-Hoc|Any CPU.ActiveCfg = Release|Any CPU
		{6DACD454-02C2-4409-A957-604B2C313F15}.Ad-Hoc|Any CPU.Build.0 = Release|Any CPU
		{6DACD454-02C2-4409-A957-604B2C313F15}.Ad-Hoc|Any CPU.Deploy.0 = Release|Any CPU
		{6DACD454-02C2-4409-A957-604B2C313F15}.Ad-Hoc|ARM.ActiveCfg = Release|Any CPU
		{6DACD454-02C2-4409-A957-604B2C313F15}.Ad-Hoc|ARM.Build.0 = Release|Any CPU
		{6DACD454-02C2-4409-A957-604B2C313F15}.Ad-Hoc|ARM.Deploy.0 = Release|Any CPU
		{6DACD454-02C2-4409-A957-604B2C313F15}.Ad-Hoc|iPhone.ActiveCfg = Release|Any CPU
		{6DACD454-02C2-4409-A957-604B2C313F15}.Ad-Hoc|iPhone.Build.0 = Release|Any CPU
		{6DACD454-02C2-4409-A957-604B2C313F15}.Ad-Hoc|iPhone.Deploy.0 = Release|Any CPU
		{6DACD454-02C2-4409-A957-604B2C313F15}.Ad-Hoc|iPhoneSimulator.ActiveCfg = Release|Any CPU
		{6DACD454-02C2-4409-A957-604B2C313F15}.Ad-Hoc|iPhoneSimulator.Build.0 = Release|Any CPU
		{6DACD454-02C2-4409-A957-604B2C313F15}.Ad-Hoc|iPhoneSimulator.Deploy.0 = Release|Any CPU
		{6DACD454-02C2-4409-A957-604B2C313F15}.Ad-Hoc|x64.ActiveCfg = Release|Any CPU
		{6DACD454-02C2-4409-A957-604B2C313F15}.Ad-Hoc|x64.Build.0 = Release|Any CPU
		{6DACD454-02C2-4409-A957-604B2C313F15}.Ad-Hoc|x64.Deploy.0 = Release|Any CPU
		{6DACD454-02C2-4409-A957-604B2C313F15}.Ad-Hoc|x86.ActiveCfg = Release|Any CPU
		{6DACD454-02C2-4409-A957-604B2C313F15}.Ad-Hoc|x86.Build.0 = Release|Any CPU
		{6DACD454-02C2-4409-A957-604B2C313F15}.Ad-Hoc|x86.Deploy.0 = Release|Any CPU
		{6DACD454-02C2-4409-A957-604B2C313F15}.AppStore|Any CPU.ActiveCfg = Release|Any CPU
		{6DACD454-02C2-4409-A957-604B2C313F15}.AppStore|Any CPU.Build.0 = Release|Any CPU
		{6DACD454-02C2-4409-A957-604B2C313F15}.AppStore|Any CPU.Deploy.0 = Release|Any CPU
		{6DACD454-02C2-4409-A957-604B2C313F15}.AppStore|ARM.ActiveCfg = Release|Any CPU
		{6DACD454-02C2-4409-A957-604B2C313F15}.AppStore|ARM.Build.0 = Release|Any CPU
		{6DACD454-02C2-4409-A957-604B2C313F15}.AppStore|ARM.Deploy.0 = Release|Any CPU
		{6DACD454-02C2-4409-A957-604B2C313F15}.AppStore|iPhone.ActiveCfg = Release|Any CPU
		{6DACD454-02C2-4409-A957-604B2C313F15}.AppStore|iPhone.Build.0 = Release|Any CPU
		{6DACD454-02C2-4409-A957-604B2C313F15}.AppStore|iPhone.Deploy.0 = Release|Any CPU
		{6DACD454-02C2-4409-A957-604B2C313F15}.AppStore|iPhoneSimulator.ActiveCfg = Release|Any CPU
		{6DACD454-02C2-4409-A957-604B2C313F15}.AppStore|iPhoneSimulator.Build.0 = Release|Any CPU
		{6DACD454-02C2-4409-A957-604B2C313F15}.AppStore|iPhoneSimulator.Deploy.0 = Release|Any CPU
		{6DACD454-02C2-4409-A957-604B2C313F15}.AppStore|x64.ActiveCfg = Release|Any CPU
		{6DACD454-02C2-4409-A957-604B2C313F15}.AppStore|x64.Build.0 = Release|Any CPU
		{6DACD454-02C2-4409-A957-604B2C313F15}.AppStore|x64.Deploy.0 = Release|Any CPU
		{6DACD454-02C2-4409-A957-604B2C313F15}.AppStore|x86.ActiveCfg = Release|Any CPU
		{6DACD454-02C2-4409-A957-604B2C313F15}.AppStore|x86.Build.0 = Release|Any CPU
		{6DACD454-02C2-4409-A957-604B2C313F15}.AppStore|x86.Deploy.0 = Release|Any CPU
		{6DACD454-02C2-4409-A957-604B2C313F15}.Debug|Any CPU.ActiveCfg = Debug|Any CPU
		{6DACD454-02C2-4409-A957-604B2C313F15}.Debug|Any CPU.Build.0 = Debug|Any CPU
		{6DACD454-02C2-4409-A957-604B2C313F15}.Debug|Any CPU.Deploy.0 = Debug|Any CPU
		{6DACD454-02C2-4409-A957-604B2C313F15}.Debug|ARM.ActiveCfg = Debug|Any CPU
		{6DACD454-02C2-4409-A957-604B2C313F15}.Debug|ARM.Build.0 = Debug|Any CPU
		{6DACD454-02C2-4409-A957-604B2C313F15}.Debug|ARM.Deploy.0 = Debug|Any CPU
		{6DACD454-02C2-4409-A957-604B2C313F15}.Debug|iPhone.ActiveCfg = Debug|Any CPU
		{6DACD454-02C2-4409-A957-604B2C313F15}.Debug|iPhone.Build.0 = Debug|Any CPU
		{6DACD454-02C2-4409-A957-604B2C313F15}.Debug|iPhone.Deploy.0 = Debug|Any CPU
		{6DACD454-02C2-4409-A957-604B2C313F15}.Debug|iPhoneSimulator.ActiveCfg = Debug|Any CPU
		{6DACD454-02C2-4409-A957-604B2C313F15}.Debug|iPhoneSimulator.Build.0 = Debug|Any CPU
		{6DACD454-02C2-4409-A957-604B2C313F15}.Debug|iPhoneSimulator.Deploy.0 = Debug|Any CPU
		{6DACD454-02C2-4409-A957-604B2C313F15}.Debug|x64.ActiveCfg = Debug|Any CPU
		{6DACD454-02C2-4409-A957-604B2C313F15}.Debug|x64.Build.0 = Debug|Any CPU
		{6DACD454-02C2-4409-A957-604B2C313F15}.Debug|x64.Deploy.0 = Debug|Any CPU
		{6DACD454-02C2-4409-A957-604B2C313F15}.Debug|x86.ActiveCfg = Debug|Any CPU
		{6DACD454-02C2-4409-A957-604B2C313F15}.Debug|x86.Build.0 = Debug|Any CPU
		{6DACD454-02C2-4409-A957-604B2C313F15}.Debug|x86.Deploy.0 = Debug|Any CPU
		{6DACD454-02C2-4409-A957-604B2C313F15}.Release|Any CPU.ActiveCfg = Release|Any CPU
		{6DACD454-02C2-4409-A957-604B2C313F15}.Release|Any CPU.Build.0 = Release|Any CPU
		{6DACD454-02C2-4409-A957-604B2C313F15}.Release|Any CPU.Deploy.0 = Release|Any CPU
		{6DACD454-02C2-4409-A957-604B2C313F15}.Release|ARM.ActiveCfg = Release|Any CPU
		{6DACD454-02C2-4409-A957-604B2C313F15}.Release|ARM.Build.0 = Release|Any CPU
		{6DACD454-02C2-4409-A957-604B2C313F15}.Release|ARM.Deploy.0 = Release|Any CPU
		{6DACD454-02C2-4409-A957-604B2C313F15}.Release|iPhone.ActiveCfg = Release|Any CPU
		{6DACD454-02C2-4409-A957-604B2C313F15}.Release|iPhone.Build.0 = Release|Any CPU
		{6DACD454-02C2-4409-A957-604B2C313F15}.Release|iPhone.Deploy.0 = Release|Any CPU
		{6DACD454-02C2-4409-A957-604B2C313F15}.Release|iPhoneSimulator.ActiveCfg = Release|Any CPU
		{6DACD454-02C2-4409-A957-604B2C313F15}.Release|iPhoneSimulator.Build.0 = Release|Any CPU
		{6DACD454-02C2-4409-A957-604B2C313F15}.Release|iPhoneSimulator.Deploy.0 = Release|Any CPU
		{6DACD454-02C2-4409-A957-604B2C313F15}.Release|x64.ActiveCfg = Release|Any CPU
		{6DACD454-02C2-4409-A957-604B2C313F15}.Release|x64.Build.0 = Release|Any CPU
		{6DACD454-02C2-4409-A957-604B2C313F15}.Release|x64.Deploy.0 = Release|Any CPU
		{6DACD454-02C2-4409-A957-604B2C313F15}.Release|x86.ActiveCfg = Release|Any CPU
		{6DACD454-02C2-4409-A957-604B2C313F15}.Release|x86.Build.0 = Release|Any CPU
		{6DACD454-02C2-4409-A957-604B2C313F15}.Release|x86.Deploy.0 = Release|Any CPU
		{8382FAE6-571B-4E82-B420-389FC43FA0DE}.Ad-Hoc|Any CPU.ActiveCfg = Ad-Hoc|iPhone
		{8382FAE6-571B-4E82-B420-389FC43FA0DE}.Ad-Hoc|ARM.ActiveCfg = Ad-Hoc|iPhone
		{8382FAE6-571B-4E82-B420-389FC43FA0DE}.Ad-Hoc|iPhone.ActiveCfg = Ad-Hoc|iPhone
		{8382FAE6-571B-4E82-B420-389FC43FA0DE}.Ad-Hoc|iPhone.Build.0 = Ad-Hoc|iPhone
		{8382FAE6-571B-4E82-B420-389FC43FA0DE}.Ad-Hoc|iPhoneSimulator.ActiveCfg = Ad-Hoc|iPhoneSimulator
		{8382FAE6-571B-4E82-B420-389FC43FA0DE}.Ad-Hoc|iPhoneSimulator.Build.0 = Ad-Hoc|iPhoneSimulator
		{8382FAE6-571B-4E82-B420-389FC43FA0DE}.Ad-Hoc|x64.ActiveCfg = Ad-Hoc|iPhone
		{8382FAE6-571B-4E82-B420-389FC43FA0DE}.Ad-Hoc|x86.ActiveCfg = Ad-Hoc|iPhone
		{8382FAE6-571B-4E82-B420-389FC43FA0DE}.AppStore|Any CPU.ActiveCfg = AppStore|iPhone
		{8382FAE6-571B-4E82-B420-389FC43FA0DE}.AppStore|ARM.ActiveCfg = AppStore|iPhone
		{8382FAE6-571B-4E82-B420-389FC43FA0DE}.AppStore|iPhone.ActiveCfg = AppStore|iPhone
		{8382FAE6-571B-4E82-B420-389FC43FA0DE}.AppStore|iPhone.Build.0 = AppStore|iPhone
		{8382FAE6-571B-4E82-B420-389FC43FA0DE}.AppStore|iPhoneSimulator.ActiveCfg = AppStore|iPhoneSimulator
		{8382FAE6-571B-4E82-B420-389FC43FA0DE}.AppStore|iPhoneSimulator.Build.0 = AppStore|iPhoneSimulator
		{8382FAE6-571B-4E82-B420-389FC43FA0DE}.AppStore|x64.ActiveCfg = AppStore|iPhone
		{8382FAE6-571B-4E82-B420-389FC43FA0DE}.AppStore|x86.ActiveCfg = AppStore|iPhone
		{8382FAE6-571B-4E82-B420-389FC43FA0DE}.Debug|Any CPU.ActiveCfg = Debug|iPhone
		{8382FAE6-571B-4E82-B420-389FC43FA0DE}.Debug|ARM.ActiveCfg = Debug|iPhone
		{8382FAE6-571B-4E82-B420-389FC43FA0DE}.Debug|iPhone.ActiveCfg = Debug|iPhone
		{8382FAE6-571B-4E82-B420-389FC43FA0DE}.Debug|iPhone.Build.0 = Debug|iPhone
		{8382FAE6-571B-4E82-B420-389FC43FA0DE}.Debug|iPhoneSimulator.ActiveCfg = Debug|iPhoneSimulator
		{8382FAE6-571B-4E82-B420-389FC43FA0DE}.Debug|iPhoneSimulator.Build.0 = Debug|iPhoneSimulator
		{8382FAE6-571B-4E82-B420-389FC43FA0DE}.Debug|x64.ActiveCfg = Debug|iPhone
		{8382FAE6-571B-4E82-B420-389FC43FA0DE}.Debug|x86.ActiveCfg = Debug|iPhone
		{8382FAE6-571B-4E82-B420-389FC43FA0DE}.Release|Any CPU.ActiveCfg = Release|iPhone
		{8382FAE6-571B-4E82-B420-389FC43FA0DE}.Release|ARM.ActiveCfg = Release|iPhone
		{8382FAE6-571B-4E82-B420-389FC43FA0DE}.Release|iPhone.ActiveCfg = Release|iPhone
		{8382FAE6-571B-4E82-B420-389FC43FA0DE}.Release|iPhone.Build.0 = Release|iPhone
		{8382FAE6-571B-4E82-B420-389FC43FA0DE}.Release|iPhoneSimulator.ActiveCfg = Release|iPhoneSimulator
		{8382FAE6-571B-4E82-B420-389FC43FA0DE}.Release|iPhoneSimulator.Build.0 = Release|iPhoneSimulator
		{8382FAE6-571B-4E82-B420-389FC43FA0DE}.Release|x64.ActiveCfg = Release|iPhone
		{8382FAE6-571B-4E82-B420-389FC43FA0DE}.Release|x86.ActiveCfg = Release|iPhone
		{234864B7-9FA8-4E4F-A31C-2B0C25BA6DF5}.Ad-Hoc|Any CPU.ActiveCfg = Release|Any CPU
		{234864B7-9FA8-4E4F-A31C-2B0C25BA6DF5}.Ad-Hoc|Any CPU.Build.0 = Release|Any CPU
		{234864B7-9FA8-4E4F-A31C-2B0C25BA6DF5}.Ad-Hoc|Any CPU.Deploy.0 = Release|Any CPU
		{234864B7-9FA8-4E4F-A31C-2B0C25BA6DF5}.Ad-Hoc|ARM.ActiveCfg = Release|ARM
		{234864B7-9FA8-4E4F-A31C-2B0C25BA6DF5}.Ad-Hoc|ARM.Build.0 = Release|ARM
		{234864B7-9FA8-4E4F-A31C-2B0C25BA6DF5}.Ad-Hoc|ARM.Deploy.0 = Release|ARM
		{234864B7-9FA8-4E4F-A31C-2B0C25BA6DF5}.Ad-Hoc|iPhone.ActiveCfg = Release|Any CPU
		{234864B7-9FA8-4E4F-A31C-2B0C25BA6DF5}.Ad-Hoc|iPhone.Build.0 = Release|Any CPU
		{234864B7-9FA8-4E4F-A31C-2B0C25BA6DF5}.Ad-Hoc|iPhone.Deploy.0 = Release|Any CPU
		{234864B7-9FA8-4E4F-A31C-2B0C25BA6DF5}.Ad-Hoc|iPhoneSimulator.ActiveCfg = Release|Any CPU
		{234864B7-9FA8-4E4F-A31C-2B0C25BA6DF5}.Ad-Hoc|iPhoneSimulator.Build.0 = Release|Any CPU
		{234864B7-9FA8-4E4F-A31C-2B0C25BA6DF5}.Ad-Hoc|iPhoneSimulator.Deploy.0 = Release|Any CPU
		{234864B7-9FA8-4E4F-A31C-2B0C25BA6DF5}.Ad-Hoc|x64.ActiveCfg = Release|Any CPU
		{234864B7-9FA8-4E4F-A31C-2B0C25BA6DF5}.Ad-Hoc|x64.Build.0 = Release|Any CPU
		{234864B7-9FA8-4E4F-A31C-2B0C25BA6DF5}.Ad-Hoc|x64.Deploy.0 = Release|Any CPU
		{234864B7-9FA8-4E4F-A31C-2B0C25BA6DF5}.Ad-Hoc|x86.ActiveCfg = Release|x86
		{234864B7-9FA8-4E4F-A31C-2B0C25BA6DF5}.Ad-Hoc|x86.Build.0 = Release|x86
		{234864B7-9FA8-4E4F-A31C-2B0C25BA6DF5}.Ad-Hoc|x86.Deploy.0 = Release|x86
		{234864B7-9FA8-4E4F-A31C-2B0C25BA6DF5}.AppStore|Any CPU.ActiveCfg = Release|Any CPU
		{234864B7-9FA8-4E4F-A31C-2B0C25BA6DF5}.AppStore|Any CPU.Build.0 = Release|Any CPU
		{234864B7-9FA8-4E4F-A31C-2B0C25BA6DF5}.AppStore|Any CPU.Deploy.0 = Release|Any CPU
		{234864B7-9FA8-4E4F-A31C-2B0C25BA6DF5}.AppStore|ARM.ActiveCfg = Release|ARM
		{234864B7-9FA8-4E4F-A31C-2B0C25BA6DF5}.AppStore|ARM.Build.0 = Release|ARM
		{234864B7-9FA8-4E4F-A31C-2B0C25BA6DF5}.AppStore|ARM.Deploy.0 = Release|ARM
		{234864B7-9FA8-4E4F-A31C-2B0C25BA6DF5}.AppStore|iPhone.ActiveCfg = Release|Any CPU
		{234864B7-9FA8-4E4F-A31C-2B0C25BA6DF5}.AppStore|iPhone.Build.0 = Release|Any CPU
		{234864B7-9FA8-4E4F-A31C-2B0C25BA6DF5}.AppStore|iPhone.Deploy.0 = Release|Any CPU
		{234864B7-9FA8-4E4F-A31C-2B0C25BA6DF5}.AppStore|iPhoneSimulator.ActiveCfg = Release|Any CPU
		{234864B7-9FA8-4E4F-A31C-2B0C25BA6DF5}.AppStore|iPhoneSimulator.Build.0 = Release|Any CPU
		{234864B7-9FA8-4E4F-A31C-2B0C25BA6DF5}.AppStore|iPhoneSimulator.Deploy.0 = Release|Any CPU
		{234864B7-9FA8-4E4F-A31C-2B0C25BA6DF5}.AppStore|x64.ActiveCfg = Release|Any CPU
		{234864B7-9FA8-4E4F-A31C-2B0C25BA6DF5}.AppStore|x64.Build.0 = Release|Any CPU
		{234864B7-9FA8-4E4F-A31C-2B0C25BA6DF5}.AppStore|x64.Deploy.0 = Release|Any CPU
		{234864B7-9FA8-4E4F-A31C-2B0C25BA6DF5}.AppStore|x86.ActiveCfg = Release|x86
		{234864B7-9FA8-4E4F-A31C-2B0C25BA6DF5}.AppStore|x86.Build.0 = Release|x86
		{234864B7-9FA8-4E4F-A31C-2B0C25BA6DF5}.AppStore|x86.Deploy.0 = Release|x86
		{234864B7-9FA8-4E4F-A31C-2B0C25BA6DF5}.Debug|Any CPU.ActiveCfg = Debug|Any CPU
		{234864B7-9FA8-4E4F-A31C-2B0C25BA6DF5}.Debug|Any CPU.Build.0 = Debug|Any CPU
		{234864B7-9FA8-4E4F-A31C-2B0C25BA6DF5}.Debug|Any CPU.Deploy.0 = Debug|Any CPU
		{234864B7-9FA8-4E4F-A31C-2B0C25BA6DF5}.Debug|ARM.ActiveCfg = Debug|ARM
		{234864B7-9FA8-4E4F-A31C-2B0C25BA6DF5}.Debug|ARM.Build.0 = Debug|ARM
		{234864B7-9FA8-4E4F-A31C-2B0C25BA6DF5}.Debug|ARM.Deploy.0 = Debug|ARM
		{234864B7-9FA8-4E4F-A31C-2B0C25BA6DF5}.Debug|iPhone.ActiveCfg = Debug|Any CPU
		{234864B7-9FA8-4E4F-A31C-2B0C25BA6DF5}.Debug|iPhone.Build.0 = Debug|Any CPU
		{234864B7-9FA8-4E4F-A31C-2B0C25BA6DF5}.Debug|iPhone.Deploy.0 = Debug|Any CPU
		{234864B7-9FA8-4E4F-A31C-2B0C25BA6DF5}.Debug|iPhoneSimulator.ActiveCfg = Debug|Any CPU
		{234864B7-9FA8-4E4F-A31C-2B0C25BA6DF5}.Debug|iPhoneSimulator.Build.0 = Debug|Any CPU
		{234864B7-9FA8-4E4F-A31C-2B0C25BA6DF5}.Debug|iPhoneSimulator.Deploy.0 = Debug|Any CPU
		{234864B7-9FA8-4E4F-A31C-2B0C25BA6DF5}.Debug|x64.ActiveCfg = Debug|Any CPU
		{234864B7-9FA8-4E4F-A31C-2B0C25BA6DF5}.Debug|x64.Build.0 = Debug|Any CPU
		{234864B7-9FA8-4E4F-A31C-2B0C25BA6DF5}.Debug|x64.Deploy.0 = Debug|Any CPU
		{234864B7-9FA8-4E4F-A31C-2B0C25BA6DF5}.Debug|x86.ActiveCfg = Debug|x86
		{234864B7-9FA8-4E4F-A31C-2B0C25BA6DF5}.Debug|x86.Build.0 = Debug|x86
		{234864B7-9FA8-4E4F-A31C-2B0C25BA6DF5}.Debug|x86.Deploy.0 = Debug|x86
		{234864B7-9FA8-4E4F-A31C-2B0C25BA6DF5}.Release|Any CPU.ActiveCfg = Release|Any CPU
		{234864B7-9FA8-4E4F-A31C-2B0C25BA6DF5}.Release|Any CPU.Build.0 = Release|Any CPU
		{234864B7-9FA8-4E4F-A31C-2B0C25BA6DF5}.Release|Any CPU.Deploy.0 = Release|Any CPU
		{234864B7-9FA8-4E4F-A31C-2B0C25BA6DF5}.Release|ARM.ActiveCfg = Release|ARM
		{234864B7-9FA8-4E4F-A31C-2B0C25BA6DF5}.Release|ARM.Build.0 = Release|ARM
		{234864B7-9FA8-4E4F-A31C-2B0C25BA6DF5}.Release|ARM.Deploy.0 = Release|ARM
		{234864B7-9FA8-4E4F-A31C-2B0C25BA6DF5}.Release|iPhone.ActiveCfg = Release|Any CPU
		{234864B7-9FA8-4E4F-A31C-2B0C25BA6DF5}.Release|iPhone.Build.0 = Release|Any CPU
		{234864B7-9FA8-4E4F-A31C-2B0C25BA6DF5}.Release|iPhone.Deploy.0 = Release|Any CPU
		{234864B7-9FA8-4E4F-A31C-2B0C25BA6DF5}.Release|iPhoneSimulator.ActiveCfg = Release|Any CPU
		{234864B7-9FA8-4E4F-A31C-2B0C25BA6DF5}.Release|iPhoneSimulator.Build.0 = Release|Any CPU
		{234864B7-9FA8-4E4F-A31C-2B0C25BA6DF5}.Release|iPhoneSimulator.Deploy.0 = Release|Any CPU
		{234864B7-9FA8-4E4F-A31C-2B0C25BA6DF5}.Release|x64.ActiveCfg = Release|Any CPU
		{234864B7-9FA8-4E4F-A31C-2B0C25BA6DF5}.Release|x64.Build.0 = Release|Any CPU
		{234864B7-9FA8-4E4F-A31C-2B0C25BA6DF5}.Release|x64.Deploy.0 = Release|Any CPU
		{234864B7-9FA8-4E4F-A31C-2B0C25BA6DF5}.Release|x86.ActiveCfg = Release|x86
		{234864B7-9FA8-4E4F-A31C-2B0C25BA6DF5}.Release|x86.Build.0 = Release|x86
		{234864B7-9FA8-4E4F-A31C-2B0C25BA6DF5}.Release|x86.Deploy.0 = Release|x86
		{023D88C7-2BB9-43C1-8CC1-A4402C7930E3}.Ad-Hoc|Any CPU.ActiveCfg = Release|x86
		{023D88C7-2BB9-43C1-8CC1-A4402C7930E3}.Ad-Hoc|Any CPU.Build.0 = Release|x86
		{023D88C7-2BB9-43C1-8CC1-A4402C7930E3}.Ad-Hoc|Any CPU.Deploy.0 = Release|x86
		{023D88C7-2BB9-43C1-8CC1-A4402C7930E3}.Ad-Hoc|ARM.ActiveCfg = Release|ARM
		{023D88C7-2BB9-43C1-8CC1-A4402C7930E3}.Ad-Hoc|ARM.Build.0 = Release|ARM
		{023D88C7-2BB9-43C1-8CC1-A4402C7930E3}.Ad-Hoc|ARM.Deploy.0 = Release|ARM
		{023D88C7-2BB9-43C1-8CC1-A4402C7930E3}.Ad-Hoc|iPhone.ActiveCfg = Release|x86
		{023D88C7-2BB9-43C1-8CC1-A4402C7930E3}.Ad-Hoc|iPhone.Build.0 = Release|x86
		{023D88C7-2BB9-43C1-8CC1-A4402C7930E3}.Ad-Hoc|iPhone.Deploy.0 = Release|x86
		{023D88C7-2BB9-43C1-8CC1-A4402C7930E3}.Ad-Hoc|iPhoneSimulator.ActiveCfg = Release|x86
		{023D88C7-2BB9-43C1-8CC1-A4402C7930E3}.Ad-Hoc|iPhoneSimulator.Build.0 = Release|x86
		{023D88C7-2BB9-43C1-8CC1-A4402C7930E3}.Ad-Hoc|iPhoneSimulator.Deploy.0 = Release|x86
		{023D88C7-2BB9-43C1-8CC1-A4402C7930E3}.Ad-Hoc|x64.ActiveCfg = Release|x64
		{023D88C7-2BB9-43C1-8CC1-A4402C7930E3}.Ad-Hoc|x64.Build.0 = Release|x64
		{023D88C7-2BB9-43C1-8CC1-A4402C7930E3}.Ad-Hoc|x64.Deploy.0 = Release|x64
		{023D88C7-2BB9-43C1-8CC1-A4402C7930E3}.Ad-Hoc|x86.ActiveCfg = Release|x86
		{023D88C7-2BB9-43C1-8CC1-A4402C7930E3}.Ad-Hoc|x86.Build.0 = Release|x86
		{023D88C7-2BB9-43C1-8CC1-A4402C7930E3}.Ad-Hoc|x86.Deploy.0 = Release|x86
		{023D88C7-2BB9-43C1-8CC1-A4402C7930E3}.AppStore|Any CPU.ActiveCfg = Release|x86
		{023D88C7-2BB9-43C1-8CC1-A4402C7930E3}.AppStore|Any CPU.Build.0 = Release|x86
		{023D88C7-2BB9-43C1-8CC1-A4402C7930E3}.AppStore|Any CPU.Deploy.0 = Release|x86
		{023D88C7-2BB9-43C1-8CC1-A4402C7930E3}.AppStore|ARM.ActiveCfg = Release|ARM
		{023D88C7-2BB9-43C1-8CC1-A4402C7930E3}.AppStore|ARM.Build.0 = Release|ARM
		{023D88C7-2BB9-43C1-8CC1-A4402C7930E3}.AppStore|ARM.Deploy.0 = Release|ARM
		{023D88C7-2BB9-43C1-8CC1-A4402C7930E3}.AppStore|iPhone.ActiveCfg = Release|x86
		{023D88C7-2BB9-43C1-8CC1-A4402C7930E3}.AppStore|iPhone.Build.0 = Release|x86
		{023D88C7-2BB9-43C1-8CC1-A4402C7930E3}.AppStore|iPhone.Deploy.0 = Release|x86
		{023D88C7-2BB9-43C1-8CC1-A4402C7930E3}.AppStore|iPhoneSimulator.ActiveCfg = Release|x86
		{023D88C7-2BB9-43C1-8CC1-A4402C7930E3}.AppStore|iPhoneSimulator.Build.0 = Release|x86
		{023D88C7-2BB9-43C1-8CC1-A4402C7930E3}.AppStore|iPhoneSimulator.Deploy.0 = Release|x86
		{023D88C7-2BB9-43C1-8CC1-A4402C7930E3}.AppStore|x64.ActiveCfg = Release|x64
		{023D88C7-2BB9-43C1-8CC1-A4402C7930E3}.AppStore|x64.Build.0 = Release|x64
		{023D88C7-2BB9-43C1-8CC1-A4402C7930E3}.AppStore|x64.Deploy.0 = Release|x64
		{023D88C7-2BB9-43C1-8CC1-A4402C7930E3}.AppStore|x86.ActiveCfg = Release|x86
		{023D88C7-2BB9-43C1-8CC1-A4402C7930E3}.AppStore|x86.Build.0 = Release|x86
		{023D88C7-2BB9-43C1-8CC1-A4402C7930E3}.AppStore|x86.Deploy.0 = Release|x86
		{023D88C7-2BB9-43C1-8CC1-A4402C7930E3}.Debug|Any CPU.ActiveCfg = Debug|x86
		{023D88C7-2BB9-43C1-8CC1-A4402C7930E3}.Debug|ARM.ActiveCfg = Debug|ARM
		{023D88C7-2BB9-43C1-8CC1-A4402C7930E3}.Debug|ARM.Build.0 = Debug|ARM
		{023D88C7-2BB9-43C1-8CC1-A4402C7930E3}.Debug|ARM.Deploy.0 = Debug|ARM
		{023D88C7-2BB9-43C1-8CC1-A4402C7930E3}.Debug|iPhone.ActiveCfg = Debug|x86
		{023D88C7-2BB9-43C1-8CC1-A4402C7930E3}.Debug|iPhoneSimulator.ActiveCfg = Debug|x86
		{023D88C7-2BB9-43C1-8CC1-A4402C7930E3}.Debug|x64.ActiveCfg = Debug|x64
		{023D88C7-2BB9-43C1-8CC1-A4402C7930E3}.Debug|x64.Build.0 = Debug|x64
		{023D88C7-2BB9-43C1-8CC1-A4402C7930E3}.Debug|x64.Deploy.0 = Debug|x64
		{023D88C7-2BB9-43C1-8CC1-A4402C7930E3}.Debug|x86.ActiveCfg = Debug|x86
		{023D88C7-2BB9-43C1-8CC1-A4402C7930E3}.Debug|x86.Build.0 = Debug|x86
		{023D88C7-2BB9-43C1-8CC1-A4402C7930E3}.Debug|x86.Deploy.0 = Debug|x86
		{023D88C7-2BB9-43C1-8CC1-A4402C7930E3}.Release|Any CPU.ActiveCfg = Release|x86
		{023D88C7-2BB9-43C1-8CC1-A4402C7930E3}.Release|ARM.ActiveCfg = Release|ARM
		{023D88C7-2BB9-43C1-8CC1-A4402C7930E3}.Release|ARM.Build.0 = Release|ARM
		{023D88C7-2BB9-43C1-8CC1-A4402C7930E3}.Release|ARM.Deploy.0 = Release|ARM
		{023D88C7-2BB9-43C1-8CC1-A4402C7930E3}.Release|iPhone.ActiveCfg = Release|x86
		{023D88C7-2BB9-43C1-8CC1-A4402C7930E3}.Release|iPhoneSimulator.ActiveCfg = Release|x86
		{023D88C7-2BB9-43C1-8CC1-A4402C7930E3}.Release|x64.ActiveCfg = Release|x64
		{023D88C7-2BB9-43C1-8CC1-A4402C7930E3}.Release|x64.Build.0 = Release|x64
		{023D88C7-2BB9-43C1-8CC1-A4402C7930E3}.Release|x64.Deploy.0 = Release|x64
		{023D88C7-2BB9-43C1-8CC1-A4402C7930E3}.Release|x86.ActiveCfg = Release|x86
		{023D88C7-2BB9-43C1-8CC1-A4402C7930E3}.Release|x86.Build.0 = Release|x86
		{023D88C7-2BB9-43C1-8CC1-A4402C7930E3}.Release|x86.Deploy.0 = Release|x86
		{A853482A-FFA6-4EA0-9C39-8A3D046AC88A}.Ad-Hoc|Any CPU.ActiveCfg = Release|Any CPU
		{A853482A-FFA6-4EA0-9C39-8A3D046AC88A}.Ad-Hoc|Any CPU.Build.0 = Release|Any CPU
		{A853482A-FFA6-4EA0-9C39-8A3D046AC88A}.Ad-Hoc|Any CPU.Deploy.0 = Release|Any CPU
		{A853482A-FFA6-4EA0-9C39-8A3D046AC88A}.Ad-Hoc|ARM.ActiveCfg = Release|ARM
		{A853482A-FFA6-4EA0-9C39-8A3D046AC88A}.Ad-Hoc|ARM.Build.0 = Release|ARM
		{A853482A-FFA6-4EA0-9C39-8A3D046AC88A}.Ad-Hoc|ARM.Deploy.0 = Release|ARM
		{A853482A-FFA6-4EA0-9C39-8A3D046AC88A}.Ad-Hoc|iPhone.ActiveCfg = Release|Any CPU
		{A853482A-FFA6-4EA0-9C39-8A3D046AC88A}.Ad-Hoc|iPhone.Build.0 = Release|Any CPU
		{A853482A-FFA6-4EA0-9C39-8A3D046AC88A}.Ad-Hoc|iPhone.Deploy.0 = Release|Any CPU
		{A853482A-FFA6-4EA0-9C39-8A3D046AC88A}.Ad-Hoc|iPhoneSimulator.ActiveCfg = Release|Any CPU
		{A853482A-FFA6-4EA0-9C39-8A3D046AC88A}.Ad-Hoc|iPhoneSimulator.Build.0 = Release|Any CPU
		{A853482A-FFA6-4EA0-9C39-8A3D046AC88A}.Ad-Hoc|iPhoneSimulator.Deploy.0 = Release|Any CPU
		{A853482A-FFA6-4EA0-9C39-8A3D046AC88A}.Ad-Hoc|x64.ActiveCfg = Release|x64
		{A853482A-FFA6-4EA0-9C39-8A3D046AC88A}.Ad-Hoc|x64.Build.0 = Release|x64
		{A853482A-FFA6-4EA0-9C39-8A3D046AC88A}.Ad-Hoc|x64.Deploy.0 = Release|x64
		{A853482A-FFA6-4EA0-9C39-8A3D046AC88A}.Ad-Hoc|x86.ActiveCfg = Release|x86
		{A853482A-FFA6-4EA0-9C39-8A3D046AC88A}.Ad-Hoc|x86.Build.0 = Release|x86
		{A853482A-FFA6-4EA0-9C39-8A3D046AC88A}.Ad-Hoc|x86.Deploy.0 = Release|x86
		{A853482A-FFA6-4EA0-9C39-8A3D046AC88A}.AppStore|Any CPU.ActiveCfg = Release|Any CPU
		{A853482A-FFA6-4EA0-9C39-8A3D046AC88A}.AppStore|Any CPU.Build.0 = Release|Any CPU
		{A853482A-FFA6-4EA0-9C39-8A3D046AC88A}.AppStore|Any CPU.Deploy.0 = Release|Any CPU
		{A853482A-FFA6-4EA0-9C39-8A3D046AC88A}.AppStore|ARM.ActiveCfg = Release|ARM
		{A853482A-FFA6-4EA0-9C39-8A3D046AC88A}.AppStore|ARM.Build.0 = Release|ARM
		{A853482A-FFA6-4EA0-9C39-8A3D046AC88A}.AppStore|ARM.Deploy.0 = Release|ARM
		{A853482A-FFA6-4EA0-9C39-8A3D046AC88A}.AppStore|iPhone.ActiveCfg = Release|Any CPU
		{A853482A-FFA6-4EA0-9C39-8A3D046AC88A}.AppStore|iPhone.Build.0 = Release|Any CPU
		{A853482A-FFA6-4EA0-9C39-8A3D046AC88A}.AppStore|iPhone.Deploy.0 = Release|Any CPU
		{A853482A-FFA6-4EA0-9C39-8A3D046AC88A}.AppStore|iPhoneSimulator.ActiveCfg = Release|Any CPU
		{A853482A-FFA6-4EA0-9C39-8A3D046AC88A}.AppStore|iPhoneSimulator.Build.0 = Release|Any CPU
		{A853482A-FFA6-4EA0-9C39-8A3D046AC88A}.AppStore|iPhoneSimulator.Deploy.0 = Release|Any CPU
		{A853482A-FFA6-4EA0-9C39-8A3D046AC88A}.AppStore|x64.ActiveCfg = Release|x64
		{A853482A-FFA6-4EA0-9C39-8A3D046AC88A}.AppStore|x64.Build.0 = Release|x64
		{A853482A-FFA6-4EA0-9C39-8A3D046AC88A}.AppStore|x64.Deploy.0 = Release|x64
		{A853482A-FFA6-4EA0-9C39-8A3D046AC88A}.AppStore|x86.ActiveCfg = Release|x86
		{A853482A-FFA6-4EA0-9C39-8A3D046AC88A}.AppStore|x86.Build.0 = Release|x86
		{A853482A-FFA6-4EA0-9C39-8A3D046AC88A}.AppStore|x86.Deploy.0 = Release|x86
		{A853482A-FFA6-4EA0-9C39-8A3D046AC88A}.Debug|Any CPU.ActiveCfg = Debug|Any CPU
		{A853482A-FFA6-4EA0-9C39-8A3D046AC88A}.Debug|Any CPU.Build.0 = Debug|Any CPU
		{A853482A-FFA6-4EA0-9C39-8A3D046AC88A}.Debug|Any CPU.Deploy.0 = Debug|Any CPU
		{A853482A-FFA6-4EA0-9C39-8A3D046AC88A}.Debug|ARM.ActiveCfg = Debug|ARM
		{A853482A-FFA6-4EA0-9C39-8A3D046AC88A}.Debug|ARM.Build.0 = Debug|ARM
		{A853482A-FFA6-4EA0-9C39-8A3D046AC88A}.Debug|ARM.Deploy.0 = Debug|ARM
		{A853482A-FFA6-4EA0-9C39-8A3D046AC88A}.Debug|iPhone.ActiveCfg = Debug|Any CPU
		{A853482A-FFA6-4EA0-9C39-8A3D046AC88A}.Debug|iPhone.Build.0 = Debug|Any CPU
		{A853482A-FFA6-4EA0-9C39-8A3D046AC88A}.Debug|iPhone.Deploy.0 = Debug|Any CPU
		{A853482A-FFA6-4EA0-9C39-8A3D046AC88A}.Debug|iPhoneSimulator.ActiveCfg = Debug|Any CPU
		{A853482A-FFA6-4EA0-9C39-8A3D046AC88A}.Debug|iPhoneSimulator.Build.0 = Debug|Any CPU
		{A853482A-FFA6-4EA0-9C39-8A3D046AC88A}.Debug|iPhoneSimulator.Deploy.0 = Debug|Any CPU
		{A853482A-FFA6-4EA0-9C39-8A3D046AC88A}.Debug|x64.ActiveCfg = Debug|x64
		{A853482A-FFA6-4EA0-9C39-8A3D046AC88A}.Debug|x64.Build.0 = Debug|x64
		{A853482A-FFA6-4EA0-9C39-8A3D046AC88A}.Debug|x64.Deploy.0 = Debug|x64
		{A853482A-FFA6-4EA0-9C39-8A3D046AC88A}.Debug|x86.ActiveCfg = Debug|x86
		{A853482A-FFA6-4EA0-9C39-8A3D046AC88A}.Debug|x86.Build.0 = Debug|x86
		{A853482A-FFA6-4EA0-9C39-8A3D046AC88A}.Debug|x86.Deploy.0 = Debug|x86
		{A853482A-FFA6-4EA0-9C39-8A3D046AC88A}.Release|Any CPU.ActiveCfg = Release|Any CPU
		{A853482A-FFA6-4EA0-9C39-8A3D046AC88A}.Release|Any CPU.Build.0 = Release|Any CPU
		{A853482A-FFA6-4EA0-9C39-8A3D046AC88A}.Release|Any CPU.Deploy.0 = Release|Any CPU
		{A853482A-FFA6-4EA0-9C39-8A3D046AC88A}.Release|ARM.ActiveCfg = Release|ARM
		{A853482A-FFA6-4EA0-9C39-8A3D046AC88A}.Release|ARM.Build.0 = Release|ARM
		{A853482A-FFA6-4EA0-9C39-8A3D046AC88A}.Release|ARM.Deploy.0 = Release|ARM
		{A853482A-FFA6-4EA0-9C39-8A3D046AC88A}.Release|iPhone.ActiveCfg = Release|Any CPU
		{A853482A-FFA6-4EA0-9C39-8A3D046AC88A}.Release|iPhone.Build.0 = Release|Any CPU
		{A853482A-FFA6-4EA0-9C39-8A3D046AC88A}.Release|iPhone.Deploy.0 = Release|Any CPU
		{A853482A-FFA6-4EA0-9C39-8A3D046AC88A}.Release|iPhoneSimulator.ActiveCfg = Release|Any CPU
		{A853482A-FFA6-4EA0-9C39-8A3D046AC88A}.Release|iPhoneSimulator.Build.0 = Release|Any CPU
		{A853482A-FFA6-4EA0-9C39-8A3D046AC88A}.Release|iPhoneSimulator.Deploy.0 = Release|Any CPU
		{A853482A-FFA6-4EA0-9C39-8A3D046AC88A}.Release|x64.ActiveCfg = Release|x64
		{A853482A-FFA6-4EA0-9C39-8A3D046AC88A}.Release|x64.Build.0 = Release|x64
		{A853482A-FFA6-4EA0-9C39-8A3D046AC88A}.Release|x64.Deploy.0 = Release|x64
		{A853482A-FFA6-4EA0-9C39-8A3D046AC88A}.Release|x86.ActiveCfg = Release|x86
		{A853482A-FFA6-4EA0-9C39-8A3D046AC88A}.Release|x86.Build.0 = Release|x86
		{A853482A-FFA6-4EA0-9C39-8A3D046AC88A}.Release|x86.Deploy.0 = Release|x86
		{988A1008-6D1E-43F2-920F-8EB11BACDCB5}.Ad-Hoc|Any CPU.ActiveCfg = Release|Any CPU
		{988A1008-6D1E-43F2-920F-8EB11BACDCB5}.Ad-Hoc|Any CPU.Build.0 = Release|Any CPU
		{988A1008-6D1E-43F2-920F-8EB11BACDCB5}.Ad-Hoc|ARM.ActiveCfg = Release|Any CPU
		{988A1008-6D1E-43F2-920F-8EB11BACDCB5}.Ad-Hoc|ARM.Build.0 = Release|Any CPU
		{988A1008-6D1E-43F2-920F-8EB11BACDCB5}.Ad-Hoc|iPhone.ActiveCfg = Release|Any CPU
		{988A1008-6D1E-43F2-920F-8EB11BACDCB5}.Ad-Hoc|iPhone.Build.0 = Release|Any CPU
		{988A1008-6D1E-43F2-920F-8EB11BACDCB5}.Ad-Hoc|iPhoneSimulator.ActiveCfg = Release|Any CPU
		{988A1008-6D1E-43F2-920F-8EB11BACDCB5}.Ad-Hoc|iPhoneSimulator.Build.0 = Release|Any CPU
		{988A1008-6D1E-43F2-920F-8EB11BACDCB5}.Ad-Hoc|x64.ActiveCfg = Release|Any CPU
		{988A1008-6D1E-43F2-920F-8EB11BACDCB5}.Ad-Hoc|x64.Build.0 = Release|Any CPU
		{988A1008-6D1E-43F2-920F-8EB11BACDCB5}.Ad-Hoc|x86.ActiveCfg = Release|Any CPU
		{988A1008-6D1E-43F2-920F-8EB11BACDCB5}.Ad-Hoc|x86.Build.0 = Release|Any CPU
		{988A1008-6D1E-43F2-920F-8EB11BACDCB5}.AppStore|Any CPU.ActiveCfg = Release|Any CPU
		{988A1008-6D1E-43F2-920F-8EB11BACDCB5}.AppStore|Any CPU.Build.0 = Release|Any CPU
		{988A1008-6D1E-43F2-920F-8EB11BACDCB5}.AppStore|ARM.ActiveCfg = Release|Any CPU
		{988A1008-6D1E-43F2-920F-8EB11BACDCB5}.AppStore|ARM.Build.0 = Release|Any CPU
		{988A1008-6D1E-43F2-920F-8EB11BACDCB5}.AppStore|iPhone.ActiveCfg = Release|Any CPU
		{988A1008-6D1E-43F2-920F-8EB11BACDCB5}.AppStore|iPhone.Build.0 = Release|Any CPU
		{988A1008-6D1E-43F2-920F-8EB11BACDCB5}.AppStore|iPhoneSimulator.ActiveCfg = Release|Any CPU
		{988A1008-6D1E-43F2-920F-8EB11BACDCB5}.AppStore|iPhoneSimulator.Build.0 = Release|Any CPU
		{988A1008-6D1E-43F2-920F-8EB11BACDCB5}.AppStore|x64.ActiveCfg = Release|Any CPU
		{988A1008-6D1E-43F2-920F-8EB11BACDCB5}.AppStore|x64.Build.0 = Release|Any CPU
		{988A1008-6D1E-43F2-920F-8EB11BACDCB5}.AppStore|x86.ActiveCfg = Release|Any CPU
		{988A1008-6D1E-43F2-920F-8EB11BACDCB5}.AppStore|x86.Build.0 = Release|Any CPU
		{988A1008-6D1E-43F2-920F-8EB11BACDCB5}.Debug|Any CPU.ActiveCfg = Debug|Any CPU
		{988A1008-6D1E-43F2-920F-8EB11BACDCB5}.Debug|Any CPU.Build.0 = Debug|Any CPU
		{988A1008-6D1E-43F2-920F-8EB11BACDCB5}.Debug|ARM.ActiveCfg = Debug|Any CPU
		{988A1008-6D1E-43F2-920F-8EB11BACDCB5}.Debug|ARM.Build.0 = Debug|Any CPU
		{988A1008-6D1E-43F2-920F-8EB11BACDCB5}.Debug|iPhone.ActiveCfg = Debug|Any CPU
		{988A1008-6D1E-43F2-920F-8EB11BACDCB5}.Debug|iPhone.Build.0 = Debug|Any CPU
		{988A1008-6D1E-43F2-920F-8EB11BACDCB5}.Debug|iPhoneSimulator.ActiveCfg = Debug|Any CPU
		{988A1008-6D1E-43F2-920F-8EB11BACDCB5}.Debug|iPhoneSimulator.Build.0 = Debug|Any CPU
		{988A1008-6D1E-43F2-920F-8EB11BACDCB5}.Debug|x64.ActiveCfg = Debug|Any CPU
		{988A1008-6D1E-43F2-920F-8EB11BACDCB5}.Debug|x64.Build.0 = Debug|Any CPU
		{988A1008-6D1E-43F2-920F-8EB11BACDCB5}.Debug|x86.ActiveCfg = Debug|Any CPU
		{988A1008-6D1E-43F2-920F-8EB11BACDCB5}.Debug|x86.Build.0 = Debug|Any CPU
		{988A1008-6D1E-43F2-920F-8EB11BACDCB5}.Release|Any CPU.ActiveCfg = Release|Any CPU
		{988A1008-6D1E-43F2-920F-8EB11BACDCB5}.Release|Any CPU.Build.0 = Release|Any CPU
		{988A1008-6D1E-43F2-920F-8EB11BACDCB5}.Release|ARM.ActiveCfg = Release|Any CPU
		{988A1008-6D1E-43F2-920F-8EB11BACDCB5}.Release|ARM.Build.0 = Release|Any CPU
		{988A1008-6D1E-43F2-920F-8EB11BACDCB5}.Release|iPhone.ActiveCfg = Release|Any CPU
		{988A1008-6D1E-43F2-920F-8EB11BACDCB5}.Release|iPhone.Build.0 = Release|Any CPU
		{988A1008-6D1E-43F2-920F-8EB11BACDCB5}.Release|iPhoneSimulator.ActiveCfg = Release|Any CPU
		{988A1008-6D1E-43F2-920F-8EB11BACDCB5}.Release|iPhoneSimulator.Build.0 = Release|Any CPU
		{988A1008-6D1E-43F2-920F-8EB11BACDCB5}.Release|x64.ActiveCfg = Release|Any CPU
		{988A1008-6D1E-43F2-920F-8EB11BACDCB5}.Release|x64.Build.0 = Release|Any CPU
		{988A1008-6D1E-43F2-920F-8EB11BACDCB5}.Release|x86.ActiveCfg = Release|Any CPU
		{988A1008-6D1E-43F2-920F-8EB11BACDCB5}.Release|x86.Build.0 = Release|Any CPU
	EndGlobalSection
	GlobalSection(SolutionProperties) = preSolution
		HideSolutionNode = FALSE
	EndGlobalSection
EndGlobal
