
Microsoft Visual Studio Solution File, Format Version 12.00
# Visual Studio 14
VisualStudioVersion = 14.0.25123.0
MinimumVisualStudioVersion = 10.0.40219.1
Project("{FAE04EC0-301F-11D3-BF4B-00C04F79EFBC}") = "Appointment.Droid", "Appointment\Appointment.Droid\Appointment.Droid.csproj", "{9CB90F80-D49C-4766-BAFB-5677C5527B21}"
EndProject
Project("{FAE04EC0-301F-11D3-BF4B-00C04F79EFBC}") = "Appointment.iOS", "Appointment\Appointment.iOS\Appointment.iOS.csproj", "{7ECF4599-AF30-4413-9F2E-53B8FB7095D2}"
EndProject
Project("{FAE04EC0-301F-11D3-BF4B-00C04F79EFBC}") = "Appointment.WinPhone", "Appointment\Appointment.WinPhone\Appointment.WinPhone.csproj", "{B1966468-6E20-444C-A1FD-6D86A9BD1A10}"
EndProject
Project("{FAE04EC0-301F-11D3-BF4B-00C04F79EFBC}") = "Appointment.UWP", "Appointment\Appointment.UWP\Appointment.UWP.csproj", "{296F1E3C-7552-4878-8CCD-975CC1AC6D81}"
EndProject
Project("{FAE04EC0-301F-11D3-BF4B-00C04F79EFBC}") = "Appointment.Windows", "Appointment\Appointment.Windows\Appointment.Windows.csproj", "{0AF23193-1A43-4676-83B0-E410AB0F9F21}"
EndProject
Project("{FAE04EC0-301F-11D3-BF4B-00C04F79EFBC}") = "Appointment", "Appointment\Appointment\Appointment.csproj", "{7FEB8072-5064-4DCD-A99B-9DB90BAA0103}"
EndProject
Global
	GlobalSection(SolutionConfigurationPlatforms) = preSolution
		Ad-Hoc|Any CPU = Ad-Hoc|Any CPU
		Ad-Hoc|ARM = Ad-Hoc|ARM
		Ad-Hoc|iPhone = Ad-Hoc|iPhone
		Ad-Hoc|iPhoneSimulator = Ad-Hoc|iPhoneSimulator
		Ad-Hoc|x64 = Ad-Hoc|x64
		Ad-Hoc|x86 = Ad-Hoc|x86
		AppStore|Any CPU = AppStore|Any CPU
		AppStore|ARM = AppStore|ARM
		AppStore|iPhone = AppStore|iPhone
		AppStore|iPhoneSimulator = AppStore|iPhoneSimulator
		AppStore|x64 = AppStore|x64
		AppStore|x86 = AppStore|x86
		Debug|Any CPU = Debug|Any CPU
		Debug|ARM = Debug|ARM
		Debug|iPhone = Debug|iPhone
		Debug|iPhoneSimulator = Debug|iPhoneSimulator
		Debug|x64 = Debug|x64
		Debug|x86 = Debug|x86
		Release|Any CPU = Release|Any CPU
		Release|ARM = Release|ARM
		Release|iPhone = Release|iPhone
		Release|iPhoneSimulator = Release|iPhoneSimulator
		Release|x64 = Release|x64
		Release|x86 = Release|x86
	EndGlobalSection
	GlobalSection(ProjectConfigurationPlatforms) = postSolution
		{9CB90F80-D49C-4766-BAFB-5677C5527B21}.Ad-Hoc|Any CPU.ActiveCfg = Release|Any CPU
		{9CB90F80-D49C-4766-BAFB-5677C5527B21}.Ad-Hoc|Any CPU.Build.0 = Release|Any CPU
		{9CB90F80-D49C-4766-BAFB-5677C5527B21}.Ad-Hoc|Any CPU.Deploy.0 = Release|Any CPU
		{9CB90F80-D49C-4766-BAFB-5677C5527B21}.Ad-Hoc|ARM.ActiveCfg = Release|Any CPU
		{9CB90F80-D49C-4766-BAFB-5677C5527B21}.Ad-Hoc|ARM.Build.0 = Release|Any CPU
		{9CB90F80-D49C-4766-BAFB-5677C5527B21}.Ad-Hoc|ARM.Deploy.0 = Release|Any CPU
		{9CB90F80-D49C-4766-BAFB-5677C5527B21}.Ad-Hoc|iPhone.ActiveCfg = Release|Any CPU
		{9CB90F80-D49C-4766-BAFB-5677C5527B21}.Ad-Hoc|iPhone.Build.0 = Release|Any CPU
		{9CB90F80-D49C-4766-BAFB-5677C5527B21}.Ad-Hoc|iPhone.Deploy.0 = Release|Any CPU
		{9CB90F80-D49C-4766-BAFB-5677C5527B21}.Ad-Hoc|iPhoneSimulator.ActiveCfg = Release|Any CPU
		{9CB90F80-D49C-4766-BAFB-5677C5527B21}.Ad-Hoc|iPhoneSimulator.Build.0 = Release|Any CPU
		{9CB90F80-D49C-4766-BAFB-5677C5527B21}.Ad-Hoc|iPhoneSimulator.Deploy.0 = Release|Any CPU
		{9CB90F80-D49C-4766-BAFB-5677C5527B21}.Ad-Hoc|x64.ActiveCfg = Release|Any CPU
		{9CB90F80-D49C-4766-BAFB-5677C5527B21}.Ad-Hoc|x64.Build.0 = Release|Any CPU
		{9CB90F80-D49C-4766-BAFB-5677C5527B21}.Ad-Hoc|x64.Deploy.0 = Release|Any CPU
		{9CB90F80-D49C-4766-BAFB-5677C5527B21}.Ad-Hoc|x86.ActiveCfg = Release|Any CPU
		{9CB90F80-D49C-4766-BAFB-5677C5527B21}.Ad-Hoc|x86.Build.0 = Release|Any CPU
		{9CB90F80-D49C-4766-BAFB-5677C5527B21}.Ad-Hoc|x86.Deploy.0 = Release|Any CPU
		{9CB90F80-D49C-4766-BAFB-5677C5527B21}.AppStore|Any CPU.ActiveCfg = Release|Any CPU
		{9CB90F80-D49C-4766-BAFB-5677C5527B21}.AppStore|Any CPU.Build.0 = Release|Any CPU
		{9CB90F80-D49C-4766-BAFB-5677C5527B21}.AppStore|Any CPU.Deploy.0 = Release|Any CPU
		{9CB90F80-D49C-4766-BAFB-5677C5527B21}.AppStore|ARM.ActiveCfg = Release|Any CPU
		{9CB90F80-D49C-4766-BAFB-5677C5527B21}.AppStore|ARM.Build.0 = Release|Any CPU
		{9CB90F80-D49C-4766-BAFB-5677C5527B21}.AppStore|ARM.Deploy.0 = Release|Any CPU
		{9CB90F80-D49C-4766-BAFB-5677C5527B21}.AppStore|iPhone.ActiveCfg = Release|Any CPU
		{9CB90F80-D49C-4766-BAFB-5677C5527B21}.AppStore|iPhone.Build.0 = Release|Any CPU
		{9CB90F80-D49C-4766-BAFB-5677C5527B21}.AppStore|iPhone.Deploy.0 = Release|Any CPU
		{9CB90F80-D49C-4766-BAFB-5677C5527B21}.AppStore|iPhoneSimulator.ActiveCfg = Release|Any CPU
		{9CB90F80-D49C-4766-BAFB-5677C5527B21}.AppStore|iPhoneSimulator.Build.0 = Release|Any CPU
		{9CB90F80-D49C-4766-BAFB-5677C5527B21}.AppStore|iPhoneSimulator.Deploy.0 = Release|Any CPU
		{9CB90F80-D49C-4766-BAFB-5677C5527B21}.AppStore|x64.ActiveCfg = Release|Any CPU
		{9CB90F80-D49C-4766-BAFB-5677C5527B21}.AppStore|x64.Build.0 = Release|Any CPU
		{9CB90F80-D49C-4766-BAFB-5677C5527B21}.AppStore|x64.Deploy.0 = Release|Any CPU
		{9CB90F80-D49C-4766-BAFB-5677C5527B21}.AppStore|x86.ActiveCfg = Release|Any CPU
		{9CB90F80-D49C-4766-BAFB-5677C5527B21}.AppStore|x86.Build.0 = Release|Any CPU
		{9CB90F80-D49C-4766-BAFB-5677C5527B21}.AppStore|x86.Deploy.0 = Release|Any CPU
		{9CB90F80-D49C-4766-BAFB-5677C5527B21}.Debug|Any CPU.ActiveCfg = Debug|Any CPU
		{9CB90F80-D49C-4766-BAFB-5677C5527B21}.Debug|Any CPU.Build.0 = Debug|Any CPU
		{9CB90F80-D49C-4766-BAFB-5677C5527B21}.Debug|Any CPU.Deploy.0 = Debug|Any CPU
		{9CB90F80-D49C-4766-BAFB-5677C5527B21}.Debug|ARM.ActiveCfg = Debug|Any CPU
		{9CB90F80-D49C-4766-BAFB-5677C5527B21}.Debug|ARM.Build.0 = Debug|Any CPU
		{9CB90F80-D49C-4766-BAFB-5677C5527B21}.Debug|ARM.Deploy.0 = Debug|Any CPU
		{9CB90F80-D49C-4766-BAFB-5677C5527B21}.Debug|iPhone.ActiveCfg = Debug|Any CPU
		{9CB90F80-D49C-4766-BAFB-5677C5527B21}.Debug|iPhone.Build.0 = Debug|Any CPU
		{9CB90F80-D49C-4766-BAFB-5677C5527B21}.Debug|iPhone.Deploy.0 = Debug|Any CPU
		{9CB90F80-D49C-4766-BAFB-5677C5527B21}.Debug|iPhoneSimulator.ActiveCfg = Debug|Any CPU
		{9CB90F80-D49C-4766-BAFB-5677C5527B21}.Debug|iPhoneSimulator.Build.0 = Debug|Any CPU
		{9CB90F80-D49C-4766-BAFB-5677C5527B21}.Debug|iPhoneSimulator.Deploy.0 = Debug|Any CPU
		{9CB90F80-D49C-4766-BAFB-5677C5527B21}.Debug|x64.ActiveCfg = Debug|Any CPU
		{9CB90F80-D49C-4766-BAFB-5677C5527B21}.Debug|x64.Build.0 = Debug|Any CPU
		{9CB90F80-D49C-4766-BAFB-5677C5527B21}.Debug|x64.Deploy.0 = Debug|Any CPU
		{9CB90F80-D49C-4766-BAFB-5677C5527B21}.Debug|x86.ActiveCfg = Debug|Any CPU
		{9CB90F80-D49C-4766-BAFB-5677C5527B21}.Debug|x86.Build.0 = Debug|Any CPU
		{9CB90F80-D49C-4766-BAFB-5677C5527B21}.Debug|x86.Deploy.0 = Debug|Any CPU
		{9CB90F80-D49C-4766-BAFB-5677C5527B21}.Release|Any CPU.ActiveCfg = Release|Any CPU
		{9CB90F80-D49C-4766-BAFB-5677C5527B21}.Release|Any CPU.Build.0 = Release|Any CPU
		{9CB90F80-D49C-4766-BAFB-5677C5527B21}.Release|Any CPU.Deploy.0 = Release|Any CPU
		{9CB90F80-D49C-4766-BAFB-5677C5527B21}.Release|ARM.ActiveCfg = Release|Any CPU
		{9CB90F80-D49C-4766-BAFB-5677C5527B21}.Release|ARM.Build.0 = Release|Any CPU
		{9CB90F80-D49C-4766-BAFB-5677C5527B21}.Release|ARM.Deploy.0 = Release|Any CPU
		{9CB90F80-D49C-4766-BAFB-5677C5527B21}.Release|iPhone.ActiveCfg = Release|Any CPU
		{9CB90F80-D49C-4766-BAFB-5677C5527B21}.Release|iPhone.Build.0 = Release|Any CPU
		{9CB90F80-D49C-4766-BAFB-5677C5527B21}.Release|iPhone.Deploy.0 = Release|Any CPU
		{9CB90F80-D49C-4766-BAFB-5677C5527B21}.Release|iPhoneSimulator.ActiveCfg = Release|Any CPU
		{9CB90F80-D49C-4766-BAFB-5677C5527B21}.Release|iPhoneSimulator.Build.0 = Release|Any CPU
		{9CB90F80-D49C-4766-BAFB-5677C5527B21}.Release|iPhoneSimulator.Deploy.0 = Release|Any CPU
		{9CB90F80-D49C-4766-BAFB-5677C5527B21}.Release|x64.ActiveCfg = Release|Any CPU
		{9CB90F80-D49C-4766-BAFB-5677C5527B21}.Release|x64.Build.0 = Release|Any CPU
		{9CB90F80-D49C-4766-BAFB-5677C5527B21}.Release|x64.Deploy.0 = Release|Any CPU
		{9CB90F80-D49C-4766-BAFB-5677C5527B21}.Release|x86.ActiveCfg = Release|Any CPU
		{9CB90F80-D49C-4766-BAFB-5677C5527B21}.Release|x86.Build.0 = Release|Any CPU
		{9CB90F80-D49C-4766-BAFB-5677C5527B21}.Release|x86.Deploy.0 = Release|Any CPU
		{7ECF4599-AF30-4413-9F2E-53B8FB7095D2}.Ad-Hoc|Any CPU.ActiveCfg = Ad-Hoc|iPhone
		{7ECF4599-AF30-4413-9F2E-53B8FB7095D2}.Ad-Hoc|ARM.ActiveCfg = Ad-Hoc|iPhone
		{7ECF4599-AF30-4413-9F2E-53B8FB7095D2}.Ad-Hoc|iPhone.ActiveCfg = Ad-Hoc|iPhone
		{7ECF4599-AF30-4413-9F2E-53B8FB7095D2}.Ad-Hoc|iPhone.Build.0 = Ad-Hoc|iPhone
		{7ECF4599-AF30-4413-9F2E-53B8FB7095D2}.Ad-Hoc|iPhoneSimulator.ActiveCfg = Ad-Hoc|iPhoneSimulator
		{7ECF4599-AF30-4413-9F2E-53B8FB7095D2}.Ad-Hoc|iPhoneSimulator.Build.0 = Ad-Hoc|iPhoneSimulator
		{7ECF4599-AF30-4413-9F2E-53B8FB7095D2}.Ad-Hoc|x64.ActiveCfg = Ad-Hoc|iPhone
		{7ECF4599-AF30-4413-9F2E-53B8FB7095D2}.Ad-Hoc|x86.ActiveCfg = Ad-Hoc|iPhone
		{7ECF4599-AF30-4413-9F2E-53B8FB7095D2}.AppStore|Any CPU.ActiveCfg = AppStore|iPhone
		{7ECF4599-AF30-4413-9F2E-53B8FB7095D2}.AppStore|ARM.ActiveCfg = AppStore|iPhone
		{7ECF4599-AF30-4413-9F2E-53B8FB7095D2}.AppStore|iPhone.ActiveCfg = AppStore|iPhone
		{7ECF4599-AF30-4413-9F2E-53B8FB7095D2}.AppStore|iPhone.Build.0 = AppStore|iPhone
		{7ECF4599-AF30-4413-9F2E-53B8FB7095D2}.AppStore|iPhoneSimulator.ActiveCfg = AppStore|iPhoneSimulator
		{7ECF4599-AF30-4413-9F2E-53B8FB7095D2}.AppStore|iPhoneSimulator.Build.0 = AppStore|iPhoneSimulator
		{7ECF4599-AF30-4413-9F2E-53B8FB7095D2}.AppStore|x64.ActiveCfg = AppStore|iPhone
		{7ECF4599-AF30-4413-9F2E-53B8FB7095D2}.AppStore|x86.ActiveCfg = AppStore|iPhone
		{7ECF4599-AF30-4413-9F2E-53B8FB7095D2}.Debug|Any CPU.ActiveCfg = Debug|iPhone
		{7ECF4599-AF30-4413-9F2E-53B8FB7095D2}.Debug|ARM.ActiveCfg = Debug|iPhone
		{7ECF4599-AF30-4413-9F2E-53B8FB7095D2}.Debug|iPhone.ActiveCfg = Debug|iPhone
		{7ECF4599-AF30-4413-9F2E-53B8FB7095D2}.Debug|iPhone.Build.0 = Debug|iPhone
		{7ECF4599-AF30-4413-9F2E-53B8FB7095D2}.Debug|iPhoneSimulator.ActiveCfg = Debug|iPhoneSimulator
		{7ECF4599-AF30-4413-9F2E-53B8FB7095D2}.Debug|iPhoneSimulator.Build.0 = Debug|iPhoneSimulator
		{7ECF4599-AF30-4413-9F2E-53B8FB7095D2}.Debug|x64.ActiveCfg = Debug|iPhone
		{7ECF4599-AF30-4413-9F2E-53B8FB7095D2}.Debug|x86.ActiveCfg = Debug|iPhone
		{7ECF4599-AF30-4413-9F2E-53B8FB7095D2}.Release|Any CPU.ActiveCfg = Release|iPhone
		{7ECF4599-AF30-4413-9F2E-53B8FB7095D2}.Release|ARM.ActiveCfg = Release|iPhone
		{7ECF4599-AF30-4413-9F2E-53B8FB7095D2}.Release|iPhone.ActiveCfg = Release|iPhone
		{7ECF4599-AF30-4413-9F2E-53B8FB7095D2}.Release|iPhone.Build.0 = Release|iPhone
		{7ECF4599-AF30-4413-9F2E-53B8FB7095D2}.Release|iPhoneSimulator.ActiveCfg = Release|iPhoneSimulator
		{7ECF4599-AF30-4413-9F2E-53B8FB7095D2}.Release|iPhoneSimulator.Build.0 = Release|iPhoneSimulator
		{7ECF4599-AF30-4413-9F2E-53B8FB7095D2}.Release|x64.ActiveCfg = Release|iPhone
		{7ECF4599-AF30-4413-9F2E-53B8FB7095D2}.Release|x86.ActiveCfg = Release|iPhone
		{B1966468-6E20-444C-A1FD-6D86A9BD1A10}.Ad-Hoc|Any CPU.ActiveCfg = Release|Any CPU
		{B1966468-6E20-444C-A1FD-6D86A9BD1A10}.Ad-Hoc|Any CPU.Build.0 = Release|Any CPU
		{B1966468-6E20-444C-A1FD-6D86A9BD1A10}.Ad-Hoc|Any CPU.Deploy.0 = Release|Any CPU
		{B1966468-6E20-444C-A1FD-6D86A9BD1A10}.Ad-Hoc|ARM.ActiveCfg = Release|ARM
		{B1966468-6E20-444C-A1FD-6D86A9BD1A10}.Ad-Hoc|ARM.Build.0 = Release|ARM
		{B1966468-6E20-444C-A1FD-6D86A9BD1A10}.Ad-Hoc|ARM.Deploy.0 = Release|ARM
		{B1966468-6E20-444C-A1FD-6D86A9BD1A10}.Ad-Hoc|iPhone.ActiveCfg = Release|Any CPU
		{B1966468-6E20-444C-A1FD-6D86A9BD1A10}.Ad-Hoc|iPhone.Build.0 = Release|Any CPU
		{B1966468-6E20-444C-A1FD-6D86A9BD1A10}.Ad-Hoc|iPhone.Deploy.0 = Release|Any CPU
		{B1966468-6E20-444C-A1FD-6D86A9BD1A10}.Ad-Hoc|iPhoneSimulator.ActiveCfg = Release|Any CPU
		{B1966468-6E20-444C-A1FD-6D86A9BD1A10}.Ad-Hoc|iPhoneSimulator.Build.0 = Release|Any CPU
		{B1966468-6E20-444C-A1FD-6D86A9BD1A10}.Ad-Hoc|iPhoneSimulator.Deploy.0 = Release|Any CPU
		{B1966468-6E20-444C-A1FD-6D86A9BD1A10}.Ad-Hoc|x64.ActiveCfg = Release|Any CPU
		{B1966468-6E20-444C-A1FD-6D86A9BD1A10}.Ad-Hoc|x64.Build.0 = Release|Any CPU
		{B1966468-6E20-444C-A1FD-6D86A9BD1A10}.Ad-Hoc|x64.Deploy.0 = Release|Any CPU
		{B1966468-6E20-444C-A1FD-6D86A9BD1A10}.Ad-Hoc|x86.ActiveCfg = Release|x86
		{B1966468-6E20-444C-A1FD-6D86A9BD1A10}.Ad-Hoc|x86.Build.0 = Release|x86
		{B1966468-6E20-444C-A1FD-6D86A9BD1A10}.Ad-Hoc|x86.Deploy.0 = Release|x86
		{B1966468-6E20-444C-A1FD-6D86A9BD1A10}.AppStore|Any CPU.ActiveCfg = Release|Any CPU
		{B1966468-6E20-444C-A1FD-6D86A9BD1A10}.AppStore|Any CPU.Build.0 = Release|Any CPU
		{B1966468-6E20-444C-A1FD-6D86A9BD1A10}.AppStore|Any CPU.Deploy.0 = Release|Any CPU
		{B1966468-6E20-444C-A1FD-6D86A9BD1A10}.AppStore|ARM.ActiveCfg = Release|ARM
		{B1966468-6E20-444C-A1FD-6D86A9BD1A10}.AppStore|ARM.Build.0 = Release|ARM
		{B1966468-6E20-444C-A1FD-6D86A9BD1A10}.AppStore|ARM.Deploy.0 = Release|ARM
		{B1966468-6E20-444C-A1FD-6D86A9BD1A10}.AppStore|iPhone.ActiveCfg = Release|Any CPU
		{B1966468-6E20-444C-A1FD-6D86A9BD1A10}.AppStore|iPhone.Build.0 = Release|Any CPU
		{B1966468-6E20-444C-A1FD-6D86A9BD1A10}.AppStore|iPhone.Deploy.0 = Release|Any CPU
		{B1966468-6E20-444C-A1FD-6D86A9BD1A10}.AppStore|iPhoneSimulator.ActiveCfg = Release|Any CPU
		{B1966468-6E20-444C-A1FD-6D86A9BD1A10}.AppStore|iPhoneSimulator.Build.0 = Release|Any CPU
		{B1966468-6E20-444C-A1FD-6D86A9BD1A10}.AppStore|iPhoneSimulator.Deploy.0 = Release|Any CPU
		{B1966468-6E20-444C-A1FD-6D86A9BD1A10}.AppStore|x64.ActiveCfg = Release|Any CPU
		{B1966468-6E20-444C-A1FD-6D86A9BD1A10}.AppStore|x64.Build.0 = Release|Any CPU
		{B1966468-6E20-444C-A1FD-6D86A9BD1A10}.AppStore|x64.Deploy.0 = Release|Any CPU
		{B1966468-6E20-444C-A1FD-6D86A9BD1A10}.AppStore|x86.ActiveCfg = Release|x86
		{B1966468-6E20-444C-A1FD-6D86A9BD1A10}.AppStore|x86.Build.0 = Release|x86
		{B1966468-6E20-444C-A1FD-6D86A9BD1A10}.AppStore|x86.Deploy.0 = Release|x86
		{B1966468-6E20-444C-A1FD-6D86A9BD1A10}.Debug|Any CPU.ActiveCfg = Debug|Any CPU
		{B1966468-6E20-444C-A1FD-6D86A9BD1A10}.Debug|Any CPU.Build.0 = Debug|Any CPU
		{B1966468-6E20-444C-A1FD-6D86A9BD1A10}.Debug|Any CPU.Deploy.0 = Debug|Any CPU
		{B1966468-6E20-444C-A1FD-6D86A9BD1A10}.Debug|ARM.ActiveCfg = Debug|ARM
		{B1966468-6E20-444C-A1FD-6D86A9BD1A10}.Debug|ARM.Build.0 = Debug|ARM
		{B1966468-6E20-444C-A1FD-6D86A9BD1A10}.Debug|ARM.Deploy.0 = Debug|ARM
		{B1966468-6E20-444C-A1FD-6D86A9BD1A10}.Debug|iPhone.ActiveCfg = Debug|Any CPU
		{B1966468-6E20-444C-A1FD-6D86A9BD1A10}.Debug|iPhone.Build.0 = Debug|Any CPU
		{B1966468-6E20-444C-A1FD-6D86A9BD1A10}.Debug|iPhone.Deploy.0 = Debug|Any CPU
		{B1966468-6E20-444C-A1FD-6D86A9BD1A10}.Debug|iPhoneSimulator.ActiveCfg = Debug|Any CPU
		{B1966468-6E20-444C-A1FD-6D86A9BD1A10}.Debug|iPhoneSimulator.Build.0 = Debug|Any CPU
		{B1966468-6E20-444C-A1FD-6D86A9BD1A10}.Debug|iPhoneSimulator.Deploy.0 = Debug|Any CPU
		{B1966468-6E20-444C-A1FD-6D86A9BD1A10}.Debug|x64.ActiveCfg = Debug|Any CPU
		{B1966468-6E20-444C-A1FD-6D86A9BD1A10}.Debug|x64.Build.0 = Debug|Any CPU
		{B1966468-6E20-444C-A1FD-6D86A9BD1A10}.Debug|x64.Deploy.0 = Debug|Any CPU
		{B1966468-6E20-444C-A1FD-6D86A9BD1A10}.Debug|x86.ActiveCfg = Debug|x86
		{B1966468-6E20-444C-A1FD-6D86A9BD1A10}.Debug|x86.Build.0 = Debug|x86
		{B1966468-6E20-444C-A1FD-6D86A9BD1A10}.Debug|x86.Deploy.0 = Debug|x86
		{B1966468-6E20-444C-A1FD-6D86A9BD1A10}.Release|Any CPU.ActiveCfg = Release|Any CPU
		{B1966468-6E20-444C-A1FD-6D86A9BD1A10}.Release|Any CPU.Build.0 = Release|Any CPU
		{B1966468-6E20-444C-A1FD-6D86A9BD1A10}.Release|Any CPU.Deploy.0 = Release|Any CPU
		{B1966468-6E20-444C-A1FD-6D86A9BD1A10}.Release|ARM.ActiveCfg = Release|ARM
		{B1966468-6E20-444C-A1FD-6D86A9BD1A10}.Release|ARM.Build.0 = Release|ARM
		{B1966468-6E20-444C-A1FD-6D86A9BD1A10}.Release|ARM.Deploy.0 = Release|ARM
		{B1966468-6E20-444C-A1FD-6D86A9BD1A10}.Release|iPhone.ActiveCfg = Release|Any CPU
		{B1966468-6E20-444C-A1FD-6D86A9BD1A10}.Release|iPhone.Build.0 = Release|Any CPU
		{B1966468-6E20-444C-A1FD-6D86A9BD1A10}.Release|iPhone.Deploy.0 = Release|Any CPU
		{B1966468-6E20-444C-A1FD-6D86A9BD1A10}.Release|iPhoneSimulator.ActiveCfg = Release|Any CPU
		{B1966468-6E20-444C-A1FD-6D86A9BD1A10}.Release|iPhoneSimulator.Build.0 = Release|Any CPU
		{B1966468-6E20-444C-A1FD-6D86A9BD1A10}.Release|iPhoneSimulator.Deploy.0 = Release|Any CPU
		{B1966468-6E20-444C-A1FD-6D86A9BD1A10}.Release|x64.ActiveCfg = Release|Any CPU
		{B1966468-6E20-444C-A1FD-6D86A9BD1A10}.Release|x64.Build.0 = Release|Any CPU
		{B1966468-6E20-444C-A1FD-6D86A9BD1A10}.Release|x64.Deploy.0 = Release|Any CPU
		{B1966468-6E20-444C-A1FD-6D86A9BD1A10}.Release|x86.ActiveCfg = Release|x86
		{B1966468-6E20-444C-A1FD-6D86A9BD1A10}.Release|x86.Build.0 = Release|x86
		{B1966468-6E20-444C-A1FD-6D86A9BD1A10}.Release|x86.Deploy.0 = Release|x86
		{296F1E3C-7552-4878-8CCD-975CC1AC6D81}.Ad-Hoc|Any CPU.ActiveCfg = Release|x86
		{296F1E3C-7552-4878-8CCD-975CC1AC6D81}.Ad-Hoc|Any CPU.Build.0 = Release|x86
		{296F1E3C-7552-4878-8CCD-975CC1AC6D81}.Ad-Hoc|Any CPU.Deploy.0 = Release|x86
		{296F1E3C-7552-4878-8CCD-975CC1AC6D81}.Ad-Hoc|ARM.ActiveCfg = Release|ARM
		{296F1E3C-7552-4878-8CCD-975CC1AC6D81}.Ad-Hoc|ARM.Build.0 = Release|ARM
		{296F1E3C-7552-4878-8CCD-975CC1AC6D81}.Ad-Hoc|ARM.Deploy.0 = Release|ARM
		{296F1E3C-7552-4878-8CCD-975CC1AC6D81}.Ad-Hoc|iPhone.ActiveCfg = Release|x86
		{296F1E3C-7552-4878-8CCD-975CC1AC6D81}.Ad-Hoc|iPhone.Build.0 = Release|x86
		{296F1E3C-7552-4878-8CCD-975CC1AC6D81}.Ad-Hoc|iPhone.Deploy.0 = Release|x86
		{296F1E3C-7552-4878-8CCD-975CC1AC6D81}.Ad-Hoc|iPhoneSimulator.ActiveCfg = Release|x86
		{296F1E3C-7552-4878-8CCD-975CC1AC6D81}.Ad-Hoc|iPhoneSimulator.Build.0 = Release|x86
		{296F1E3C-7552-4878-8CCD-975CC1AC6D81}.Ad-Hoc|iPhoneSimulator.Deploy.0 = Release|x86
		{296F1E3C-7552-4878-8CCD-975CC1AC6D81}.Ad-Hoc|x64.ActiveCfg = Release|x64
		{296F1E3C-7552-4878-8CCD-975CC1AC6D81}.Ad-Hoc|x64.Build.0 = Release|x64
		{296F1E3C-7552-4878-8CCD-975CC1AC6D81}.Ad-Hoc|x64.Deploy.0 = Release|x64
		{296F1E3C-7552-4878-8CCD-975CC1AC6D81}.Ad-Hoc|x86.ActiveCfg = Release|x86
		{296F1E3C-7552-4878-8CCD-975CC1AC6D81}.Ad-Hoc|x86.Build.0 = Release|x86
		{296F1E3C-7552-4878-8CCD-975CC1AC6D81}.Ad-Hoc|x86.Deploy.0 = Release|x86
		{296F1E3C-7552-4878-8CCD-975CC1AC6D81}.AppStore|Any CPU.ActiveCfg = Release|x86
		{296F1E3C-7552-4878-8CCD-975CC1AC6D81}.AppStore|Any CPU.Build.0 = Release|x86
		{296F1E3C-7552-4878-8CCD-975CC1AC6D81}.AppStore|Any CPU.Deploy.0 = Release|x86
		{296F1E3C-7552-4878-8CCD-975CC1AC6D81}.AppStore|ARM.ActiveCfg = Release|ARM
		{296F1E3C-7552-4878-8CCD-975CC1AC6D81}.AppStore|ARM.Build.0 = Release|ARM
		{296F1E3C-7552-4878-8CCD-975CC1AC6D81}.AppStore|ARM.Deploy.0 = Release|ARM
		{296F1E3C-7552-4878-8CCD-975CC1AC6D81}.AppStore|iPhone.ActiveCfg = Release|x86
		{296F1E3C-7552-4878-8CCD-975CC1AC6D81}.AppStore|iPhone.Build.0 = Release|x86
		{296F1E3C-7552-4878-8CCD-975CC1AC6D81}.AppStore|iPhone.Deploy.0 = Release|x86
		{296F1E3C-7552-4878-8CCD-975CC1AC6D81}.AppStore|iPhoneSimulator.ActiveCfg = Release|x86
		{296F1E3C-7552-4878-8CCD-975CC1AC6D81}.AppStore|iPhoneSimulator.Build.0 = Release|x86
		{296F1E3C-7552-4878-8CCD-975CC1AC6D81}.AppStore|iPhoneSimulator.Deploy.0 = Release|x86
		{296F1E3C-7552-4878-8CCD-975CC1AC6D81}.AppStore|x64.ActiveCfg = Release|x64
		{296F1E3C-7552-4878-8CCD-975CC1AC6D81}.AppStore|x64.Build.0 = Release|x64
		{296F1E3C-7552-4878-8CCD-975CC1AC6D81}.AppStore|x64.Deploy.0 = Release|x64
		{296F1E3C-7552-4878-8CCD-975CC1AC6D81}.AppStore|x86.ActiveCfg = Release|x86
		{296F1E3C-7552-4878-8CCD-975CC1AC6D81}.AppStore|x86.Build.0 = Release|x86
		{296F1E3C-7552-4878-8CCD-975CC1AC6D81}.AppStore|x86.Deploy.0 = Release|x86
		{296F1E3C-7552-4878-8CCD-975CC1AC6D81}.Debug|Any CPU.ActiveCfg = Debug|x86
		{296F1E3C-7552-4878-8CCD-975CC1AC6D81}.Debug|ARM.ActiveCfg = Debug|ARM
		{296F1E3C-7552-4878-8CCD-975CC1AC6D81}.Debug|ARM.Build.0 = Debug|ARM
		{296F1E3C-7552-4878-8CCD-975CC1AC6D81}.Debug|ARM.Deploy.0 = Debug|ARM
		{296F1E3C-7552-4878-8CCD-975CC1AC6D81}.Debug|iPhone.ActiveCfg = Debug|x86
		{296F1E3C-7552-4878-8CCD-975CC1AC6D81}.Debug|iPhoneSimulator.ActiveCfg = Debug|x86
		{296F1E3C-7552-4878-8CCD-975CC1AC6D81}.Debug|x64.ActiveCfg = Debug|x64
		{296F1E3C-7552-4878-8CCD-975CC1AC6D81}.Debug|x64.Build.0 = Debug|x64
		{296F1E3C-7552-4878-8CCD-975CC1AC6D81}.Debug|x64.Deploy.0 = Debug|x64
		{296F1E3C-7552-4878-8CCD-975CC1AC6D81}.Debug|x86.ActiveCfg = Debug|x86
		{296F1E3C-7552-4878-8CCD-975CC1AC6D81}.Debug|x86.Build.0 = Debug|x86
		{296F1E3C-7552-4878-8CCD-975CC1AC6D81}.Debug|x86.Deploy.0 = Debug|x86
		{296F1E3C-7552-4878-8CCD-975CC1AC6D81}.Release|Any CPU.ActiveCfg = Release|x86
		{296F1E3C-7552-4878-8CCD-975CC1AC6D81}.Release|ARM.ActiveCfg = Release|ARM
		{296F1E3C-7552-4878-8CCD-975CC1AC6D81}.Release|ARM.Build.0 = Release|ARM
		{296F1E3C-7552-4878-8CCD-975CC1AC6D81}.Release|ARM.Deploy.0 = Release|ARM
		{296F1E3C-7552-4878-8CCD-975CC1AC6D81}.Release|iPhone.ActiveCfg = Release|x86
		{296F1E3C-7552-4878-8CCD-975CC1AC6D81}.Release|iPhoneSimulator.ActiveCfg = Release|x86
		{296F1E3C-7552-4878-8CCD-975CC1AC6D81}.Release|x64.ActiveCfg = Release|x64
		{296F1E3C-7552-4878-8CCD-975CC1AC6D81}.Release|x64.Build.0 = Release|x64
		{296F1E3C-7552-4878-8CCD-975CC1AC6D81}.Release|x64.Deploy.0 = Release|x64
		{296F1E3C-7552-4878-8CCD-975CC1AC6D81}.Release|x86.ActiveCfg = Release|x86
		{296F1E3C-7552-4878-8CCD-975CC1AC6D81}.Release|x86.Build.0 = Release|x86
		{296F1E3C-7552-4878-8CCD-975CC1AC6D81}.Release|x86.Deploy.0 = Release|x86
		{0AF23193-1A43-4676-83B0-E410AB0F9F21}.Ad-Hoc|Any CPU.ActiveCfg = Release|Any CPU
		{0AF23193-1A43-4676-83B0-E410AB0F9F21}.Ad-Hoc|Any CPU.Build.0 = Release|Any CPU
		{0AF23193-1A43-4676-83B0-E410AB0F9F21}.Ad-Hoc|Any CPU.Deploy.0 = Release|Any CPU
		{0AF23193-1A43-4676-83B0-E410AB0F9F21}.Ad-Hoc|ARM.ActiveCfg = Release|ARM
		{0AF23193-1A43-4676-83B0-E410AB0F9F21}.Ad-Hoc|ARM.Build.0 = Release|ARM
		{0AF23193-1A43-4676-83B0-E410AB0F9F21}.Ad-Hoc|ARM.Deploy.0 = Release|ARM
		{0AF23193-1A43-4676-83B0-E410AB0F9F21}.Ad-Hoc|iPhone.ActiveCfg = Release|Any CPU
		{0AF23193-1A43-4676-83B0-E410AB0F9F21}.Ad-Hoc|iPhone.Build.0 = Release|Any CPU
		{0AF23193-1A43-4676-83B0-E410AB0F9F21}.Ad-Hoc|iPhone.Deploy.0 = Release|Any CPU
		{0AF23193-1A43-4676-83B0-E410AB0F9F21}.Ad-Hoc|iPhoneSimulator.ActiveCfg = Release|Any CPU
		{0AF23193-1A43-4676-83B0-E410AB0F9F21}.Ad-Hoc|iPhoneSimulator.Build.0 = Release|Any CPU
		{0AF23193-1A43-4676-83B0-E410AB0F9F21}.Ad-Hoc|iPhoneSimulator.Deploy.0 = Release|Any CPU
		{0AF23193-1A43-4676-83B0-E410AB0F9F21}.Ad-Hoc|x64.ActiveCfg = Release|x64
		{0AF23193-1A43-4676-83B0-E410AB0F9F21}.Ad-Hoc|x64.Build.0 = Release|x64
		{0AF23193-1A43-4676-83B0-E410AB0F9F21}.Ad-Hoc|x64.Deploy.0 = Release|x64
		{0AF23193-1A43-4676-83B0-E410AB0F9F21}.Ad-Hoc|x86.ActiveCfg = Release|x86
		{0AF23193-1A43-4676-83B0-E410AB0F9F21}.Ad-Hoc|x86.Build.0 = Release|x86
		{0AF23193-1A43-4676-83B0-E410AB0F9F21}.Ad-Hoc|x86.Deploy.0 = Release|x86
		{0AF23193-1A43-4676-83B0-E410AB0F9F21}.AppStore|Any CPU.ActiveCfg = Release|Any CPU
		{0AF23193-1A43-4676-83B0-E410AB0F9F21}.AppStore|Any CPU.Build.0 = Release|Any CPU
		{0AF23193-1A43-4676-83B0-E410AB0F9F21}.AppStore|Any CPU.Deploy.0 = Release|Any CPU
		{0AF23193-1A43-4676-83B0-E410AB0F9F21}.AppStore|ARM.ActiveCfg = Release|ARM
		{0AF23193-1A43-4676-83B0-E410AB0F9F21}.AppStore|ARM.Build.0 = Release|ARM
		{0AF23193-1A43-4676-83B0-E410AB0F9F21}.AppStore|ARM.Deploy.0 = Release|ARM
		{0AF23193-1A43-4676-83B0-E410AB0F9F21}.AppStore|iPhone.ActiveCfg = Release|Any CPU
		{0AF23193-1A43-4676-83B0-E410AB0F9F21}.AppStore|iPhone.Build.0 = Release|Any CPU
		{0AF23193-1A43-4676-83B0-E410AB0F9F21}.AppStore|iPhone.Deploy.0 = Release|Any CPU
		{0AF23193-1A43-4676-83B0-E410AB0F9F21}.AppStore|iPhoneSimulator.ActiveCfg = Release|Any CPU
		{0AF23193-1A43-4676-83B0-E410AB0F9F21}.AppStore|iPhoneSimulator.Build.0 = Release|Any CPU
		{0AF23193-1A43-4676-83B0-E410AB0F9F21}.AppStore|iPhoneSimulator.Deploy.0 = Release|Any CPU
		{0AF23193-1A43-4676-83B0-E410AB0F9F21}.AppStore|x64.ActiveCfg = Release|x64
		{0AF23193-1A43-4676-83B0-E410AB0F9F21}.AppStore|x64.Build.0 = Release|x64
		{0AF23193-1A43-4676-83B0-E410AB0F9F21}.AppStore|x64.Deploy.0 = Release|x64
		{0AF23193-1A43-4676-83B0-E410AB0F9F21}.AppStore|x86.ActiveCfg = Release|x86
		{0AF23193-1A43-4676-83B0-E410AB0F9F21}.AppStore|x86.Build.0 = Release|x86
		{0AF23193-1A43-4676-83B0-E410AB0F9F21}.AppStore|x86.Deploy.0 = Release|x86
		{0AF23193-1A43-4676-83B0-E410AB0F9F21}.Debug|Any CPU.ActiveCfg = Debug|Any CPU
		{0AF23193-1A43-4676-83B0-E410AB0F9F21}.Debug|Any CPU.Build.0 = Debug|Any CPU
		{0AF23193-1A43-4676-83B0-E410AB0F9F21}.Debug|Any CPU.Deploy.0 = Debug|Any CPU
		{0AF23193-1A43-4676-83B0-E410AB0F9F21}.Debug|ARM.ActiveCfg = Debug|ARM
		{0AF23193-1A43-4676-83B0-E410AB0F9F21}.Debug|ARM.Build.0 = Debug|ARM
		{0AF23193-1A43-4676-83B0-E410AB0F9F21}.Debug|ARM.Deploy.0 = Debug|ARM
		{0AF23193-1A43-4676-83B0-E410AB0F9F21}.Debug|iPhone.ActiveCfg = Debug|Any CPU
		{0AF23193-1A43-4676-83B0-E410AB0F9F21}.Debug|iPhone.Build.0 = Debug|Any CPU
		{0AF23193-1A43-4676-83B0-E410AB0F9F21}.Debug|iPhone.Deploy.0 = Debug|Any CPU
		{0AF23193-1A43-4676-83B0-E410AB0F9F21}.Debug|iPhoneSimulator.ActiveCfg = Debug|Any CPU
		{0AF23193-1A43-4676-83B0-E410AB0F9F21}.Debug|iPhoneSimulator.Build.0 = Debug|Any CPU
		{0AF23193-1A43-4676-83B0-E410AB0F9F21}.Debug|iPhoneSimulator.Deploy.0 = Debug|Any CPU
		{0AF23193-1A43-4676-83B0-E410AB0F9F21}.Debug|x64.ActiveCfg = Debug|x64
		{0AF23193-1A43-4676-83B0-E410AB0F9F21}.Debug|x64.Build.0 = Debug|x64
		{0AF23193-1A43-4676-83B0-E410AB0F9F21}.Debug|x64.Deploy.0 = Debug|x64
		{0AF23193-1A43-4676-83B0-E410AB0F9F21}.Debug|x86.ActiveCfg = Debug|x86
		{0AF23193-1A43-4676-83B0-E410AB0F9F21}.Debug|x86.Build.0 = Debug|x86
		{0AF23193-1A43-4676-83B0-E410AB0F9F21}.Debug|x86.Deploy.0 = Debug|x86
		{0AF23193-1A43-4676-83B0-E410AB0F9F21}.Release|Any CPU.ActiveCfg = Release|Any CPU
		{0AF23193-1A43-4676-83B0-E410AB0F9F21}.Release|Any CPU.Build.0 = Release|Any CPU
		{0AF23193-1A43-4676-83B0-E410AB0F9F21}.Release|Any CPU.Deploy.0 = Release|Any CPU
		{0AF23193-1A43-4676-83B0-E410AB0F9F21}.Release|ARM.ActiveCfg = Release|ARM
		{0AF23193-1A43-4676-83B0-E410AB0F9F21}.Release|ARM.Build.0 = Release|ARM
		{0AF23193-1A43-4676-83B0-E410AB0F9F21}.Release|ARM.Deploy.0 = Release|ARM
		{0AF23193-1A43-4676-83B0-E410AB0F9F21}.Release|iPhone.ActiveCfg = Release|Any CPU
		{0AF23193-1A43-4676-83B0-E410AB0F9F21}.Release|iPhone.Build.0 = Release|Any CPU
		{0AF23193-1A43-4676-83B0-E410AB0F9F21}.Release|iPhone.Deploy.0 = Release|Any CPU
		{0AF23193-1A43-4676-83B0-E410AB0F9F21}.Release|iPhoneSimulator.ActiveCfg = Release|Any CPU
		{0AF23193-1A43-4676-83B0-E410AB0F9F21}.Release|iPhoneSimulator.Build.0 = Release|Any CPU
		{0AF23193-1A43-4676-83B0-E410AB0F9F21}.Release|iPhoneSimulator.Deploy.0 = Release|Any CPU
		{0AF23193-1A43-4676-83B0-E410AB0F9F21}.Release|x64.ActiveCfg = Release|x64
		{0AF23193-1A43-4676-83B0-E410AB0F9F21}.Release|x64.Build.0 = Release|x64
		{0AF23193-1A43-4676-83B0-E410AB0F9F21}.Release|x64.Deploy.0 = Release|x64
		{0AF23193-1A43-4676-83B0-E410AB0F9F21}.Release|x86.ActiveCfg = Release|x86
		{0AF23193-1A43-4676-83B0-E410AB0F9F21}.Release|x86.Build.0 = Release|x86
		{0AF23193-1A43-4676-83B0-E410AB0F9F21}.Release|x86.Deploy.0 = Release|x86
		{7FEB8072-5064-4DCD-A99B-9DB90BAA0103}.Ad-Hoc|Any CPU.ActiveCfg = Release|Any CPU
		{7FEB8072-5064-4DCD-A99B-9DB90BAA0103}.Ad-Hoc|Any CPU.Build.0 = Release|Any CPU
		{7FEB8072-5064-4DCD-A99B-9DB90BAA0103}.Ad-Hoc|ARM.ActiveCfg = Release|Any CPU
		{7FEB8072-5064-4DCD-A99B-9DB90BAA0103}.Ad-Hoc|ARM.Build.0 = Release|Any CPU
		{7FEB8072-5064-4DCD-A99B-9DB90BAA0103}.Ad-Hoc|iPhone.ActiveCfg = Release|Any CPU
		{7FEB8072-5064-4DCD-A99B-9DB90BAA0103}.Ad-Hoc|iPhone.Build.0 = Release|Any CPU
		{7FEB8072-5064-4DCD-A99B-9DB90BAA0103}.Ad-Hoc|iPhoneSimulator.ActiveCfg = Release|Any CPU
		{7FEB8072-5064-4DCD-A99B-9DB90BAA0103}.Ad-Hoc|iPhoneSimulator.Build.0 = Release|Any CPU
		{7FEB8072-5064-4DCD-A99B-9DB90BAA0103}.Ad-Hoc|x64.ActiveCfg = Release|Any CPU
		{7FEB8072-5064-4DCD-A99B-9DB90BAA0103}.Ad-Hoc|x64.Build.0 = Release|Any CPU
		{7FEB8072-5064-4DCD-A99B-9DB90BAA0103}.Ad-Hoc|x86.ActiveCfg = Release|Any CPU
		{7FEB8072-5064-4DCD-A99B-9DB90BAA0103}.Ad-Hoc|x86.Build.0 = Release|Any CPU
		{7FEB8072-5064-4DCD-A99B-9DB90BAA0103}.AppStore|Any CPU.ActiveCfg = Release|Any CPU
		{7FEB8072-5064-4DCD-A99B-9DB90BAA0103}.AppStore|Any CPU.Build.0 = Release|Any CPU
		{7FEB8072-5064-4DCD-A99B-9DB90BAA0103}.AppStore|ARM.ActiveCfg = Release|Any CPU
		{7FEB8072-5064-4DCD-A99B-9DB90BAA0103}.AppStore|ARM.Build.0 = Release|Any CPU
		{7FEB8072-5064-4DCD-A99B-9DB90BAA0103}.AppStore|iPhone.ActiveCfg = Release|Any CPU
		{7FEB8072-5064-4DCD-A99B-9DB90BAA0103}.AppStore|iPhone.Build.0 = Release|Any CPU
		{7FEB8072-5064-4DCD-A99B-9DB90BAA0103}.AppStore|iPhoneSimulator.ActiveCfg = Release|Any CPU
		{7FEB8072-5064-4DCD-A99B-9DB90BAA0103}.AppStore|iPhoneSimulator.Build.0 = Release|Any CPU
		{7FEB8072-5064-4DCD-A99B-9DB90BAA0103}.AppStore|x64.ActiveCfg = Release|Any CPU
		{7FEB8072-5064-4DCD-A99B-9DB90BAA0103}.AppStore|x64.Build.0 = Release|Any CPU
		{7FEB8072-5064-4DCD-A99B-9DB90BAA0103}.AppStore|x86.ActiveCfg = Release|Any CPU
		{7FEB8072-5064-4DCD-A99B-9DB90BAA0103}.AppStore|x86.Build.0 = Release|Any CPU
		{7FEB8072-5064-4DCD-A99B-9DB90BAA0103}.Debug|Any CPU.ActiveCfg = Debug|Any CPU
		{7FEB8072-5064-4DCD-A99B-9DB90BAA0103}.Debug|Any CPU.Build.0 = Debug|Any CPU
		{7FEB8072-5064-4DCD-A99B-9DB90BAA0103}.Debug|ARM.ActiveCfg = Debug|Any CPU
		{7FEB8072-5064-4DCD-A99B-9DB90BAA0103}.Debug|ARM.Build.0 = Debug|Any CPU
		{7FEB8072-5064-4DCD-A99B-9DB90BAA0103}.Debug|iPhone.ActiveCfg = Debug|Any CPU
		{7FEB8072-5064-4DCD-A99B-9DB90BAA0103}.Debug|iPhone.Build.0 = Debug|Any CPU
		{7FEB8072-5064-4DCD-A99B-9DB90BAA0103}.Debug|iPhoneSimulator.ActiveCfg = Debug|Any CPU
		{7FEB8072-5064-4DCD-A99B-9DB90BAA0103}.Debug|iPhoneSimulator.Build.0 = Debug|Any CPU
		{7FEB8072-5064-4DCD-A99B-9DB90BAA0103}.Debug|x64.ActiveCfg = Debug|Any CPU
		{7FEB8072-5064-4DCD-A99B-9DB90BAA0103}.Debug|x64.Build.0 = Debug|Any CPU
		{7FEB8072-5064-4DCD-A99B-9DB90BAA0103}.Debug|x86.ActiveCfg = Debug|Any CPU
		{7FEB8072-5064-4DCD-A99B-9DB90BAA0103}.Debug|x86.Build.0 = Debug|Any CPU
		{7FEB8072-5064-4DCD-A99B-9DB90BAA0103}.Release|Any CPU.ActiveCfg = Release|Any CPU
		{7FEB8072-5064-4DCD-A99B-9DB90BAA0103}.Release|Any CPU.Build.0 = Release|Any CPU
		{7FEB8072-5064-4DCD-A99B-9DB90BAA0103}.Release|ARM.ActiveCfg = Release|Any CPU
		{7FEB8072-5064-4DCD-A99B-9DB90BAA0103}.Release|ARM.Build.0 = Release|Any CPU
		{7FEB8072-5064-4DCD-A99B-9DB90BAA0103}.Release|iPhone.ActiveCfg = Release|Any CPU
		{7FEB8072-5064-4DCD-A99B-9DB90BAA0103}.Release|iPhone.Build.0 = Release|Any CPU
		{7FEB8072-5064-4DCD-A99B-9DB90BAA0103}.Release|iPhoneSimulator.ActiveCfg = Release|Any CPU
		{7FEB8072-5064-4DCD-A99B-9DB90BAA0103}.Release|iPhoneSimulator.Build.0 = Release|Any CPU
		{7FEB8072-5064-4DCD-A99B-9DB90BAA0103}.Release|x64.ActiveCfg = Release|Any CPU
		{7FEB8072-5064-4DCD-A99B-9DB90BAA0103}.Release|x64.Build.0 = Release|Any CPU
		{7FEB8072-5064-4DCD-A99B-9DB90BAA0103}.Release|x86.ActiveCfg = Release|Any CPU
		{7FEB8072-5064-4DCD-A99B-9DB90BAA0103}.Release|x86.Build.0 = Release|Any CPU
	EndGlobalSection
	GlobalSection(SolutionProperties) = preSolution
		HideSolutionNode = FALSE
	EndGlobalSection
EndGlobal
