
Microsoft Visual Studio Solution File, Format Version 12.00
# Visual Studio 14
VisualStudioVersion = 14.0.25123.0
MinimumVisualStudioVersion = 10.0.40219.1
Project("{FAE04EC0-301F-11D3-BF4B-00C04F79EFBC}") = "ManagerSetting.Droid", "ManagerSetting\ManagerSetting.Droid\ManagerSetting.Droid.csproj", "{E7CC3B19-AE8D-4CB9-B148-DE7CDC98FEDF}"
EndProject
Project("{FAE04EC0-301F-11D3-BF4B-00C04F79EFBC}") = "ManagerSetting.iOS", "ManagerSetting\ManagerSetting.iOS\ManagerSetting.iOS.csproj", "{F5208BF1-BC63-441F-AD7E-C00E2989ED7F}"
EndProject
Project("{FAE04EC0-301F-11D3-BF4B-00C04F79EFBC}") = "ManagerSetting.WinPhone", "ManagerSetting\ManagerSetting.WinPhone\ManagerSetting.WinPhone.csproj", "{67E796E6-F0C2-4C2D-82F9-5812ED595120}"
EndProject
Project("{FAE04EC0-301F-11D3-BF4B-00C04F79EFBC}") = "ManagerSetting", "ManagerSetting\ManagerSetting\ManagerSetting.csproj", "{3548B02C-C246-4756-BFE5-80CA3954975C}"
EndProject
Global
	GlobalSection(SolutionConfigurationPlatforms) = preSolution
		AppStore|Any CPU = AppStore|Any CPU
		AppStore|ARM = AppStore|ARM
		AppStore|iPhone = AppStore|iPhone
		AppStore|iPhoneSimulator = AppStore|iPhoneSimulator
		AppStore|x86 = AppStore|x86
		Debug|Any CPU = Debug|Any CPU
		Debug|ARM = Debug|ARM
		Debug|iPhone = Debug|iPhone
		Debug|iPhoneSimulator = Debug|iPhoneSimulator
		Debug|x86 = Debug|x86
		Release|Any CPU = Release|Any CPU
		Release|ARM = Release|ARM
		Release|iPhone = Release|iPhone
		Release|iPhoneSimulator = Release|iPhoneSimulator
		Release|x86 = Release|x86
	EndGlobalSection
	GlobalSection(ProjectConfigurationPlatforms) = postSolution
		{E7CC3B19-AE8D-4CB9-B148-DE7CDC98FEDF}.AppStore|Any CPU.ActiveCfg = Release|Any CPU
		{E7CC3B19-AE8D-4CB9-B148-DE7CDC98FEDF}.AppStore|Any CPU.Build.0 = Release|Any CPU
		{E7CC3B19-AE8D-4CB9-B148-DE7CDC98FEDF}.AppStore|Any CPU.Deploy.0 = Release|Any CPU
		{E7CC3B19-AE8D-4CB9-B148-DE7CDC98FEDF}.AppStore|ARM.ActiveCfg = Release|Any CPU
		{E7CC3B19-AE8D-4CB9-B148-DE7CDC98FEDF}.AppStore|ARM.Build.0 = Release|Any CPU
		{E7CC3B19-AE8D-4CB9-B148-DE7CDC98FEDF}.AppStore|ARM.Deploy.0 = Release|Any CPU
		{E7CC3B19-AE8D-4CB9-B148-DE7CDC98FEDF}.AppStore|iPhone.ActiveCfg = Release|Any CPU
		{E7CC3B19-AE8D-4CB9-B148-DE7CDC98FEDF}.AppStore|iPhone.Build.0 = Release|Any CPU
		{E7CC3B19-AE8D-4CB9-B148-DE7CDC98FEDF}.AppStore|iPhone.Deploy.0 = Release|Any CPU
		{E7CC3B19-AE8D-4CB9-B148-DE7CDC98FEDF}.AppStore|iPhoneSimulator.ActiveCfg = Release|Any CPU
		{E7CC3B19-AE8D-4CB9-B148-DE7CDC98FEDF}.AppStore|iPhoneSimulator.Build.0 = Release|Any CPU
		{E7CC3B19-AE8D-4CB9-B148-DE7CDC98FEDF}.AppStore|iPhoneSimulator.Deploy.0 = Release|Any CPU
		{E7CC3B19-AE8D-4CB9-B148-DE7CDC98FEDF}.AppStore|x86.ActiveCfg = Release|Any CPU
		{E7CC3B19-AE8D-4CB9-B148-DE7CDC98FEDF}.AppStore|x86.Build.0 = Release|Any CPU
		{E7CC3B19-AE8D-4CB9-B148-DE7CDC98FEDF}.AppStore|x86.Deploy.0 = Release|Any CPU
		{E7CC3B19-AE8D-4CB9-B148-DE7CDC98FEDF}.Debug|Any CPU.ActiveCfg = Debug|Any CPU
		{E7CC3B19-AE8D-4CB9-B148-DE7CDC98FEDF}.Debug|Any CPU.Build.0 = Debug|Any CPU
		{E7CC3B19-AE8D-4CB9-B148-DE7CDC98FEDF}.Debug|Any CPU.Deploy.0 = Debug|Any CPU
		{E7CC3B19-AE8D-4CB9-B148-DE7CDC98FEDF}.Debug|ARM.ActiveCfg = Debug|Any CPU
		{E7CC3B19-AE8D-4CB9-B148-DE7CDC98FEDF}.Debug|ARM.Build.0 = Debug|Any CPU
		{E7CC3B19-AE8D-4CB9-B148-DE7CDC98FEDF}.Debug|ARM.Deploy.0 = Debug|Any CPU
		{E7CC3B19-AE8D-4CB9-B148-DE7CDC98FEDF}.Debug|iPhone.ActiveCfg = Debug|Any CPU
		{E7CC3B19-AE8D-4CB9-B148-DE7CDC98FEDF}.Debug|iPhone.Build.0 = Debug|Any CPU
		{E7CC3B19-AE8D-4CB9-B148-DE7CDC98FEDF}.Debug|iPhone.Deploy.0 = Debug|Any CPU
		{E7CC3B19-AE8D-4CB9-B148-DE7CDC98FEDF}.Debug|iPhoneSimulator.ActiveCfg = Debug|Any CPU
		{E7CC3B19-AE8D-4CB9-B148-DE7CDC98FEDF}.Debug|iPhoneSimulator.Build.0 = Debug|Any CPU
		{E7CC3B19-AE8D-4CB9-B148-DE7CDC98FEDF}.Debug|iPhoneSimulator.Deploy.0 = Debug|Any CPU
		{E7CC3B19-AE8D-4CB9-B148-DE7CDC98FEDF}.Debug|x86.ActiveCfg = Debug|Any CPU
		{E7CC3B19-AE8D-4CB9-B148-DE7CDC98FEDF}.Debug|x86.Build.0 = Debug|Any CPU
		{E7CC3B19-AE8D-4CB9-B148-DE7CDC98FEDF}.Debug|x86.Deploy.0 = Debug|Any CPU
		{E7CC3B19-AE8D-4CB9-B148-DE7CDC98FEDF}.Release|Any CPU.ActiveCfg = Release|Any CPU
		{E7CC3B19-AE8D-4CB9-B148-DE7CDC98FEDF}.Release|Any CPU.Build.0 = Release|Any CPU
		{E7CC3B19-AE8D-4CB9-B148-DE7CDC98FEDF}.Release|Any CPU.Deploy.0 = Release|Any CPU
		{E7CC3B19-AE8D-4CB9-B148-DE7CDC98FEDF}.Release|ARM.ActiveCfg = Release|Any CPU
		{E7CC3B19-AE8D-4CB9-B148-DE7CDC98FEDF}.Release|ARM.Build.0 = Release|Any CPU
		{E7CC3B19-AE8D-4CB9-B148-DE7CDC98FEDF}.Release|ARM.Deploy.0 = Release|Any CPU
		{E7CC3B19-AE8D-4CB9-B148-DE7CDC98FEDF}.Release|iPhone.ActiveCfg = Release|Any CPU
		{E7CC3B19-AE8D-4CB9-B148-DE7CDC98FEDF}.Release|iPhone.Build.0 = Release|Any CPU
		{E7CC3B19-AE8D-4CB9-B148-DE7CDC98FEDF}.Release|iPhone.Deploy.0 = Release|Any CPU
		{E7CC3B19-AE8D-4CB9-B148-DE7CDC98FEDF}.Release|iPhoneSimulator.ActiveCfg = Release|Any CPU
		{E7CC3B19-AE8D-4CB9-B148-DE7CDC98FEDF}.Release|iPhoneSimulator.Build.0 = Release|Any CPU
		{E7CC3B19-AE8D-4CB9-B148-DE7CDC98FEDF}.Release|iPhoneSimulator.Deploy.0 = Release|Any CPU
		{E7CC3B19-AE8D-4CB9-B148-DE7CDC98FEDF}.Release|x86.ActiveCfg = Release|Any CPU
		{E7CC3B19-AE8D-4CB9-B148-DE7CDC98FEDF}.Release|x86.Build.0 = Release|Any CPU
		{E7CC3B19-AE8D-4CB9-B148-DE7CDC98FEDF}.Release|x86.Deploy.0 = Release|Any CPU
		{F5208BF1-BC63-441F-AD7E-C00E2989ED7F}.AppStore|Any CPU.ActiveCfg = AppStore|iPhone
		{F5208BF1-BC63-441F-AD7E-C00E2989ED7F}.AppStore|ARM.ActiveCfg = AppStore|iPhone
		{F5208BF1-BC63-441F-AD7E-C00E2989ED7F}.AppStore|iPhone.ActiveCfg = AppStore|iPhone
		{F5208BF1-BC63-441F-AD7E-C00E2989ED7F}.AppStore|iPhone.Build.0 = AppStore|iPhone
		{F5208BF1-BC63-441F-AD7E-C00E2989ED7F}.AppStore|iPhoneSimulator.ActiveCfg = AppStore|iPhoneSimulator
		{F5208BF1-BC63-441F-AD7E-C00E2989ED7F}.AppStore|iPhoneSimulator.Build.0 = AppStore|iPhoneSimulator
		{F5208BF1-BC63-441F-AD7E-C00E2989ED7F}.AppStore|x86.ActiveCfg = AppStore|iPhone
		{F5208BF1-BC63-441F-AD7E-C00E2989ED7F}.Debug|Any CPU.ActiveCfg = Debug|iPhone
		{F5208BF1-BC63-441F-AD7E-C00E2989ED7F}.Debug|ARM.ActiveCfg = Debug|iPhone
		{F5208BF1-BC63-441F-AD7E-C00E2989ED7F}.Debug|iPhone.ActiveCfg = Debug|iPhone
		{F5208BF1-BC63-441F-AD7E-C00E2989ED7F}.Debug|iPhone.Build.0 = Debug|iPhone
		{F5208BF1-BC63-441F-AD7E-C00E2989ED7F}.Debug|iPhoneSimulator.ActiveCfg = Debug|iPhoneSimulator
		{F5208BF1-BC63-441F-AD7E-C00E2989ED7F}.Debug|iPhoneSimulator.Build.0 = Debug|iPhoneSimulator
		{F5208BF1-BC63-441F-AD7E-C00E2989ED7F}.Debug|x86.ActiveCfg = Debug|iPhone
		{F5208BF1-BC63-441F-AD7E-C00E2989ED7F}.Release|Any CPU.ActiveCfg = Release|iPhone
		{F5208BF1-BC63-441F-AD7E-C00E2989ED7F}.Release|ARM.ActiveCfg = Release|iPhone
		{F5208BF1-BC63-441F-AD7E-C00E2989ED7F}.Release|iPhone.ActiveCfg = Release|iPhone
		{F5208BF1-BC63-441F-AD7E-C00E2989ED7F}.Release|iPhone.Build.0 = Release|iPhone
		{F5208BF1-BC63-441F-AD7E-C00E2989ED7F}.Release|iPhoneSimulator.ActiveCfg = Release|iPhoneSimulator
		{F5208BF1-BC63-441F-AD7E-C00E2989ED7F}.Release|iPhoneSimulator.Build.0 = Release|iPhoneSimulator
		{F5208BF1-BC63-441F-AD7E-C00E2989ED7F}.Release|x86.ActiveCfg = Release|iPhone
		{67E796E6-F0C2-4C2D-82F9-5812ED595120}.AppStore|Any CPU.ActiveCfg = Release|Any CPU
		{67E796E6-F0C2-4C2D-82F9-5812ED595120}.AppStore|Any CPU.Build.0 = Release|Any CPU
		{67E796E6-F0C2-4C2D-82F9-5812ED595120}.AppStore|Any CPU.Deploy.0 = Release|Any CPU
		{67E796E6-F0C2-4C2D-82F9-5812ED595120}.AppStore|ARM.ActiveCfg = Release|ARM
		{67E796E6-F0C2-4C2D-82F9-5812ED595120}.AppStore|ARM.Build.0 = Release|ARM
		{67E796E6-F0C2-4C2D-82F9-5812ED595120}.AppStore|ARM.Deploy.0 = Release|ARM
		{67E796E6-F0C2-4C2D-82F9-5812ED595120}.AppStore|iPhone.ActiveCfg = Release|Any CPU
		{67E796E6-F0C2-4C2D-82F9-5812ED595120}.AppStore|iPhone.Build.0 = Release|Any CPU
		{67E796E6-F0C2-4C2D-82F9-5812ED595120}.AppStore|iPhone.Deploy.0 = Release|Any CPU
		{67E796E6-F0C2-4C2D-82F9-5812ED595120}.AppStore|iPhoneSimulator.ActiveCfg = Release|Any CPU
		{67E796E6-F0C2-4C2D-82F9-5812ED595120}.AppStore|iPhoneSimulator.Build.0 = Release|Any CPU
		{67E796E6-F0C2-4C2D-82F9-5812ED595120}.AppStore|iPhoneSimulator.Deploy.0 = Release|Any CPU
		{67E796E6-F0C2-4C2D-82F9-5812ED595120}.AppStore|x86.ActiveCfg = Release|x86
		{67E796E6-F0C2-4C2D-82F9-5812ED595120}.AppStore|x86.Build.0 = Release|x86
		{67E796E6-F0C2-4C2D-82F9-5812ED595120}.AppStore|x86.Deploy.0 = Release|x86
		{67E796E6-F0C2-4C2D-82F9-5812ED595120}.Debug|Any CPU.ActiveCfg = Debug|Any CPU
		{67E796E6-F0C2-4C2D-82F9-5812ED595120}.Debug|Any CPU.Build.0 = Debug|Any CPU
		{67E796E6-F0C2-4C2D-82F9-5812ED595120}.Debug|Any CPU.Deploy.0 = Debug|Any CPU
		{67E796E6-F0C2-4C2D-82F9-5812ED595120}.Debug|ARM.ActiveCfg = Debug|ARM
		{67E796E6-F0C2-4C2D-82F9-5812ED595120}.Debug|ARM.Build.0 = Debug|ARM
		{67E796E6-F0C2-4C2D-82F9-5812ED595120}.Debug|ARM.Deploy.0 = Debug|ARM
		{67E796E6-F0C2-4C2D-82F9-5812ED595120}.Debug|iPhone.ActiveCfg = Debug|Any CPU
		{67E796E6-F0C2-4C2D-82F9-5812ED595120}.Debug|iPhone.Build.0 = Debug|Any CPU
		{67E796E6-F0C2-4C2D-82F9-5812ED595120}.Debug|iPhone.Deploy.0 = Debug|Any CPU
		{67E796E6-F0C2-4C2D-82F9-5812ED595120}.Debug|iPhoneSimulator.ActiveCfg = Debug|Any CPU
		{67E796E6-F0C2-4C2D-82F9-5812ED595120}.Debug|iPhoneSimulator.Build.0 = Debug|Any CPU
		{67E796E6-F0C2-4C2D-82F9-5812ED595120}.Debug|iPhoneSimulator.Deploy.0 = Debug|Any CPU
		{67E796E6-F0C2-4C2D-82F9-5812ED595120}.Debug|x86.ActiveCfg = Debug|x86
		{67E796E6-F0C2-4C2D-82F9-5812ED595120}.Debug|x86.Build.0 = Debug|x86
		{67E796E6-F0C2-4C2D-82F9-5812ED595120}.Debug|x86.Deploy.0 = Debug|x86
		{67E796E6-F0C2-4C2D-82F9-5812ED595120}.Release|Any CPU.ActiveCfg = Release|Any CPU
		{67E796E6-F0C2-4C2D-82F9-5812ED595120}.Release|Any CPU.Build.0 = Release|Any CPU
		{67E796E6-F0C2-4C2D-82F9-5812ED595120}.Release|Any CPU.Deploy.0 = Release|Any CPU
		{67E796E6-F0C2-4C2D-82F9-5812ED595120}.Release|ARM.ActiveCfg = Release|ARM
		{67E796E6-F0C2-4C2D-82F9-5812ED595120}.Release|ARM.Build.0 = Release|ARM
		{67E796E6-F0C2-4C2D-82F9-5812ED595120}.Release|ARM.Deploy.0 = Release|ARM
		{67E796E6-F0C2-4C2D-82F9-5812ED595120}.Release|iPhone.ActiveCfg = Release|Any CPU
		{67E796E6-F0C2-4C2D-82F9-5812ED595120}.Release|iPhone.Build.0 = Release|Any CPU
		{67E796E6-F0C2-4C2D-82F9-5812ED595120}.Release|iPhone.Deploy.0 = Release|Any CPU
		{67E796E6-F0C2-4C2D-82F9-5812ED595120}.Release|iPhoneSimulator.ActiveCfg = Release|Any CPU
		{67E796E6-F0C2-4C2D-82F9-5812ED595120}.Release|iPhoneSimulator.Build.0 = Release|Any CPU
		{67E796E6-F0C2-4C2D-82F9-5812ED595120}.Release|iPhoneSimulator.Deploy.0 = Release|Any CPU
		{67E796E6-F0C2-4C2D-82F9-5812ED595120}.Release|x86.ActiveCfg = Release|x86
		{67E796E6-F0C2-4C2D-82F9-5812ED595120}.Release|x86.Build.0 = Release|x86
		{67E796E6-F0C2-4C2D-82F9-5812ED595120}.Release|x86.Deploy.0 = Release|x86
		{3548B02C-C246-4756-BFE5-80CA3954975C}.AppStore|Any CPU.ActiveCfg = Release|Any CPU
		{3548B02C-C246-4756-BFE5-80CA3954975C}.AppStore|Any CPU.Build.0 = Release|Any CPU
		{3548B02C-C246-4756-BFE5-80CA3954975C}.AppStore|ARM.ActiveCfg = Release|Any CPU
		{3548B02C-C246-4756-BFE5-80CA3954975C}.AppStore|ARM.Build.0 = Release|Any CPU
		{3548B02C-C246-4756-BFE5-80CA3954975C}.AppStore|iPhone.ActiveCfg = Release|Any CPU
		{3548B02C-C246-4756-BFE5-80CA3954975C}.AppStore|iPhone.Build.0 = Release|Any CPU
		{3548B02C-C246-4756-BFE5-80CA3954975C}.AppStore|iPhoneSimulator.ActiveCfg = Release|Any CPU
		{3548B02C-C246-4756-BFE5-80CA3954975C}.AppStore|iPhoneSimulator.Build.0 = Release|Any CPU
		{3548B02C-C246-4756-BFE5-80CA3954975C}.AppStore|x86.ActiveCfg = Release|Any CPU
		{3548B02C-C246-4756-BFE5-80CA3954975C}.AppStore|x86.Build.0 = Release|Any CPU
		{3548B02C-C246-4756-BFE5-80CA3954975C}.Debug|Any CPU.ActiveCfg = Debug|Any CPU
		{3548B02C-C246-4756-BFE5-80CA3954975C}.Debug|Any CPU.Build.0 = Debug|Any CPU
		{3548B02C-C246-4756-BFE5-80CA3954975C}.Debug|ARM.ActiveCfg = Debug|Any CPU
		{3548B02C-C246-4756-BFE5-80CA3954975C}.Debug|ARM.Build.0 = Debug|Any CPU
		{3548B02C-C246-4756-BFE5-80CA3954975C}.Debug|iPhone.ActiveCfg = Debug|Any CPU
		{3548B02C-C246-4756-BFE5-80CA3954975C}.Debug|iPhone.Build.0 = Debug|Any CPU
		{3548B02C-C246-4756-BFE5-80CA3954975C}.Debug|iPhoneSimulator.ActiveCfg = Debug|Any CPU
		{3548B02C-C246-4756-BFE5-80CA3954975C}.Debug|iPhoneSimulator.Build.0 = Debug|Any CPU
		{3548B02C-C246-4756-BFE5-80CA3954975C}.Debug|x86.ActiveCfg = Debug|Any CPU
		{3548B02C-C246-4756-BFE5-80CA3954975C}.Debug|x86.Build.0 = Debug|Any CPU
		{3548B02C-C246-4756-BFE5-80CA3954975C}.Release|Any CPU.ActiveCfg = Release|Any CPU
		{3548B02C-C246-4756-BFE5-80CA3954975C}.Release|Any CPU.Build.0 = Release|Any CPU
		{3548B02C-C246-4756-BFE5-80CA3954975C}.Release|ARM.ActiveCfg = Release|Any CPU
		{3548B02C-C246-4756-BFE5-80CA3954975C}.Release|ARM.Build.0 = Release|Any CPU
		{3548B02C-C246-4756-BFE5-80CA3954975C}.Release|iPhone.ActiveCfg = Release|Any CPU
		{3548B02C-C246-4756-BFE5-80CA3954975C}.Release|iPhone.Build.0 = Release|Any CPU
		{3548B02C-C246-4756-BFE5-80CA3954975C}.Release|iPhoneSimulator.ActiveCfg = Release|Any CPU
		{3548B02C-C246-4756-BFE5-80CA3954975C}.Release|iPhoneSimulator.Build.0 = Release|Any CPU
		{3548B02C-C246-4756-BFE5-80CA3954975C}.Release|x86.ActiveCfg = Release|Any CPU
		{3548B02C-C246-4756-BFE5-80CA3954975C}.Release|x86.Build.0 = Release|Any CPU
	EndGlobalSection
	GlobalSection(SolutionProperties) = preSolution
		HideSolutionNode = FALSE
	EndGlobalSection
EndGlobal
