
Microsoft Visual Studio Solution File, Format Version 12.00
# Visual Studio 14
VisualStudioVersion = 14.0.25123.0
MinimumVisualStudioVersion = 10.0.40219.1
Project("{FAE04EC0-301F-11D3-BF4B-00C04F79EFBC}") = "NewApps.Droid", "NewApps\NewApps.Droid\NewApps.Droid.csproj", "{78032BD5-E7B3-4D5C-8397-0A0DB54F3675}"
EndProject
Project("{FAE04EC0-301F-11D3-BF4B-00C04F79EFBC}") = "NewApps.iOS", "NewApps\NewApps.iOS\NewApps.iOS.csproj", "{24312747-F7E8-4ADB-9035-CF9E78DB0F73}"
EndProject
Project("{FAE04EC0-301F-11D3-BF4B-00C04F79EFBC}") = "NewApps.WinPhone", "NewApps\NewApps.WinPhone\NewApps.WinPhone.csproj", "{99BDA327-D040-4612-A4C6-1EB7CCC2E86D}"
EndProject
Project("{FAE04EC0-301F-11D3-BF4B-00C04F79EFBC}") = "NewApps.Windows", "NewApps\NewApps.Windows\NewApps.Windows.csproj", "{83823E50-DF78-4F6A-9EBA-F66A2083DC5B}"
EndProject
Project("{FAE04EC0-301F-11D3-BF4B-00C04F79EFBC}") = "NewApps", "NewApps\NewApps\NewApps.csproj", "{9CDACE44-7B4D-48BC-A38C-F0A6E45B6EFD}"
EndProject
Global
	GlobalSection(SolutionConfigurationPlatforms) = preSolution
		Ad-Hoc|Any CPU = Ad-Hoc|Any CPU
		Ad-Hoc|ARM = Ad-Hoc|ARM
		Ad-Hoc|iPhone = Ad-Hoc|iPhone
		Ad-Hoc|iPhoneSimulator = Ad-Hoc|iPhoneSimulator
		Ad-Hoc|x64 = Ad-Hoc|x64
		Ad-Hoc|x86 = Ad-Hoc|x86
		AppStore|Any CPU = AppStore|Any CPU
		AppStore|ARM = AppStore|ARM
		AppStore|iPhone = AppStore|iPhone
		AppStore|iPhoneSimulator = AppStore|iPhoneSimulator
		AppStore|x64 = AppStore|x64
		AppStore|x86 = AppStore|x86
		Debug|Any CPU = Debug|Any CPU
		Debug|ARM = Debug|ARM
		Debug|iPhone = Debug|iPhone
		Debug|iPhoneSimulator = Debug|iPhoneSimulator
		Debug|x64 = Debug|x64
		Debug|x86 = Debug|x86
		Release|Any CPU = Release|Any CPU
		Release|ARM = Release|ARM
		Release|iPhone = Release|iPhone
		Release|iPhoneSimulator = Release|iPhoneSimulator
		Release|x64 = Release|x64
		Release|x86 = Release|x86
	EndGlobalSection
	GlobalSection(ProjectConfigurationPlatforms) = postSolution
		{78032BD5-E7B3-4D5C-8397-0A0DB54F3675}.Ad-Hoc|Any CPU.ActiveCfg = Release|Any CPU
		{78032BD5-E7B3-4D5C-8397-0A0DB54F3675}.Ad-Hoc|Any CPU.Build.0 = Release|Any CPU
		{78032BD5-E7B3-4D5C-8397-0A0DB54F3675}.Ad-Hoc|Any CPU.Deploy.0 = Release|Any CPU
		{78032BD5-E7B3-4D5C-8397-0A0DB54F3675}.Ad-Hoc|ARM.ActiveCfg = Release|Any CPU
		{78032BD5-E7B3-4D5C-8397-0A0DB54F3675}.Ad-Hoc|ARM.Build.0 = Release|Any CPU
		{78032BD5-E7B3-4D5C-8397-0A0DB54F3675}.Ad-Hoc|ARM.Deploy.0 = Release|Any CPU
		{78032BD5-E7B3-4D5C-8397-0A0DB54F3675}.Ad-Hoc|iPhone.ActiveCfg = Release|Any CPU
		{78032BD5-E7B3-4D5C-8397-0A0DB54F3675}.Ad-Hoc|iPhone.Build.0 = Release|Any CPU
		{78032BD5-E7B3-4D5C-8397-0A0DB54F3675}.Ad-Hoc|iPhone.Deploy.0 = Release|Any CPU
		{78032BD5-E7B3-4D5C-8397-0A0DB54F3675}.Ad-Hoc|iPhoneSimulator.ActiveCfg = Release|Any CPU
		{78032BD5-E7B3-4D5C-8397-0A0DB54F3675}.Ad-Hoc|iPhoneSimulator.Build.0 = Release|Any CPU
		{78032BD5-E7B3-4D5C-8397-0A0DB54F3675}.Ad-Hoc|iPhoneSimulator.Deploy.0 = Release|Any CPU
		{78032BD5-E7B3-4D5C-8397-0A0DB54F3675}.Ad-Hoc|x64.ActiveCfg = Release|Any CPU
		{78032BD5-E7B3-4D5C-8397-0A0DB54F3675}.Ad-Hoc|x64.Build.0 = Release|Any CPU
		{78032BD5-E7B3-4D5C-8397-0A0DB54F3675}.Ad-Hoc|x64.Deploy.0 = Release|Any CPU
		{78032BD5-E7B3-4D5C-8397-0A0DB54F3675}.Ad-Hoc|x86.ActiveCfg = Release|Any CPU
		{78032BD5-E7B3-4D5C-8397-0A0DB54F3675}.Ad-Hoc|x86.Build.0 = Release|Any CPU
		{78032BD5-E7B3-4D5C-8397-0A0DB54F3675}.Ad-Hoc|x86.Deploy.0 = Release|Any CPU
		{78032BD5-E7B3-4D5C-8397-0A0DB54F3675}.AppStore|Any CPU.ActiveCfg = Release|Any CPU
		{78032BD5-E7B3-4D5C-8397-0A0DB54F3675}.AppStore|Any CPU.Build.0 = Release|Any CPU
		{78032BD5-E7B3-4D5C-8397-0A0DB54F3675}.AppStore|Any CPU.Deploy.0 = Release|Any CPU
		{78032BD5-E7B3-4D5C-8397-0A0DB54F3675}.AppStore|ARM.ActiveCfg = Release|Any CPU
		{78032BD5-E7B3-4D5C-8397-0A0DB54F3675}.AppStore|ARM.Build.0 = Release|Any CPU
		{78032BD5-E7B3-4D5C-8397-0A0DB54F3675}.AppStore|ARM.Deploy.0 = Release|Any CPU
		{78032BD5-E7B3-4D5C-8397-0A0DB54F3675}.AppStore|iPhone.ActiveCfg = Release|Any CPU
		{78032BD5-E7B3-4D5C-8397-0A0DB54F3675}.AppStore|iPhone.Build.0 = Release|Any CPU
		{78032BD5-E7B3-4D5C-8397-0A0DB54F3675}.AppStore|iPhone.Deploy.0 = Release|Any CPU
		{78032BD5-E7B3-4D5C-8397-0A0DB54F3675}.AppStore|iPhoneSimulator.ActiveCfg = Release|Any CPU
		{78032BD5-E7B3-4D5C-8397-0A0DB54F3675}.AppStore|iPhoneSimulator.Build.0 = Release|Any CPU
		{78032BD5-E7B3-4D5C-8397-0A0DB54F3675}.AppStore|iPhoneSimulator.Deploy.0 = Release|Any CPU
		{78032BD5-E7B3-4D5C-8397-0A0DB54F3675}.AppStore|x64.ActiveCfg = Release|Any CPU
		{78032BD5-E7B3-4D5C-8397-0A0DB54F3675}.AppStore|x64.Build.0 = Release|Any CPU
		{78032BD5-E7B3-4D5C-8397-0A0DB54F3675}.AppStore|x64.Deploy.0 = Release|Any CPU
		{78032BD5-E7B3-4D5C-8397-0A0DB54F3675}.AppStore|x86.ActiveCfg = Release|Any CPU
		{78032BD5-E7B3-4D5C-8397-0A0DB54F3675}.AppStore|x86.Build.0 = Release|Any CPU
		{78032BD5-E7B3-4D5C-8397-0A0DB54F3675}.AppStore|x86.Deploy.0 = Release|Any CPU
		{78032BD5-E7B3-4D5C-8397-0A0DB54F3675}.Debug|Any CPU.ActiveCfg = Debug|Any CPU
		{78032BD5-E7B3-4D5C-8397-0A0DB54F3675}.Debug|Any CPU.Build.0 = Debug|Any CPU
		{78032BD5-E7B3-4D5C-8397-0A0DB54F3675}.Debug|Any CPU.Deploy.0 = Debug|Any CPU
		{78032BD5-E7B3-4D5C-8397-0A0DB54F3675}.Debug|ARM.ActiveCfg = Debug|Any CPU
		{78032BD5-E7B3-4D5C-8397-0A0DB54F3675}.Debug|ARM.Build.0 = Debug|Any CPU
		{78032BD5-E7B3-4D5C-8397-0A0DB54F3675}.Debug|ARM.Deploy.0 = Debug|Any CPU
		{78032BD5-E7B3-4D5C-8397-0A0DB54F3675}.Debug|iPhone.ActiveCfg = Debug|Any CPU
		{78032BD5-E7B3-4D5C-8397-0A0DB54F3675}.Debug|iPhone.Build.0 = Debug|Any CPU
		{78032BD5-E7B3-4D5C-8397-0A0DB54F3675}.Debug|iPhone.Deploy.0 = Debug|Any CPU
		{78032BD5-E7B3-4D5C-8397-0A0DB54F3675}.Debug|iPhoneSimulator.ActiveCfg = Debug|Any CPU
		{78032BD5-E7B3-4D5C-8397-0A0DB54F3675}.Debug|iPhoneSimulator.Build.0 = Debug|Any CPU
		{78032BD5-E7B3-4D5C-8397-0A0DB54F3675}.Debug|iPhoneSimulator.Deploy.0 = Debug|Any CPU
		{78032BD5-E7B3-4D5C-8397-0A0DB54F3675}.Debug|x64.ActiveCfg = Debug|Any CPU
		{78032BD5-E7B3-4D5C-8397-0A0DB54F3675}.Debug|x64.Build.0 = Debug|Any CPU
		{78032BD5-E7B3-4D5C-8397-0A0DB54F3675}.Debug|x64.Deploy.0 = Debug|Any CPU
		{78032BD5-E7B3-4D5C-8397-0A0DB54F3675}.Debug|x86.ActiveCfg = Debug|Any CPU
		{78032BD5-E7B3-4D5C-8397-0A0DB54F3675}.Debug|x86.Build.0 = Debug|Any CPU
		{78032BD5-E7B3-4D5C-8397-0A0DB54F3675}.Debug|x86.Deploy.0 = Debug|Any CPU
		{78032BD5-E7B3-4D5C-8397-0A0DB54F3675}.Release|Any CPU.ActiveCfg = Release|Any CPU
		{78032BD5-E7B3-4D5C-8397-0A0DB54F3675}.Release|Any CPU.Build.0 = Release|Any CPU
		{78032BD5-E7B3-4D5C-8397-0A0DB54F3675}.Release|Any CPU.Deploy.0 = Release|Any CPU
		{78032BD5-E7B3-4D5C-8397-0A0DB54F3675}.Release|ARM.ActiveCfg = Release|Any CPU
		{78032BD5-E7B3-4D5C-8397-0A0DB54F3675}.Release|ARM.Build.0 = Release|Any CPU
		{78032BD5-E7B3-4D5C-8397-0A0DB54F3675}.Release|ARM.Deploy.0 = Release|Any CPU
		{78032BD5-E7B3-4D5C-8397-0A0DB54F3675}.Release|iPhone.ActiveCfg = Release|Any CPU
		{78032BD5-E7B3-4D5C-8397-0A0DB54F3675}.Release|iPhone.Build.0 = Release|Any CPU
		{78032BD5-E7B3-4D5C-8397-0A0DB54F3675}.Release|iPhone.Deploy.0 = Release|Any CPU
		{78032BD5-E7B3-4D5C-8397-0A0DB54F3675}.Release|iPhoneSimulator.ActiveCfg = Release|Any CPU
		{78032BD5-E7B3-4D5C-8397-0A0DB54F3675}.Release|iPhoneSimulator.Build.0 = Release|Any CPU
		{78032BD5-E7B3-4D5C-8397-0A0DB54F3675}.Release|iPhoneSimulator.Deploy.0 = Release|Any CPU
		{78032BD5-E7B3-4D5C-8397-0A0DB54F3675}.Release|x64.ActiveCfg = Release|Any CPU
		{78032BD5-E7B3-4D5C-8397-0A0DB54F3675}.Release|x64.Build.0 = Release|Any CPU
		{78032BD5-E7B3-4D5C-8397-0A0DB54F3675}.Release|x64.Deploy.0 = Release|Any CPU
		{78032BD5-E7B3-4D5C-8397-0A0DB54F3675}.Release|x86.ActiveCfg = Release|Any CPU
		{78032BD5-E7B3-4D5C-8397-0A0DB54F3675}.Release|x86.Build.0 = Release|Any CPU
		{78032BD5-E7B3-4D5C-8397-0A0DB54F3675}.Release|x86.Deploy.0 = Release|Any CPU
		{24312747-F7E8-4ADB-9035-CF9E78DB0F73}.Ad-Hoc|Any CPU.ActiveCfg = Ad-Hoc|iPhone
		{24312747-F7E8-4ADB-9035-CF9E78DB0F73}.Ad-Hoc|ARM.ActiveCfg = Ad-Hoc|iPhone
		{24312747-F7E8-4ADB-9035-CF9E78DB0F73}.Ad-Hoc|iPhone.ActiveCfg = Ad-Hoc|iPhone
		{24312747-F7E8-4ADB-9035-CF9E78DB0F73}.Ad-Hoc|iPhone.Build.0 = Ad-Hoc|iPhone
		{24312747-F7E8-4ADB-9035-CF9E78DB0F73}.Ad-Hoc|iPhoneSimulator.ActiveCfg = Ad-Hoc|iPhoneSimulator
		{24312747-F7E8-4ADB-9035-CF9E78DB0F73}.Ad-Hoc|iPhoneSimulator.Build.0 = Ad-Hoc|iPhoneSimulator
		{24312747-F7E8-4ADB-9035-CF9E78DB0F73}.Ad-Hoc|x64.ActiveCfg = Ad-Hoc|iPhone
		{24312747-F7E8-4ADB-9035-CF9E78DB0F73}.Ad-Hoc|x86.ActiveCfg = Ad-Hoc|iPhone
		{24312747-F7E8-4ADB-9035-CF9E78DB0F73}.AppStore|Any CPU.ActiveCfg = AppStore|iPhone
		{24312747-F7E8-4ADB-9035-CF9E78DB0F73}.AppStore|ARM.ActiveCfg = AppStore|iPhone
		{24312747-F7E8-4ADB-9035-CF9E78DB0F73}.AppStore|iPhone.ActiveCfg = AppStore|iPhone
		{24312747-F7E8-4ADB-9035-CF9E78DB0F73}.AppStore|iPhone.Build.0 = AppStore|iPhone
		{24312747-F7E8-4ADB-9035-CF9E78DB0F73}.AppStore|iPhoneSimulator.ActiveCfg = AppStore|iPhoneSimulator
		{24312747-F7E8-4ADB-9035-CF9E78DB0F73}.AppStore|iPhoneSimulator.Build.0 = AppStore|iPhoneSimulator
		{24312747-F7E8-4ADB-9035-CF9E78DB0F73}.AppStore|x64.ActiveCfg = AppStore|iPhone
		{24312747-F7E8-4ADB-9035-CF9E78DB0F73}.AppStore|x86.ActiveCfg = AppStore|iPhone
		{24312747-F7E8-4ADB-9035-CF9E78DB0F73}.Debug|Any CPU.ActiveCfg = Debug|iPhone
		{24312747-F7E8-4ADB-9035-CF9E78DB0F73}.Debug|ARM.ActiveCfg = Debug|iPhone
		{24312747-F7E8-4ADB-9035-CF9E78DB0F73}.Debug|iPhone.ActiveCfg = Debug|iPhone
		{24312747-F7E8-4ADB-9035-CF9E78DB0F73}.Debug|iPhone.Build.0 = Debug|iPhone
		{24312747-F7E8-4ADB-9035-CF9E78DB0F73}.Debug|iPhoneSimulator.ActiveCfg = Debug|iPhoneSimulator
		{24312747-F7E8-4ADB-9035-CF9E78DB0F73}.Debug|iPhoneSimulator.Build.0 = Debug|iPhoneSimulator
		{24312747-F7E8-4ADB-9035-CF9E78DB0F73}.Debug|x64.ActiveCfg = Debug|iPhone
		{24312747-F7E8-4ADB-9035-CF9E78DB0F73}.Debug|x86.ActiveCfg = Debug|iPhone
		{24312747-F7E8-4ADB-9035-CF9E78DB0F73}.Release|Any CPU.ActiveCfg = Release|iPhone
		{24312747-F7E8-4ADB-9035-CF9E78DB0F73}.Release|ARM.ActiveCfg = Release|iPhone
		{24312747-F7E8-4ADB-9035-CF9E78DB0F73}.Release|iPhone.ActiveCfg = Release|iPhone
		{24312747-F7E8-4ADB-9035-CF9E78DB0F73}.Release|iPhone.Build.0 = Release|iPhone
		{24312747-F7E8-4ADB-9035-CF9E78DB0F73}.Release|iPhoneSimulator.ActiveCfg = Release|iPhoneSimulator
		{24312747-F7E8-4ADB-9035-CF9E78DB0F73}.Release|iPhoneSimulator.Build.0 = Release|iPhoneSimulator
		{24312747-F7E8-4ADB-9035-CF9E78DB0F73}.Release|x64.ActiveCfg = Release|iPhone
		{24312747-F7E8-4ADB-9035-CF9E78DB0F73}.Release|x86.ActiveCfg = Release|iPhone
		{99BDA327-D040-4612-A4C6-1EB7CCC2E86D}.Ad-Hoc|Any CPU.ActiveCfg = Release|Any CPU
		{99BDA327-D040-4612-A4C6-1EB7CCC2E86D}.Ad-Hoc|Any CPU.Build.0 = Release|Any CPU
		{99BDA327-D040-4612-A4C6-1EB7CCC2E86D}.Ad-Hoc|Any CPU.Deploy.0 = Release|Any CPU
		{99BDA327-D040-4612-A4C6-1EB7CCC2E86D}.Ad-Hoc|ARM.ActiveCfg = Release|ARM
		{99BDA327-D040-4612-A4C6-1EB7CCC2E86D}.Ad-Hoc|ARM.Build.0 = Release|ARM
		{99BDA327-D040-4612-A4C6-1EB7CCC2E86D}.Ad-Hoc|ARM.Deploy.0 = Release|ARM
		{99BDA327-D040-4612-A4C6-1EB7CCC2E86D}.Ad-Hoc|iPhone.ActiveCfg = Release|Any CPU
		{99BDA327-D040-4612-A4C6-1EB7CCC2E86D}.Ad-Hoc|iPhone.Build.0 = Release|Any CPU
		{99BDA327-D040-4612-A4C6-1EB7CCC2E86D}.Ad-Hoc|iPhone.Deploy.0 = Release|Any CPU
		{99BDA327-D040-4612-A4C6-1EB7CCC2E86D}.Ad-Hoc|iPhoneSimulator.ActiveCfg = Release|Any CPU
		{99BDA327-D040-4612-A4C6-1EB7CCC2E86D}.Ad-Hoc|iPhoneSimulator.Build.0 = Release|Any CPU
		{99BDA327-D040-4612-A4C6-1EB7CCC2E86D}.Ad-Hoc|iPhoneSimulator.Deploy.0 = Release|Any CPU
		{99BDA327-D040-4612-A4C6-1EB7CCC2E86D}.Ad-Hoc|x64.ActiveCfg = Release|Any CPU
		{99BDA327-D040-4612-A4C6-1EB7CCC2E86D}.Ad-Hoc|x64.Build.0 = Release|Any CPU
		{99BDA327-D040-4612-A4C6-1EB7CCC2E86D}.Ad-Hoc|x64.Deploy.0 = Release|Any CPU
		{99BDA327-D040-4612-A4C6-1EB7CCC2E86D}.Ad-Hoc|x86.ActiveCfg = Release|x86
		{99BDA327-D040-4612-A4C6-1EB7CCC2E86D}.Ad-Hoc|x86.Build.0 = Release|x86
		{99BDA327-D040-4612-A4C6-1EB7CCC2E86D}.Ad-Hoc|x86.Deploy.0 = Release|x86
		{99BDA327-D040-4612-A4C6-1EB7CCC2E86D}.AppStore|Any CPU.ActiveCfg = Release|Any CPU
		{99BDA327-D040-4612-A4C6-1EB7CCC2E86D}.AppStore|Any CPU.Build.0 = Release|Any CPU
		{99BDA327-D040-4612-A4C6-1EB7CCC2E86D}.AppStore|Any CPU.Deploy.0 = Release|Any CPU
		{99BDA327-D040-4612-A4C6-1EB7CCC2E86D}.AppStore|ARM.ActiveCfg = Release|ARM
		{99BDA327-D040-4612-A4C6-1EB7CCC2E86D}.AppStore|ARM.Build.0 = Release|ARM
		{99BDA327-D040-4612-A4C6-1EB7CCC2E86D}.AppStore|ARM.Deploy.0 = Release|ARM
		{99BDA327-D040-4612-A4C6-1EB7CCC2E86D}.AppStore|iPhone.ActiveCfg = Release|Any CPU
		{99BDA327-D040-4612-A4C6-1EB7CCC2E86D}.AppStore|iPhone.Build.0 = Release|Any CPU
		{99BDA327-D040-4612-A4C6-1EB7CCC2E86D}.AppStore|iPhone.Deploy.0 = Release|Any CPU
		{99BDA327-D040-4612-A4C6-1EB7CCC2E86D}.AppStore|iPhoneSimulator.ActiveCfg = Release|Any CPU
		{99BDA327-D040-4612-A4C6-1EB7CCC2E86D}.AppStore|iPhoneSimulator.Build.0 = Release|Any CPU
		{99BDA327-D040-4612-A4C6-1EB7CCC2E86D}.AppStore|iPhoneSimulator.Deploy.0 = Release|Any CPU
		{99BDA327-D040-4612-A4C6-1EB7CCC2E86D}.AppStore|x64.ActiveCfg = Release|Any CPU
		{99BDA327-D040-4612-A4C6-1EB7CCC2E86D}.AppStore|x64.Build.0 = Release|Any CPU
		{99BDA327-D040-4612-A4C6-1EB7CCC2E86D}.AppStore|x64.Deploy.0 = Release|Any CPU
		{99BDA327-D040-4612-A4C6-1EB7CCC2E86D}.AppStore|x86.ActiveCfg = Release|x86
		{99BDA327-D040-4612-A4C6-1EB7CCC2E86D}.AppStore|x86.Build.0 = Release|x86
		{99BDA327-D040-4612-A4C6-1EB7CCC2E86D}.AppStore|x86.Deploy.0 = Release|x86
		{99BDA327-D040-4612-A4C6-1EB7CCC2E86D}.Debug|Any CPU.ActiveCfg = Debug|Any CPU
		{99BDA327-D040-4612-A4C6-1EB7CCC2E86D}.Debug|Any CPU.Build.0 = Debug|Any CPU
		{99BDA327-D040-4612-A4C6-1EB7CCC2E86D}.Debug|Any CPU.Deploy.0 = Debug|Any CPU
		{99BDA327-D040-4612-A4C6-1EB7CCC2E86D}.Debug|ARM.ActiveCfg = Debug|ARM
		{99BDA327-D040-4612-A4C6-1EB7CCC2E86D}.Debug|ARM.Build.0 = Debug|ARM
		{99BDA327-D040-4612-A4C6-1EB7CCC2E86D}.Debug|ARM.Deploy.0 = Debug|ARM
		{99BDA327-D040-4612-A4C6-1EB7CCC2E86D}.Debug|iPhone.ActiveCfg = Debug|Any CPU
		{99BDA327-D040-4612-A4C6-1EB7CCC2E86D}.Debug|iPhone.Build.0 = Debug|Any CPU
		{99BDA327-D040-4612-A4C6-1EB7CCC2E86D}.Debug|iPhone.Deploy.0 = Debug|Any CPU
		{99BDA327-D040-4612-A4C6-1EB7CCC2E86D}.Debug|iPhoneSimulator.ActiveCfg = Debug|Any CPU
		{99BDA327-D040-4612-A4C6-1EB7CCC2E86D}.Debug|iPhoneSimulator.Build.0 = Debug|Any CPU
		{99BDA327-D040-4612-A4C6-1EB7CCC2E86D}.Debug|iPhoneSimulator.Deploy.0 = Debug|Any CPU
		{99BDA327-D040-4612-A4C6-1EB7CCC2E86D}.Debug|x64.ActiveCfg = Debug|Any CPU
		{99BDA327-D040-4612-A4C6-1EB7CCC2E86D}.Debug|x64.Build.0 = Debug|Any CPU
		{99BDA327-D040-4612-A4C6-1EB7CCC2E86D}.Debug|x64.Deploy.0 = Debug|Any CPU
		{99BDA327-D040-4612-A4C6-1EB7CCC2E86D}.Debug|x86.ActiveCfg = Debug|x86
		{99BDA327-D040-4612-A4C6-1EB7CCC2E86D}.Debug|x86.Build.0 = Debug|x86
		{99BDA327-D040-4612-A4C6-1EB7CCC2E86D}.Debug|x86.Deploy.0 = Debug|x86
		{99BDA327-D040-4612-A4C6-1EB7CCC2E86D}.Release|Any CPU.ActiveCfg = Release|Any CPU
		{99BDA327-D040-4612-A4C6-1EB7CCC2E86D}.Release|Any CPU.Build.0 = Release|Any CPU
		{99BDA327-D040-4612-A4C6-1EB7CCC2E86D}.Release|Any CPU.Deploy.0 = Release|Any CPU
		{99BDA327-D040-4612-A4C6-1EB7CCC2E86D}.Release|ARM.ActiveCfg = Release|ARM
		{99BDA327-D040-4612-A4C6-1EB7CCC2E86D}.Release|ARM.Build.0 = Release|ARM
		{99BDA327-D040-4612-A4C6-1EB7CCC2E86D}.Release|ARM.Deploy.0 = Release|ARM
		{99BDA327-D040-4612-A4C6-1EB7CCC2E86D}.Release|iPhone.ActiveCfg = Release|Any CPU
		{99BDA327-D040-4612-A4C6-1EB7CCC2E86D}.Release|iPhone.Build.0 = Release|Any CPU
		{99BDA327-D040-4612-A4C6-1EB7CCC2E86D}.Release|iPhone.Deploy.0 = Release|Any CPU
		{99BDA327-D040-4612-A4C6-1EB7CCC2E86D}.Release|iPhoneSimulator.ActiveCfg = Release|Any CPU
		{99BDA327-D040-4612-A4C6-1EB7CCC2E86D}.Release|iPhoneSimulator.Build.0 = Release|Any CPU
		{99BDA327-D040-4612-A4C6-1EB7CCC2E86D}.Release|iPhoneSimulator.Deploy.0 = Release|Any CPU
		{99BDA327-D040-4612-A4C6-1EB7CCC2E86D}.Release|x64.ActiveCfg = Release|Any CPU
		{99BDA327-D040-4612-A4C6-1EB7CCC2E86D}.Release|x64.Build.0 = Release|Any CPU
		{99BDA327-D040-4612-A4C6-1EB7CCC2E86D}.Release|x64.Deploy.0 = Release|Any CPU
		{99BDA327-D040-4612-A4C6-1EB7CCC2E86D}.Release|x86.ActiveCfg = Release|x86
		{99BDA327-D040-4612-A4C6-1EB7CCC2E86D}.Release|x86.Build.0 = Release|x86
		{99BDA327-D040-4612-A4C6-1EB7CCC2E86D}.Release|x86.Deploy.0 = Release|x86
		{83823E50-DF78-4F6A-9EBA-F66A2083DC5B}.Ad-Hoc|Any CPU.ActiveCfg = Release|Any CPU
		{83823E50-DF78-4F6A-9EBA-F66A2083DC5B}.Ad-Hoc|Any CPU.Build.0 = Release|Any CPU
		{83823E50-DF78-4F6A-9EBA-F66A2083DC5B}.Ad-Hoc|Any CPU.Deploy.0 = Release|Any CPU
		{83823E50-DF78-4F6A-9EBA-F66A2083DC5B}.Ad-Hoc|ARM.ActiveCfg = Release|ARM
		{83823E50-DF78-4F6A-9EBA-F66A2083DC5B}.Ad-Hoc|ARM.Build.0 = Release|ARM
		{83823E50-DF78-4F6A-9EBA-F66A2083DC5B}.Ad-Hoc|ARM.Deploy.0 = Release|ARM
		{83823E50-DF78-4F6A-9EBA-F66A2083DC5B}.Ad-Hoc|iPhone.ActiveCfg = Release|Any CPU
		{83823E50-DF78-4F6A-9EBA-F66A2083DC5B}.Ad-Hoc|iPhone.Build.0 = Release|Any CPU
		{83823E50-DF78-4F6A-9EBA-F66A2083DC5B}.Ad-Hoc|iPhone.Deploy.0 = Release|Any CPU
		{83823E50-DF78-4F6A-9EBA-F66A2083DC5B}.Ad-Hoc|iPhoneSimulator.ActiveCfg = Release|Any CPU
		{83823E50-DF78-4F6A-9EBA-F66A2083DC5B}.Ad-Hoc|iPhoneSimulator.Build.0 = Release|Any CPU
		{83823E50-DF78-4F6A-9EBA-F66A2083DC5B}.Ad-Hoc|iPhoneSimulator.Deploy.0 = Release|Any CPU
		{83823E50-DF78-4F6A-9EBA-F66A2083DC5B}.Ad-Hoc|x64.ActiveCfg = Release|x64
		{83823E50-DF78-4F6A-9EBA-F66A2083DC5B}.Ad-Hoc|x64.Build.0 = Release|x64
		{83823E50-DF78-4F6A-9EBA-F66A2083DC5B}.Ad-Hoc|x64.Deploy.0 = Release|x64
		{83823E50-DF78-4F6A-9EBA-F66A2083DC5B}.Ad-Hoc|x86.ActiveCfg = Release|x86
		{83823E50-DF78-4F6A-9EBA-F66A2083DC5B}.Ad-Hoc|x86.Build.0 = Release|x86
		{83823E50-DF78-4F6A-9EBA-F66A2083DC5B}.Ad-Hoc|x86.Deploy.0 = Release|x86
		{83823E50-DF78-4F6A-9EBA-F66A2083DC5B}.AppStore|Any CPU.ActiveCfg = Release|Any CPU
		{83823E50-DF78-4F6A-9EBA-F66A2083DC5B}.AppStore|Any CPU.Build.0 = Release|Any CPU
		{83823E50-DF78-4F6A-9EBA-F66A2083DC5B}.AppStore|Any CPU.Deploy.0 = Release|Any CPU
		{83823E50-DF78-4F6A-9EBA-F66A2083DC5B}.AppStore|ARM.ActiveCfg = Release|ARM
		{83823E50-DF78-4F6A-9EBA-F66A2083DC5B}.AppStore|ARM.Build.0 = Release|ARM
		{83823E50-DF78-4F6A-9EBA-F66A2083DC5B}.AppStore|ARM.Deploy.0 = Release|ARM
		{83823E50-DF78-4F6A-9EBA-F66A2083DC5B}.AppStore|iPhone.ActiveCfg = Release|Any CPU
		{83823E50-DF78-4F6A-9EBA-F66A2083DC5B}.AppStore|iPhone.Build.0 = Release|Any CPU
		{83823E50-DF78-4F6A-9EBA-F66A2083DC5B}.AppStore|iPhone.Deploy.0 = Release|Any CPU
		{83823E50-DF78-4F6A-9EBA-F66A2083DC5B}.AppStore|iPhoneSimulator.ActiveCfg = Release|Any CPU
		{83823E50-DF78-4F6A-9EBA-F66A2083DC5B}.AppStore|iPhoneSimulator.Build.0 = Release|Any CPU
		{83823E50-DF78-4F6A-9EBA-F66A2083DC5B}.AppStore|iPhoneSimulator.Deploy.0 = Release|Any CPU
		{83823E50-DF78-4F6A-9EBA-F66A2083DC5B}.AppStore|x64.ActiveCfg = Release|x64
		{83823E50-DF78-4F6A-9EBA-F66A2083DC5B}.AppStore|x64.Build.0 = Release|x64
		{83823E50-DF78-4F6A-9EBA-F66A2083DC5B}.AppStore|x64.Deploy.0 = Release|x64
		{83823E50-DF78-4F6A-9EBA-F66A2083DC5B}.AppStore|x86.ActiveCfg = Release|x86
		{83823E50-DF78-4F6A-9EBA-F66A2083DC5B}.AppStore|x86.Build.0 = Release|x86
		{83823E50-DF78-4F6A-9EBA-F66A2083DC5B}.AppStore|x86.Deploy.0 = Release|x86
		{83823E50-DF78-4F6A-9EBA-F66A2083DC5B}.Debug|Any CPU.ActiveCfg = Debug|Any CPU
		{83823E50-DF78-4F6A-9EBA-F66A2083DC5B}.Debug|Any CPU.Build.0 = Debug|Any CPU
		{83823E50-DF78-4F6A-9EBA-F66A2083DC5B}.Debug|Any CPU.Deploy.0 = Debug|Any CPU
		{83823E50-DF78-4F6A-9EBA-F66A2083DC5B}.Debug|ARM.ActiveCfg = Debug|ARM
		{83823E50-DF78-4F6A-9EBA-F66A2083DC5B}.Debug|ARM.Build.0 = Debug|ARM
		{83823E50-DF78-4F6A-9EBA-F66A2083DC5B}.Debug|ARM.Deploy.0 = Debug|ARM
		{83823E50-DF78-4F6A-9EBA-F66A2083DC5B}.Debug|iPhone.ActiveCfg = Debug|Any CPU
		{83823E50-DF78-4F6A-9EBA-F66A2083DC5B}.Debug|iPhone.Build.0 = Debug|Any CPU
		{83823E50-DF78-4F6A-9EBA-F66A2083DC5B}.Debug|iPhone.Deploy.0 = Debug|Any CPU
		{83823E50-DF78-4F6A-9EBA-F66A2083DC5B}.Debug|iPhoneSimulator.ActiveCfg = Debug|Any CPU
		{83823E50-DF78-4F6A-9EBA-F66A2083DC5B}.Debug|iPhoneSimulator.Build.0 = Debug|Any CPU
		{83823E50-DF78-4F6A-9EBA-F66A2083DC5B}.Debug|iPhoneSimulator.Deploy.0 = Debug|Any CPU
		{83823E50-DF78-4F6A-9EBA-F66A2083DC5B}.Debug|x64.ActiveCfg = Debug|x64
		{83823E50-DF78-4F6A-9EBA-F66A2083DC5B}.Debug|x64.Build.0 = Debug|x64
		{83823E50-DF78-4F6A-9EBA-F66A2083DC5B}.Debug|x64.Deploy.0 = Debug|x64
		{83823E50-DF78-4F6A-9EBA-F66A2083DC5B}.Debug|x86.ActiveCfg = Debug|x86
		{83823E50-DF78-4F6A-9EBA-F66A2083DC5B}.Debug|x86.Build.0 = Debug|x86
		{83823E50-DF78-4F6A-9EBA-F66A2083DC5B}.Debug|x86.Deploy.0 = Debug|x86
		{83823E50-DF78-4F6A-9EBA-F66A2083DC5B}.Release|Any CPU.ActiveCfg = Release|Any CPU
		{83823E50-DF78-4F6A-9EBA-F66A2083DC5B}.Release|Any CPU.Build.0 = Release|Any CPU
		{83823E50-DF78-4F6A-9EBA-F66A2083DC5B}.Release|Any CPU.Deploy.0 = Release|Any CPU
		{83823E50-DF78-4F6A-9EBA-F66A2083DC5B}.Release|ARM.ActiveCfg = Release|ARM
		{83823E50-DF78-4F6A-9EBA-F66A2083DC5B}.Release|ARM.Build.0 = Release|ARM
		{83823E50-DF78-4F6A-9EBA-F66A2083DC5B}.Release|ARM.Deploy.0 = Release|ARM
		{83823E50-DF78-4F6A-9EBA-F66A2083DC5B}.Release|iPhone.ActiveCfg = Release|Any CPU
		{83823E50-DF78-4F6A-9EBA-F66A2083DC5B}.Release|iPhone.Build.0 = Release|Any CPU
		{83823E50-DF78-4F6A-9EBA-F66A2083DC5B}.Release|iPhone.Deploy.0 = Release|Any CPU
		{83823E50-DF78-4F6A-9EBA-F66A2083DC5B}.Release|iPhoneSimulator.ActiveCfg = Release|Any CPU
		{83823E50-DF78-4F6A-9EBA-F66A2083DC5B}.Release|iPhoneSimulator.Build.0 = Release|Any CPU
		{83823E50-DF78-4F6A-9EBA-F66A2083DC5B}.Release|iPhoneSimulator.Deploy.0 = Release|Any CPU
		{83823E50-DF78-4F6A-9EBA-F66A2083DC5B}.Release|x64.ActiveCfg = Release|x64
		{83823E50-DF78-4F6A-9EBA-F66A2083DC5B}.Release|x64.Build.0 = Release|x64
		{83823E50-DF78-4F6A-9EBA-F66A2083DC5B}.Release|x64.Deploy.0 = Release|x64
		{83823E50-DF78-4F6A-9EBA-F66A2083DC5B}.Release|x86.ActiveCfg = Release|x86
		{83823E50-DF78-4F6A-9EBA-F66A2083DC5B}.Release|x86.Build.0 = Release|x86
		{83823E50-DF78-4F6A-9EBA-F66A2083DC5B}.Release|x86.Deploy.0 = Release|x86
		{9CDACE44-7B4D-48BC-A38C-F0A6E45B6EFD}.Ad-Hoc|Any CPU.ActiveCfg = Release|Any CPU
		{9CDACE44-7B4D-48BC-A38C-F0A6E45B6EFD}.Ad-Hoc|Any CPU.Build.0 = Release|Any CPU
		{9CDACE44-7B4D-48BC-A38C-F0A6E45B6EFD}.Ad-Hoc|ARM.ActiveCfg = Release|Any CPU
		{9CDACE44-7B4D-48BC-A38C-F0A6E45B6EFD}.Ad-Hoc|ARM.Build.0 = Release|Any CPU
		{9CDACE44-7B4D-48BC-A38C-F0A6E45B6EFD}.Ad-Hoc|iPhone.ActiveCfg = Release|Any CPU
		{9CDACE44-7B4D-48BC-A38C-F0A6E45B6EFD}.Ad-Hoc|iPhone.Build.0 = Release|Any CPU
		{9CDACE44-7B4D-48BC-A38C-F0A6E45B6EFD}.Ad-Hoc|iPhoneSimulator.ActiveCfg = Release|Any CPU
		{9CDACE44-7B4D-48BC-A38C-F0A6E45B6EFD}.Ad-Hoc|iPhoneSimulator.Build.0 = Release|Any CPU
		{9CDACE44-7B4D-48BC-A38C-F0A6E45B6EFD}.Ad-Hoc|x64.ActiveCfg = Release|Any CPU
		{9CDACE44-7B4D-48BC-A38C-F0A6E45B6EFD}.Ad-Hoc|x64.Build.0 = Release|Any CPU
		{9CDACE44-7B4D-48BC-A38C-F0A6E45B6EFD}.Ad-Hoc|x86.ActiveCfg = Release|Any CPU
		{9CDACE44-7B4D-48BC-A38C-F0A6E45B6EFD}.Ad-Hoc|x86.Build.0 = Release|Any CPU
		{9CDACE44-7B4D-48BC-A38C-F0A6E45B6EFD}.AppStore|Any CPU.ActiveCfg = Release|Any CPU
		{9CDACE44-7B4D-48BC-A38C-F0A6E45B6EFD}.AppStore|Any CPU.Build.0 = Release|Any CPU
		{9CDACE44-7B4D-48BC-A38C-F0A6E45B6EFD}.AppStore|ARM.ActiveCfg = Release|Any CPU
		{9CDACE44-7B4D-48BC-A38C-F0A6E45B6EFD}.AppStore|ARM.Build.0 = Release|Any CPU
		{9CDACE44-7B4D-48BC-A38C-F0A6E45B6EFD}.AppStore|iPhone.ActiveCfg = Release|Any CPU
		{9CDACE44-7B4D-48BC-A38C-F0A6E45B6EFD}.AppStore|iPhone.Build.0 = Release|Any CPU
		{9CDACE44-7B4D-48BC-A38C-F0A6E45B6EFD}.AppStore|iPhoneSimulator.ActiveCfg = Release|Any CPU
		{9CDACE44-7B4D-48BC-A38C-F0A6E45B6EFD}.AppStore|iPhoneSimulator.Build.0 = Release|Any CPU
		{9CDACE44-7B4D-48BC-A38C-F0A6E45B6EFD}.AppStore|x64.ActiveCfg = Release|Any CPU
		{9CDACE44-7B4D-48BC-A38C-F0A6E45B6EFD}.AppStore|x64.Build.0 = Release|Any CPU
		{9CDACE44-7B4D-48BC-A38C-F0A6E45B6EFD}.AppStore|x86.ActiveCfg = Release|Any CPU
		{9CDACE44-7B4D-48BC-A38C-F0A6E45B6EFD}.AppStore|x86.Build.0 = Release|Any CPU
		{9CDACE44-7B4D-48BC-A38C-F0A6E45B6EFD}.Debug|Any CPU.ActiveCfg = Debug|Any CPU
		{9CDACE44-7B4D-48BC-A38C-F0A6E45B6EFD}.Debug|Any CPU.Build.0 = Debug|Any CPU
		{9CDACE44-7B4D-48BC-A38C-F0A6E45B6EFD}.Debug|ARM.ActiveCfg = Debug|Any CPU
		{9CDACE44-7B4D-48BC-A38C-F0A6E45B6EFD}.Debug|ARM.Build.0 = Debug|Any CPU
		{9CDACE44-7B4D-48BC-A38C-F0A6E45B6EFD}.Debug|iPhone.ActiveCfg = Debug|Any CPU
		{9CDACE44-7B4D-48BC-A38C-F0A6E45B6EFD}.Debug|iPhone.Build.0 = Debug|Any CPU
		{9CDACE44-7B4D-48BC-A38C-F0A6E45B6EFD}.Debug|iPhoneSimulator.ActiveCfg = Debug|Any CPU
		{9CDACE44-7B4D-48BC-A38C-F0A6E45B6EFD}.Debug|iPhoneSimulator.Build.0 = Debug|Any CPU
		{9CDACE44-7B4D-48BC-A38C-F0A6E45B6EFD}.Debug|x64.ActiveCfg = Debug|Any CPU
		{9CDACE44-7B4D-48BC-A38C-F0A6E45B6EFD}.Debug|x64.Build.0 = Debug|Any CPU
		{9CDACE44-7B4D-48BC-A38C-F0A6E45B6EFD}.Debug|x86.ActiveCfg = Debug|Any CPU
		{9CDACE44-7B4D-48BC-A38C-F0A6E45B6EFD}.Debug|x86.Build.0 = Debug|Any CPU
		{9CDACE44-7B4D-48BC-A38C-F0A6E45B6EFD}.Release|Any CPU.ActiveCfg = Release|Any CPU
		{9CDACE44-7B4D-48BC-A38C-F0A6E45B6EFD}.Release|Any CPU.Build.0 = Release|Any CPU
		{9CDACE44-7B4D-48BC-A38C-F0A6E45B6EFD}.Release|ARM.ActiveCfg = Release|Any CPU
		{9CDACE44-7B4D-48BC-A38C-F0A6E45B6EFD}.Release|ARM.Build.0 = Release|Any CPU
		{9CDACE44-7B4D-48BC-A38C-F0A6E45B6EFD}.Release|iPhone.ActiveCfg = Release|Any CPU
		{9CDACE44-7B4D-48BC-A38C-F0A6E45B6EFD}.Release|iPhone.Build.0 = Release|Any CPU
		{9CDACE44-7B4D-48BC-A38C-F0A6E45B6EFD}.Release|iPhoneSimulator.ActiveCfg = Release|Any CPU
		{9CDACE44-7B4D-48BC-A38C-F0A6E45B6EFD}.Release|iPhoneSimulator.Build.0 = Release|Any CPU
		{9CDACE44-7B4D-48BC-A38C-F0A6E45B6EFD}.Release|x64.ActiveCfg = Release|Any CPU
		{9CDACE44-7B4D-48BC-A38C-F0A6E45B6EFD}.Release|x64.Build.0 = Release|Any CPU
		{9CDACE44-7B4D-48BC-A38C-F0A6E45B6EFD}.Release|x86.ActiveCfg = Release|Any CPU
		{9CDACE44-7B4D-48BC-A38C-F0A6E45B6EFD}.Release|x86.Build.0 = Release|Any CPU
	EndGlobalSection
	GlobalSection(SolutionProperties) = preSolution
		HideSolutionNode = FALSE
	EndGlobalSection
EndGlobal
