
Microsoft Visual Studio Solution File, Format Version 12.00
# Visual Studio 14
VisualStudioVersion = 14.0.25123.0
MinimumVisualStudioVersion = 10.0.40219.1
Project("{FAE04EC0-301F-11D3-BF4B-00C04F79EFBC}") = "PostureRite.Droid", "PostureRite\PostureRite.Droid\PostureRite.Droid.csproj", "{FCE81F09-A718-426C-8C40-46886F3D404F}"
EndProject
Project("{FAE04EC0-301F-11D3-BF4B-00C04F79EFBC}") = "PostureRite.iOS", "PostureRite\PostureRite.iOS\PostureRite.iOS.csproj", "{D1A35BC8-9F46-4BCD-9B77-0B78F0934773}"
EndProject
Project("{FAE04EC0-301F-11D3-BF4B-00C04F79EFBC}") = "PostureRite.WinPhone", "PostureRite\PostureRite.WinPhone\PostureRite.WinPhone.csproj", "{D07C77C0-BE26-461C-BCDE-2184AE91F7BF}"
EndProject
Project("{FAE04EC0-301F-11D3-BF4B-00C04F79EFBC}") = "PostureRite.Windows", "PostureRite\PostureRite.Windows\PostureRite.Windows.csproj", "{A299A3F3-939F-41A2-AFD4-C1A4C08EBBBB}"
EndProject
Project("{FAE04EC0-301F-11D3-BF4B-00C04F79EFBC}") = "PostureRite", "PostureRite\PostureRite\PostureRite.csproj", "{43324787-2D34-4AEA-BCD9-703BE4C9BC36}"
EndProject
Global
	GlobalSection(SolutionConfigurationPlatforms) = preSolution
		Ad-Hoc|Any CPU = Ad-Hoc|Any CPU
		Ad-Hoc|ARM = Ad-Hoc|ARM
		Ad-Hoc|iPhone = Ad-Hoc|iPhone
		Ad-Hoc|iPhoneSimulator = Ad-Hoc|iPhoneSimulator
		Ad-Hoc|x64 = Ad-Hoc|x64
		Ad-Hoc|x86 = Ad-Hoc|x86
		AppStore|Any CPU = AppStore|Any CPU
		AppStore|ARM = AppStore|ARM
		AppStore|iPhone = AppStore|iPhone
		AppStore|iPhoneSimulator = AppStore|iPhoneSimulator
		AppStore|x64 = AppStore|x64
		AppStore|x86 = AppStore|x86
		Debug|Any CPU = Debug|Any CPU
		Debug|ARM = Debug|ARM
		Debug|iPhone = Debug|iPhone
		Debug|iPhoneSimulator = Debug|iPhoneSimulator
		Debug|x64 = Debug|x64
		Debug|x86 = Debug|x86
		Release|Any CPU = Release|Any CPU
		Release|ARM = Release|ARM
		Release|iPhone = Release|iPhone
		Release|iPhoneSimulator = Release|iPhoneSimulator
		Release|x64 = Release|x64
		Release|x86 = Release|x86
	EndGlobalSection
	GlobalSection(ProjectConfigurationPlatforms) = postSolution
		{FCE81F09-A718-426C-8C40-46886F3D404F}.Ad-Hoc|Any CPU.ActiveCfg = Release|Any CPU
		{FCE81F09-A718-426C-8C40-46886F3D404F}.Ad-Hoc|Any CPU.Build.0 = Release|Any CPU
		{FCE81F09-A718-426C-8C40-46886F3D404F}.Ad-Hoc|Any CPU.Deploy.0 = Release|Any CPU
		{FCE81F09-A718-426C-8C40-46886F3D404F}.Ad-Hoc|ARM.ActiveCfg = Release|Any CPU
		{FCE81F09-A718-426C-8C40-46886F3D404F}.Ad-Hoc|ARM.Build.0 = Release|Any CPU
		{FCE81F09-A718-426C-8C40-46886F3D404F}.Ad-Hoc|ARM.Deploy.0 = Release|Any CPU
		{FCE81F09-A718-426C-8C40-46886F3D404F}.Ad-Hoc|iPhone.ActiveCfg = Release|Any CPU
		{FCE81F09-A718-426C-8C40-46886F3D404F}.Ad-Hoc|iPhone.Build.0 = Release|Any CPU
		{FCE81F09-A718-426C-8C40-46886F3D404F}.Ad-Hoc|iPhone.Deploy.0 = Release|Any CPU
		{FCE81F09-A718-426C-8C40-46886F3D404F}.Ad-Hoc|iPhoneSimulator.ActiveCfg = Release|Any CPU
		{FCE81F09-A718-426C-8C40-46886F3D404F}.Ad-Hoc|iPhoneSimulator.Build.0 = Release|Any CPU
		{FCE81F09-A718-426C-8C40-46886F3D404F}.Ad-Hoc|iPhoneSimulator.Deploy.0 = Release|Any CPU
		{FCE81F09-A718-426C-8C40-46886F3D404F}.Ad-Hoc|x64.ActiveCfg = Release|Any CPU
		{FCE81F09-A718-426C-8C40-46886F3D404F}.Ad-Hoc|x64.Build.0 = Release|Any CPU
		{FCE81F09-A718-426C-8C40-46886F3D404F}.Ad-Hoc|x64.Deploy.0 = Release|Any CPU
		{FCE81F09-A718-426C-8C40-46886F3D404F}.Ad-Hoc|x86.ActiveCfg = Release|Any CPU
		{FCE81F09-A718-426C-8C40-46886F3D404F}.Ad-Hoc|x86.Build.0 = Release|Any CPU
		{FCE81F09-A718-426C-8C40-46886F3D404F}.Ad-Hoc|x86.Deploy.0 = Release|Any CPU
		{FCE81F09-A718-426C-8C40-46886F3D404F}.AppStore|Any CPU.ActiveCfg = Release|Any CPU
		{FCE81F09-A718-426C-8C40-46886F3D404F}.AppStore|Any CPU.Build.0 = Release|Any CPU
		{FCE81F09-A718-426C-8C40-46886F3D404F}.AppStore|Any CPU.Deploy.0 = Release|Any CPU
		{FCE81F09-A718-426C-8C40-46886F3D404F}.AppStore|ARM.ActiveCfg = Release|Any CPU
		{FCE81F09-A718-426C-8C40-46886F3D404F}.AppStore|ARM.Build.0 = Release|Any CPU
		{FCE81F09-A718-426C-8C40-46886F3D404F}.AppStore|ARM.Deploy.0 = Release|Any CPU
		{FCE81F09-A718-426C-8C40-46886F3D404F}.AppStore|iPhone.ActiveCfg = Release|Any CPU
		{FCE81F09-A718-426C-8C40-46886F3D404F}.AppStore|iPhone.Build.0 = Release|Any CPU
		{FCE81F09-A718-426C-8C40-46886F3D404F}.AppStore|iPhone.Deploy.0 = Release|Any CPU
		{FCE81F09-A718-426C-8C40-46886F3D404F}.AppStore|iPhoneSimulator.ActiveCfg = Release|Any CPU
		{FCE81F09-A718-426C-8C40-46886F3D404F}.AppStore|iPhoneSimulator.Build.0 = Release|Any CPU
		{FCE81F09-A718-426C-8C40-46886F3D404F}.AppStore|iPhoneSimulator.Deploy.0 = Release|Any CPU
		{FCE81F09-A718-426C-8C40-46886F3D404F}.AppStore|x64.ActiveCfg = Release|Any CPU
		{FCE81F09-A718-426C-8C40-46886F3D404F}.AppStore|x64.Build.0 = Release|Any CPU
		{FCE81F09-A718-426C-8C40-46886F3D404F}.AppStore|x64.Deploy.0 = Release|Any CPU
		{FCE81F09-A718-426C-8C40-46886F3D404F}.AppStore|x86.ActiveCfg = Release|Any CPU
		{FCE81F09-A718-426C-8C40-46886F3D404F}.AppStore|x86.Build.0 = Release|Any CPU
		{FCE81F09-A718-426C-8C40-46886F3D404F}.AppStore|x86.Deploy.0 = Release|Any CPU
		{FCE81F09-A718-426C-8C40-46886F3D404F}.Debug|Any CPU.ActiveCfg = Debug|Any CPU
		{FCE81F09-A718-426C-8C40-46886F3D404F}.Debug|Any CPU.Build.0 = Debug|Any CPU
		{FCE81F09-A718-426C-8C40-46886F3D404F}.Debug|Any CPU.Deploy.0 = Debug|Any CPU
		{FCE81F09-A718-426C-8C40-46886F3D404F}.Debug|ARM.ActiveCfg = Debug|Any CPU
		{FCE81F09-A718-426C-8C40-46886F3D404F}.Debug|ARM.Build.0 = Debug|Any CPU
		{FCE81F09-A718-426C-8C40-46886F3D404F}.Debug|ARM.Deploy.0 = Debug|Any CPU
		{FCE81F09-A718-426C-8C40-46886F3D404F}.Debug|iPhone.ActiveCfg = Debug|Any CPU
		{FCE81F09-A718-426C-8C40-46886F3D404F}.Debug|iPhone.Build.0 = Debug|Any CPU
		{FCE81F09-A718-426C-8C40-46886F3D404F}.Debug|iPhone.Deploy.0 = Debug|Any CPU
		{FCE81F09-A718-426C-8C40-46886F3D404F}.Debug|iPhoneSimulator.ActiveCfg = Debug|Any CPU
		{FCE81F09-A718-426C-8C40-46886F3D404F}.Debug|iPhoneSimulator.Build.0 = Debug|Any CPU
		{FCE81F09-A718-426C-8C40-46886F3D404F}.Debug|iPhoneSimulator.Deploy.0 = Debug|Any CPU
		{FCE81F09-A718-426C-8C40-46886F3D404F}.Debug|x64.ActiveCfg = Debug|Any CPU
		{FCE81F09-A718-426C-8C40-46886F3D404F}.Debug|x64.Build.0 = Debug|Any CPU
		{FCE81F09-A718-426C-8C40-46886F3D404F}.Debug|x64.Deploy.0 = Debug|Any CPU
		{FCE81F09-A718-426C-8C40-46886F3D404F}.Debug|x86.ActiveCfg = Debug|Any CPU
		{FCE81F09-A718-426C-8C40-46886F3D404F}.Debug|x86.Build.0 = Debug|Any CPU
		{FCE81F09-A718-426C-8C40-46886F3D404F}.Debug|x86.Deploy.0 = Debug|Any CPU
		{FCE81F09-A718-426C-8C40-46886F3D404F}.Release|Any CPU.ActiveCfg = Release|Any CPU
		{FCE81F09-A718-426C-8C40-46886F3D404F}.Release|Any CPU.Build.0 = Release|Any CPU
		{FCE81F09-A718-426C-8C40-46886F3D404F}.Release|Any CPU.Deploy.0 = Release|Any CPU
		{FCE81F09-A718-426C-8C40-46886F3D404F}.Release|ARM.ActiveCfg = Release|Any CPU
		{FCE81F09-A718-426C-8C40-46886F3D404F}.Release|ARM.Build.0 = Release|Any CPU
		{FCE81F09-A718-426C-8C40-46886F3D404F}.Release|ARM.Deploy.0 = Release|Any CPU
		{FCE81F09-A718-426C-8C40-46886F3D404F}.Release|iPhone.ActiveCfg = Release|Any CPU
		{FCE81F09-A718-426C-8C40-46886F3D404F}.Release|iPhone.Build.0 = Release|Any CPU
		{FCE81F09-A718-426C-8C40-46886F3D404F}.Release|iPhone.Deploy.0 = Release|Any CPU
		{FCE81F09-A718-426C-8C40-46886F3D404F}.Release|iPhoneSimulator.ActiveCfg = Release|Any CPU
		{FCE81F09-A718-426C-8C40-46886F3D404F}.Release|iPhoneSimulator.Build.0 = Release|Any CPU
		{FCE81F09-A718-426C-8C40-46886F3D404F}.Release|iPhoneSimulator.Deploy.0 = Release|Any CPU
		{FCE81F09-A718-426C-8C40-46886F3D404F}.Release|x64.ActiveCfg = Release|Any CPU
		{FCE81F09-A718-426C-8C40-46886F3D404F}.Release|x64.Build.0 = Release|Any CPU
		{FCE81F09-A718-426C-8C40-46886F3D404F}.Release|x64.Deploy.0 = Release|Any CPU
		{FCE81F09-A718-426C-8C40-46886F3D404F}.Release|x86.ActiveCfg = Release|Any CPU
		{FCE81F09-A718-426C-8C40-46886F3D404F}.Release|x86.Build.0 = Release|Any CPU
		{FCE81F09-A718-426C-8C40-46886F3D404F}.Release|x86.Deploy.0 = Release|Any CPU
		{D1A35BC8-9F46-4BCD-9B77-0B78F0934773}.Ad-Hoc|Any CPU.ActiveCfg = Ad-Hoc|iPhone
		{D1A35BC8-9F46-4BCD-9B77-0B78F0934773}.Ad-Hoc|ARM.ActiveCfg = Ad-Hoc|iPhone
		{D1A35BC8-9F46-4BCD-9B77-0B78F0934773}.Ad-Hoc|iPhone.ActiveCfg = Ad-Hoc|iPhone
		{D1A35BC8-9F46-4BCD-9B77-0B78F0934773}.Ad-Hoc|iPhone.Build.0 = Ad-Hoc|iPhone
		{D1A35BC8-9F46-4BCD-9B77-0B78F0934773}.Ad-Hoc|iPhoneSimulator.ActiveCfg = Ad-Hoc|iPhoneSimulator
		{D1A35BC8-9F46-4BCD-9B77-0B78F0934773}.Ad-Hoc|iPhoneSimulator.Build.0 = Ad-Hoc|iPhoneSimulator
		{D1A35BC8-9F46-4BCD-9B77-0B78F0934773}.Ad-Hoc|x64.ActiveCfg = Ad-Hoc|iPhone
		{D1A35BC8-9F46-4BCD-9B77-0B78F0934773}.Ad-Hoc|x86.ActiveCfg = Ad-Hoc|iPhone
		{D1A35BC8-9F46-4BCD-9B77-0B78F0934773}.AppStore|Any CPU.ActiveCfg = AppStore|iPhone
		{D1A35BC8-9F46-4BCD-9B77-0B78F0934773}.AppStore|ARM.ActiveCfg = AppStore|iPhone
		{D1A35BC8-9F46-4BCD-9B77-0B78F0934773}.AppStore|iPhone.ActiveCfg = AppStore|iPhone
		{D1A35BC8-9F46-4BCD-9B77-0B78F0934773}.AppStore|iPhone.Build.0 = AppStore|iPhone
		{D1A35BC8-9F46-4BCD-9B77-0B78F0934773}.AppStore|iPhoneSimulator.ActiveCfg = AppStore|iPhoneSimulator
		{D1A35BC8-9F46-4BCD-9B77-0B78F0934773}.AppStore|iPhoneSimulator.Build.0 = AppStore|iPhoneSimulator
		{D1A35BC8-9F46-4BCD-9B77-0B78F0934773}.AppStore|x64.ActiveCfg = AppStore|iPhone
		{D1A35BC8-9F46-4BCD-9B77-0B78F0934773}.AppStore|x86.ActiveCfg = AppStore|iPhone
		{D1A35BC8-9F46-4BCD-9B77-0B78F0934773}.Debug|Any CPU.ActiveCfg = Debug|iPhone
		{D1A35BC8-9F46-4BCD-9B77-0B78F0934773}.Debug|ARM.ActiveCfg = Debug|iPhone
		{D1A35BC8-9F46-4BCD-9B77-0B78F0934773}.Debug|iPhone.ActiveCfg = Debug|iPhone
		{D1A35BC8-9F46-4BCD-9B77-0B78F0934773}.Debug|iPhone.Build.0 = Debug|iPhone
		{D1A35BC8-9F46-4BCD-9B77-0B78F0934773}.Debug|iPhoneSimulator.ActiveCfg = Debug|iPhoneSimulator
		{D1A35BC8-9F46-4BCD-9B77-0B78F0934773}.Debug|iPhoneSimulator.Build.0 = Debug|iPhoneSimulator
		{D1A35BC8-9F46-4BCD-9B77-0B78F0934773}.Debug|x64.ActiveCfg = Debug|iPhone
		{D1A35BC8-9F46-4BCD-9B77-0B78F0934773}.Debug|x86.ActiveCfg = Debug|iPhone
		{D1A35BC8-9F46-4BCD-9B77-0B78F0934773}.Release|Any CPU.ActiveCfg = Release|iPhone
		{D1A35BC8-9F46-4BCD-9B77-0B78F0934773}.Release|ARM.ActiveCfg = Release|iPhone
		{D1A35BC8-9F46-4BCD-9B77-0B78F0934773}.Release|iPhone.ActiveCfg = Release|iPhone
		{D1A35BC8-9F46-4BCD-9B77-0B78F0934773}.Release|iPhone.Build.0 = Release|iPhone
		{D1A35BC8-9F46-4BCD-9B77-0B78F0934773}.Release|iPhoneSimulator.ActiveCfg = Release|iPhoneSimulator
		{D1A35BC8-9F46-4BCD-9B77-0B78F0934773}.Release|iPhoneSimulator.Build.0 = Release|iPhoneSimulator
		{D1A35BC8-9F46-4BCD-9B77-0B78F0934773}.Release|x64.ActiveCfg = Release|iPhone
		{D1A35BC8-9F46-4BCD-9B77-0B78F0934773}.Release|x86.ActiveCfg = Release|iPhone
		{D07C77C0-BE26-461C-BCDE-2184AE91F7BF}.Ad-Hoc|Any CPU.ActiveCfg = Release|Any CPU
		{D07C77C0-BE26-461C-BCDE-2184AE91F7BF}.Ad-Hoc|Any CPU.Build.0 = Release|Any CPU
		{D07C77C0-BE26-461C-BCDE-2184AE91F7BF}.Ad-Hoc|Any CPU.Deploy.0 = Release|Any CPU
		{D07C77C0-BE26-461C-BCDE-2184AE91F7BF}.Ad-Hoc|ARM.ActiveCfg = Release|ARM
		{D07C77C0-BE26-461C-BCDE-2184AE91F7BF}.Ad-Hoc|ARM.Build.0 = Release|ARM
		{D07C77C0-BE26-461C-BCDE-2184AE91F7BF}.Ad-Hoc|ARM.Deploy.0 = Release|ARM
		{D07C77C0-BE26-461C-BCDE-2184AE91F7BF}.Ad-Hoc|iPhone.ActiveCfg = Release|Any CPU
		{D07C77C0-BE26-461C-BCDE-2184AE91F7BF}.Ad-Hoc|iPhone.Build.0 = Release|Any CPU
		{D07C77C0-BE26-461C-BCDE-2184AE91F7BF}.Ad-Hoc|iPhone.Deploy.0 = Release|Any CPU
		{D07C77C0-BE26-461C-BCDE-2184AE91F7BF}.Ad-Hoc|iPhoneSimulator.ActiveCfg = Release|Any CPU
		{D07C77C0-BE26-461C-BCDE-2184AE91F7BF}.Ad-Hoc|iPhoneSimulator.Build.0 = Release|Any CPU
		{D07C77C0-BE26-461C-BCDE-2184AE91F7BF}.Ad-Hoc|iPhoneSimulator.Deploy.0 = Release|Any CPU
		{D07C77C0-BE26-461C-BCDE-2184AE91F7BF}.Ad-Hoc|x64.ActiveCfg = Release|Any CPU
		{D07C77C0-BE26-461C-BCDE-2184AE91F7BF}.Ad-Hoc|x64.Build.0 = Release|Any CPU
		{D07C77C0-BE26-461C-BCDE-2184AE91F7BF}.Ad-Hoc|x64.Deploy.0 = Release|Any CPU
		{D07C77C0-BE26-461C-BCDE-2184AE91F7BF}.Ad-Hoc|x86.ActiveCfg = Release|x86
		{D07C77C0-BE26-461C-BCDE-2184AE91F7BF}.Ad-Hoc|x86.Build.0 = Release|x86
		{D07C77C0-BE26-461C-BCDE-2184AE91F7BF}.Ad-Hoc|x86.Deploy.0 = Release|x86
		{D07C77C0-BE26-461C-BCDE-2184AE91F7BF}.AppStore|Any CPU.ActiveCfg = Release|Any CPU
		{D07C77C0-BE26-461C-BCDE-2184AE91F7BF}.AppStore|Any CPU.Build.0 = Release|Any CPU
		{D07C77C0-BE26-461C-BCDE-2184AE91F7BF}.AppStore|Any CPU.Deploy.0 = Release|Any CPU
		{D07C77C0-BE26-461C-BCDE-2184AE91F7BF}.AppStore|ARM.ActiveCfg = Release|ARM
		{D07C77C0-BE26-461C-BCDE-2184AE91F7BF}.AppStore|ARM.Build.0 = Release|ARM
		{D07C77C0-BE26-461C-BCDE-2184AE91F7BF}.AppStore|ARM.Deploy.0 = Release|ARM
		{D07C77C0-BE26-461C-BCDE-2184AE91F7BF}.AppStore|iPhone.ActiveCfg = Release|Any CPU
		{D07C77C0-BE26-461C-BCDE-2184AE91F7BF}.AppStore|iPhone.Build.0 = Release|Any CPU
		{D07C77C0-BE26-461C-BCDE-2184AE91F7BF}.AppStore|iPhone.Deploy.0 = Release|Any CPU
		{D07C77C0-BE26-461C-BCDE-2184AE91F7BF}.AppStore|iPhoneSimulator.ActiveCfg = Release|Any CPU
		{D07C77C0-BE26-461C-BCDE-2184AE91F7BF}.AppStore|iPhoneSimulator.Build.0 = Release|Any CPU
		{D07C77C0-BE26-461C-BCDE-2184AE91F7BF}.AppStore|iPhoneSimulator.Deploy.0 = Release|Any CPU
		{D07C77C0-BE26-461C-BCDE-2184AE91F7BF}.AppStore|x64.ActiveCfg = Release|Any CPU
		{D07C77C0-BE26-461C-BCDE-2184AE91F7BF}.AppStore|x64.Build.0 = Release|Any CPU
		{D07C77C0-BE26-461C-BCDE-2184AE91F7BF}.AppStore|x64.Deploy.0 = Release|Any CPU
		{D07C77C0-BE26-461C-BCDE-2184AE91F7BF}.AppStore|x86.ActiveCfg = Release|x86
		{D07C77C0-BE26-461C-BCDE-2184AE91F7BF}.AppStore|x86.Build.0 = Release|x86
		{D07C77C0-BE26-461C-BCDE-2184AE91F7BF}.AppStore|x86.Deploy.0 = Release|x86
		{D07C77C0-BE26-461C-BCDE-2184AE91F7BF}.Debug|Any CPU.ActiveCfg = Debug|Any CPU
		{D07C77C0-BE26-461C-BCDE-2184AE91F7BF}.Debug|Any CPU.Build.0 = Debug|Any CPU
		{D07C77C0-BE26-461C-BCDE-2184AE91F7BF}.Debug|Any CPU.Deploy.0 = Debug|Any CPU
		{D07C77C0-BE26-461C-BCDE-2184AE91F7BF}.Debug|ARM.ActiveCfg = Debug|ARM
		{D07C77C0-BE26-461C-BCDE-2184AE91F7BF}.Debug|ARM.Build.0 = Debug|ARM
		{D07C77C0-BE26-461C-BCDE-2184AE91F7BF}.Debug|ARM.Deploy.0 = Debug|ARM
		{D07C77C0-BE26-461C-BCDE-2184AE91F7BF}.Debug|iPhone.ActiveCfg = Debug|Any CPU
		{D07C77C0-BE26-461C-BCDE-2184AE91F7BF}.Debug|iPhone.Build.0 = Debug|Any CPU
		{D07C77C0-BE26-461C-BCDE-2184AE91F7BF}.Debug|iPhone.Deploy.0 = Debug|Any CPU
		{D07C77C0-BE26-461C-BCDE-2184AE91F7BF}.Debug|iPhoneSimulator.ActiveCfg = Debug|Any CPU
		{D07C77C0-BE26-461C-BCDE-2184AE91F7BF}.Debug|iPhoneSimulator.Build.0 = Debug|Any CPU
		{D07C77C0-BE26-461C-BCDE-2184AE91F7BF}.Debug|iPhoneSimulator.Deploy.0 = Debug|Any CPU
		{D07C77C0-BE26-461C-BCDE-2184AE91F7BF}.Debug|x64.ActiveCfg = Debug|Any CPU
		{D07C77C0-BE26-461C-BCDE-2184AE91F7BF}.Debug|x64.Build.0 = Debug|Any CPU
		{D07C77C0-BE26-461C-BCDE-2184AE91F7BF}.Debug|x64.Deploy.0 = Debug|Any CPU
		{D07C77C0-BE26-461C-BCDE-2184AE91F7BF}.Debug|x86.ActiveCfg = Debug|x86
		{D07C77C0-BE26-461C-BCDE-2184AE91F7BF}.Debug|x86.Build.0 = Debug|x86
		{D07C77C0-BE26-461C-BCDE-2184AE91F7BF}.Debug|x86.Deploy.0 = Debug|x86
		{D07C77C0-BE26-461C-BCDE-2184AE91F7BF}.Release|Any CPU.ActiveCfg = Release|Any CPU
		{D07C77C0-BE26-461C-BCDE-2184AE91F7BF}.Release|Any CPU.Build.0 = Release|Any CPU
		{D07C77C0-BE26-461C-BCDE-2184AE91F7BF}.Release|Any CPU.Deploy.0 = Release|Any CPU
		{D07C77C0-BE26-461C-BCDE-2184AE91F7BF}.Release|ARM.ActiveCfg = Release|ARM
		{D07C77C0-BE26-461C-BCDE-2184AE91F7BF}.Release|ARM.Build.0 = Release|ARM
		{D07C77C0-BE26-461C-BCDE-2184AE91F7BF}.Release|ARM.Deploy.0 = Release|ARM
		{D07C77C0-BE26-461C-BCDE-2184AE91F7BF}.Release|iPhone.ActiveCfg = Release|Any CPU
		{D07C77C0-BE26-461C-BCDE-2184AE91F7BF}.Release|iPhone.Build.0 = Release|Any CPU
		{D07C77C0-BE26-461C-BCDE-2184AE91F7BF}.Release|iPhone.Deploy.0 = Release|Any CPU
		{D07C77C0-BE26-461C-BCDE-2184AE91F7BF}.Release|iPhoneSimulator.ActiveCfg = Release|Any CPU
		{D07C77C0-BE26-461C-BCDE-2184AE91F7BF}.Release|iPhoneSimulator.Build.0 = Release|Any CPU
		{D07C77C0-BE26-461C-BCDE-2184AE91F7BF}.Release|iPhoneSimulator.Deploy.0 = Release|Any CPU
		{D07C77C0-BE26-461C-BCDE-2184AE91F7BF}.Release|x64.ActiveCfg = Release|Any CPU
		{D07C77C0-BE26-461C-BCDE-2184AE91F7BF}.Release|x64.Build.0 = Release|Any CPU
		{D07C77C0-BE26-461C-BCDE-2184AE91F7BF}.Release|x64.Deploy.0 = Release|Any CPU
		{D07C77C0-BE26-461C-BCDE-2184AE91F7BF}.Release|x86.ActiveCfg = Release|x86
		{D07C77C0-BE26-461C-BCDE-2184AE91F7BF}.Release|x86.Build.0 = Release|x86
		{D07C77C0-BE26-461C-BCDE-2184AE91F7BF}.Release|x86.Deploy.0 = Release|x86
		{A299A3F3-939F-41A2-AFD4-C1A4C08EBBBB}.Ad-Hoc|Any CPU.ActiveCfg = Release|Any CPU
		{A299A3F3-939F-41A2-AFD4-C1A4C08EBBBB}.Ad-Hoc|Any CPU.Build.0 = Release|Any CPU
		{A299A3F3-939F-41A2-AFD4-C1A4C08EBBBB}.Ad-Hoc|Any CPU.Deploy.0 = Release|Any CPU
		{A299A3F3-939F-41A2-AFD4-C1A4C08EBBBB}.Ad-Hoc|ARM.ActiveCfg = Release|ARM
		{A299A3F3-939F-41A2-AFD4-C1A4C08EBBBB}.Ad-Hoc|ARM.Build.0 = Release|ARM
		{A299A3F3-939F-41A2-AFD4-C1A4C08EBBBB}.Ad-Hoc|ARM.Deploy.0 = Release|ARM
		{A299A3F3-939F-41A2-AFD4-C1A4C08EBBBB}.Ad-Hoc|iPhone.ActiveCfg = Release|Any CPU
		{A299A3F3-939F-41A2-AFD4-C1A4C08EBBBB}.Ad-Hoc|iPhone.Build.0 = Release|Any CPU
		{A299A3F3-939F-41A2-AFD4-C1A4C08EBBBB}.Ad-Hoc|iPhone.Deploy.0 = Release|Any CPU
		{A299A3F3-939F-41A2-AFD4-C1A4C08EBBBB}.Ad-Hoc|iPhoneSimulator.ActiveCfg = Release|Any CPU
		{A299A3F3-939F-41A2-AFD4-C1A4C08EBBBB}.Ad-Hoc|iPhoneSimulator.Build.0 = Release|Any CPU
		{A299A3F3-939F-41A2-AFD4-C1A4C08EBBBB}.Ad-Hoc|iPhoneSimulator.Deploy.0 = Release|Any CPU
		{A299A3F3-939F-41A2-AFD4-C1A4C08EBBBB}.Ad-Hoc|x64.ActiveCfg = Release|x64
		{A299A3F3-939F-41A2-AFD4-C1A4C08EBBBB}.Ad-Hoc|x64.Build.0 = Release|x64
		{A299A3F3-939F-41A2-AFD4-C1A4C08EBBBB}.Ad-Hoc|x64.Deploy.0 = Release|x64
		{A299A3F3-939F-41A2-AFD4-C1A4C08EBBBB}.Ad-Hoc|x86.ActiveCfg = Release|x86
		{A299A3F3-939F-41A2-AFD4-C1A4C08EBBBB}.Ad-Hoc|x86.Build.0 = Release|x86
		{A299A3F3-939F-41A2-AFD4-C1A4C08EBBBB}.Ad-Hoc|x86.Deploy.0 = Release|x86
		{A299A3F3-939F-41A2-AFD4-C1A4C08EBBBB}.AppStore|Any CPU.ActiveCfg = Release|Any CPU
		{A299A3F3-939F-41A2-AFD4-C1A4C08EBBBB}.AppStore|Any CPU.Build.0 = Release|Any CPU
		{A299A3F3-939F-41A2-AFD4-C1A4C08EBBBB}.AppStore|Any CPU.Deploy.0 = Release|Any CPU
		{A299A3F3-939F-41A2-AFD4-C1A4C08EBBBB}.AppStore|ARM.ActiveCfg = Release|ARM
		{A299A3F3-939F-41A2-AFD4-C1A4C08EBBBB}.AppStore|ARM.Build.0 = Release|ARM
		{A299A3F3-939F-41A2-AFD4-C1A4C08EBBBB}.AppStore|ARM.Deploy.0 = Release|ARM
		{A299A3F3-939F-41A2-AFD4-C1A4C08EBBBB}.AppStore|iPhone.ActiveCfg = Release|Any CPU
		{A299A3F3-939F-41A2-AFD4-C1A4C08EBBBB}.AppStore|iPhone.Build.0 = Release|Any CPU
		{A299A3F3-939F-41A2-AFD4-C1A4C08EBBBB}.AppStore|iPhone.Deploy.0 = Release|Any CPU
		{A299A3F3-939F-41A2-AFD4-C1A4C08EBBBB}.AppStore|iPhoneSimulator.ActiveCfg = Release|Any CPU
		{A299A3F3-939F-41A2-AFD4-C1A4C08EBBBB}.AppStore|iPhoneSimulator.Build.0 = Release|Any CPU
		{A299A3F3-939F-41A2-AFD4-C1A4C08EBBBB}.AppStore|iPhoneSimulator.Deploy.0 = Release|Any CPU
		{A299A3F3-939F-41A2-AFD4-C1A4C08EBBBB}.AppStore|x64.ActiveCfg = Release|x64
		{A299A3F3-939F-41A2-AFD4-C1A4C08EBBBB}.AppStore|x64.Build.0 = Release|x64
		{A299A3F3-939F-41A2-AFD4-C1A4C08EBBBB}.AppStore|x64.Deploy.0 = Release|x64
		{A299A3F3-939F-41A2-AFD4-C1A4C08EBBBB}.AppStore|x86.ActiveCfg = Release|x86
		{A299A3F3-939F-41A2-AFD4-C1A4C08EBBBB}.AppStore|x86.Build.0 = Release|x86
		{A299A3F3-939F-41A2-AFD4-C1A4C08EBBBB}.AppStore|x86.Deploy.0 = Release|x86
		{A299A3F3-939F-41A2-AFD4-C1A4C08EBBBB}.Debug|Any CPU.ActiveCfg = Debug|Any CPU
		{A299A3F3-939F-41A2-AFD4-C1A4C08EBBBB}.Debug|Any CPU.Build.0 = Debug|Any CPU
		{A299A3F3-939F-41A2-AFD4-C1A4C08EBBBB}.Debug|Any CPU.Deploy.0 = Debug|Any CPU
		{A299A3F3-939F-41A2-AFD4-C1A4C08EBBBB}.Debug|ARM.ActiveCfg = Debug|ARM
		{A299A3F3-939F-41A2-AFD4-C1A4C08EBBBB}.Debug|ARM.Build.0 = Debug|ARM
		{A299A3F3-939F-41A2-AFD4-C1A4C08EBBBB}.Debug|ARM.Deploy.0 = Debug|ARM
		{A299A3F3-939F-41A2-AFD4-C1A4C08EBBBB}.Debug|iPhone.ActiveCfg = Debug|Any CPU
		{A299A3F3-939F-41A2-AFD4-C1A4C08EBBBB}.Debug|iPhone.Build.0 = Debug|Any CPU
		{A299A3F3-939F-41A2-AFD4-C1A4C08EBBBB}.Debug|iPhone.Deploy.0 = Debug|Any CPU
		{A299A3F3-939F-41A2-AFD4-C1A4C08EBBBB}.Debug|iPhoneSimulator.ActiveCfg = Debug|Any CPU
		{A299A3F3-939F-41A2-AFD4-C1A4C08EBBBB}.Debug|iPhoneSimulator.Build.0 = Debug|Any CPU
		{A299A3F3-939F-41A2-AFD4-C1A4C08EBBBB}.Debug|iPhoneSimulator.Deploy.0 = Debug|Any CPU
		{A299A3F3-939F-41A2-AFD4-C1A4C08EBBBB}.Debug|x64.ActiveCfg = Debug|x64
		{A299A3F3-939F-41A2-AFD4-C1A4C08EBBBB}.Debug|x64.Build.0 = Debug|x64
		{A299A3F3-939F-41A2-AFD4-C1A4C08EBBBB}.Debug|x64.Deploy.0 = Debug|x64
		{A299A3F3-939F-41A2-AFD4-C1A4C08EBBBB}.Debug|x86.ActiveCfg = Debug|x86
		{A299A3F3-939F-41A2-AFD4-C1A4C08EBBBB}.Debug|x86.Build.0 = Debug|x86
		{A299A3F3-939F-41A2-AFD4-C1A4C08EBBBB}.Debug|x86.Deploy.0 = Debug|x86
		{A299A3F3-939F-41A2-AFD4-C1A4C08EBBBB}.Release|Any CPU.ActiveCfg = Release|Any CPU
		{A299A3F3-939F-41A2-AFD4-C1A4C08EBBBB}.Release|Any CPU.Build.0 = Release|Any CPU
		{A299A3F3-939F-41A2-AFD4-C1A4C08EBBBB}.Release|Any CPU.Deploy.0 = Release|Any CPU
		{A299A3F3-939F-41A2-AFD4-C1A4C08EBBBB}.Release|ARM.ActiveCfg = Release|ARM
		{A299A3F3-939F-41A2-AFD4-C1A4C08EBBBB}.Release|ARM.Build.0 = Release|ARM
		{A299A3F3-939F-41A2-AFD4-C1A4C08EBBBB}.Release|ARM.Deploy.0 = Release|ARM
		{A299A3F3-939F-41A2-AFD4-C1A4C08EBBBB}.Release|iPhone.ActiveCfg = Release|Any CPU
		{A299A3F3-939F-41A2-AFD4-C1A4C08EBBBB}.Release|iPhone.Build.0 = Release|Any CPU
		{A299A3F3-939F-41A2-AFD4-C1A4C08EBBBB}.Release|iPhone.Deploy.0 = Release|Any CPU
		{A299A3F3-939F-41A2-AFD4-C1A4C08EBBBB}.Release|iPhoneSimulator.ActiveCfg = Release|Any CPU
		{A299A3F3-939F-41A2-AFD4-C1A4C08EBBBB}.Release|iPhoneSimulator.Build.0 = Release|Any CPU
		{A299A3F3-939F-41A2-AFD4-C1A4C08EBBBB}.Release|iPhoneSimulator.Deploy.0 = Release|Any CPU
		{A299A3F3-939F-41A2-AFD4-C1A4C08EBBBB}.Release|x64.ActiveCfg = Release|x64
		{A299A3F3-939F-41A2-AFD4-C1A4C08EBBBB}.Release|x64.Build.0 = Release|x64
		{A299A3F3-939F-41A2-AFD4-C1A4C08EBBBB}.Release|x64.Deploy.0 = Release|x64
		{A299A3F3-939F-41A2-AFD4-C1A4C08EBBBB}.Release|x86.ActiveCfg = Release|x86
		{A299A3F3-939F-41A2-AFD4-C1A4C08EBBBB}.Release|x86.Build.0 = Release|x86
		{A299A3F3-939F-41A2-AFD4-C1A4C08EBBBB}.Release|x86.Deploy.0 = Release|x86
		{43324787-2D34-4AEA-BCD9-703BE4C9BC36}.Ad-Hoc|Any CPU.ActiveCfg = Release|Any CPU
		{43324787-2D34-4AEA-BCD9-703BE4C9BC36}.Ad-Hoc|Any CPU.Build.0 = Release|Any CPU
		{43324787-2D34-4AEA-BCD9-703BE4C9BC36}.Ad-Hoc|ARM.ActiveCfg = Release|Any CPU
		{43324787-2D34-4AEA-BCD9-703BE4C9BC36}.Ad-Hoc|ARM.Build.0 = Release|Any CPU
		{43324787-2D34-4AEA-BCD9-703BE4C9BC36}.Ad-Hoc|iPhone.ActiveCfg = Release|Any CPU
		{43324787-2D34-4AEA-BCD9-703BE4C9BC36}.Ad-Hoc|iPhone.Build.0 = Release|Any CPU
		{43324787-2D34-4AEA-BCD9-703BE4C9BC36}.Ad-Hoc|iPhoneSimulator.ActiveCfg = Release|Any CPU
		{43324787-2D34-4AEA-BCD9-703BE4C9BC36}.Ad-Hoc|iPhoneSimulator.Build.0 = Release|Any CPU
		{43324787-2D34-4AEA-BCD9-703BE4C9BC36}.Ad-Hoc|x64.ActiveCfg = Release|Any CPU
		{43324787-2D34-4AEA-BCD9-703BE4C9BC36}.Ad-Hoc|x64.Build.0 = Release|Any CPU
		{43324787-2D34-4AEA-BCD9-703BE4C9BC36}.Ad-Hoc|x86.ActiveCfg = Release|Any CPU
		{43324787-2D34-4AEA-BCD9-703BE4C9BC36}.Ad-Hoc|x86.Build.0 = Release|Any CPU
		{43324787-2D34-4AEA-BCD9-703BE4C9BC36}.AppStore|Any CPU.ActiveCfg = Release|Any CPU
		{43324787-2D34-4AEA-BCD9-703BE4C9BC36}.AppStore|Any CPU.Build.0 = Release|Any CPU
		{43324787-2D34-4AEA-BCD9-703BE4C9BC36}.AppStore|ARM.ActiveCfg = Release|Any CPU
		{43324787-2D34-4AEA-BCD9-703BE4C9BC36}.AppStore|ARM.Build.0 = Release|Any CPU
		{43324787-2D34-4AEA-BCD9-703BE4C9BC36}.AppStore|iPhone.ActiveCfg = Release|Any CPU
		{43324787-2D34-4AEA-BCD9-703BE4C9BC36}.AppStore|iPhone.Build.0 = Release|Any CPU
		{43324787-2D34-4AEA-BCD9-703BE4C9BC36}.AppStore|iPhoneSimulator.ActiveCfg = Release|Any CPU
		{43324787-2D34-4AEA-BCD9-703BE4C9BC36}.AppStore|iPhoneSimulator.Build.0 = Release|Any CPU
		{43324787-2D34-4AEA-BCD9-703BE4C9BC36}.AppStore|x64.ActiveCfg = Release|Any CPU
		{43324787-2D34-4AEA-BCD9-703BE4C9BC36}.AppStore|x64.Build.0 = Release|Any CPU
		{43324787-2D34-4AEA-BCD9-703BE4C9BC36}.AppStore|x86.ActiveCfg = Release|Any CPU
		{43324787-2D34-4AEA-BCD9-703BE4C9BC36}.AppStore|x86.Build.0 = Release|Any CPU
		{43324787-2D34-4AEA-BCD9-703BE4C9BC36}.Debug|Any CPU.ActiveCfg = Debug|Any CPU
		{43324787-2D34-4AEA-BCD9-703BE4C9BC36}.Debug|Any CPU.Build.0 = Debug|Any CPU
		{43324787-2D34-4AEA-BCD9-703BE4C9BC36}.Debug|ARM.ActiveCfg = Debug|Any CPU
		{43324787-2D34-4AEA-BCD9-703BE4C9BC36}.Debug|ARM.Build.0 = Debug|Any CPU
		{43324787-2D34-4AEA-BCD9-703BE4C9BC36}.Debug|iPhone.ActiveCfg = Debug|Any CPU
		{43324787-2D34-4AEA-BCD9-703BE4C9BC36}.Debug|iPhone.Build.0 = Debug|Any CPU
		{43324787-2D34-4AEA-BCD9-703BE4C9BC36}.Debug|iPhoneSimulator.ActiveCfg = Debug|Any CPU
		{43324787-2D34-4AEA-BCD9-703BE4C9BC36}.Debug|iPhoneSimulator.Build.0 = Debug|Any CPU
		{43324787-2D34-4AEA-BCD9-703BE4C9BC36}.Debug|x64.ActiveCfg = Debug|Any CPU
		{43324787-2D34-4AEA-BCD9-703BE4C9BC36}.Debug|x64.Build.0 = Debug|Any CPU
		{43324787-2D34-4AEA-BCD9-703BE4C9BC36}.Debug|x86.ActiveCfg = Debug|Any CPU
		{43324787-2D34-4AEA-BCD9-703BE4C9BC36}.Debug|x86.Build.0 = Debug|Any CPU
		{43324787-2D34-4AEA-BCD9-703BE4C9BC36}.Release|Any CPU.ActiveCfg = Release|Any CPU
		{43324787-2D34-4AEA-BCD9-703BE4C9BC36}.Release|Any CPU.Build.0 = Release|Any CPU
		{43324787-2D34-4AEA-BCD9-703BE4C9BC36}.Release|ARM.ActiveCfg = Release|Any CPU
		{43324787-2D34-4AEA-BCD9-703BE4C9BC36}.Release|ARM.Build.0 = Release|Any CPU
		{43324787-2D34-4AEA-BCD9-703BE4C9BC36}.Release|iPhone.ActiveCfg = Release|Any CPU
		{43324787-2D34-4AEA-BCD9-703BE4C9BC36}.Release|iPhone.Build.0 = Release|Any CPU
		{43324787-2D34-4AEA-BCD9-703BE4C9BC36}.Release|iPhoneSimulator.ActiveCfg = Release|Any CPU
		{43324787-2D34-4AEA-BCD9-703BE4C9BC36}.Release|iPhoneSimulator.Build.0 = Release|Any CPU
		{43324787-2D34-4AEA-BCD9-703BE4C9BC36}.Release|x64.ActiveCfg = Release|Any CPU
		{43324787-2D34-4AEA-BCD9-703BE4C9BC36}.Release|x64.Build.0 = Release|Any CPU
		{43324787-2D34-4AEA-BCD9-703BE4C9BC36}.Release|x86.ActiveCfg = Release|Any CPU
		{43324787-2D34-4AEA-BCD9-703BE4C9BC36}.Release|x86.Build.0 = Release|Any CPU
	EndGlobalSection
	GlobalSection(SolutionProperties) = preSolution
		HideSolutionNode = FALSE
	EndGlobalSection
EndGlobal
